// This lockfile was autogenerated by Pants. To regenerate, run:
//
//    pants generate-lockfiles --resolve=python-kernel
//
// --- BEGIN PANTS LOCKFILE METADATA: DO NOT EDIT OR REMOVE ---
// {
//   "version": 3,
//   "valid_for_interpreter_constraints": [
//     "CPython==3.12.8"
//   ],
//   "generated_with_requirements": [
//     "attrs~=23.2",
//     "janus~=1.0",
//     "jupyter-client~=8.6.1",
//     "msgpack~=1.0",
//     "pyzmq~=25.1",
//     "setproctitle~=1.3.3",
//     "types-python-dateutil",
//     "uvloop~=0.19"
//   ],
//   "manylinux": "manylinux2014",
//   "requirement_constraints": [],
//   "only_binary": [],
//   "no_binary": []
// }
// --- END PANTS LOCKFILE METADATA ---

{
  "allow_builds": true,
  "allow_prereleases": false,
  "allow_wheels": true,
  "build_isolation": true,
  "constraints": [],
  "elide_unused_requires_dist": false,
  "excluded": [],
  "locked_resolves": [
    {
      "locked_requirements": [
        {
          "artifacts": [
            {
              "algorithm": "sha256",
              "hash": "99b87a485a5820b23b879f04c2305b44b951b502fd64be915879d77a7e8fc6f1",
              "url": "https://files.pythonhosted.org/packages/e0/44/827b2a91a5816512fcaf3cc4ebc465ccd5d598c45cefa6703fcf4a79018f/attrs-23.2.0-py3-none-any.whl"
            },
            {
              "algorithm": "sha256",
              "hash": "935dc3b529c262f6cf76e50877d35a4bd3c1de194fd41f47a2b7ae8f19971f30",
              "url": "https://files.pythonhosted.org/packages/e3/fc/f800d51204003fa8ae392c4e8278f256206e7a919b708eef054f5f4b650d/attrs-23.2.0.tar.gz"
            }
          ],
          "project_name": "attrs",
          "requires_dists": [
            "attrs[tests-mypy]; extra == \"tests-no-zope\"",
            "attrs[tests-no-zope]; extra == \"tests\"",
            "attrs[tests]; extra == \"cov\"",
            "attrs[tests]; extra == \"dev\"",
            "cloudpickle; platform_python_implementation == \"CPython\" and extra == \"tests-no-zope\"",
            "coverage[toml]>=5.3; extra == \"cov\"",
            "furo; extra == \"docs\"",
            "hypothesis; extra == \"tests-no-zope\"",
            "importlib-metadata; python_version < \"3.8\"",
            "mypy>=1.6; (platform_python_implementation == \"CPython\" and python_version >= \"3.8\") and extra == \"tests-mypy\"",
            "myst-parser; extra == \"docs\"",
            "pre-commit; extra == \"dev\"",
            "pympler; extra == \"tests-no-zope\"",
            "pytest-mypy-plugins; (platform_python_implementation == \"CPython\" and python_version >= \"3.8\") and extra == \"tests-mypy\"",
            "pytest-xdist[psutil]; extra == \"tests-no-zope\"",
            "pytest>=4.3.0; extra == \"tests-no-zope\"",
            "sphinx-notfound-page; extra == \"docs\"",
            "sphinx; extra == \"docs\"",
            "sphinxcontrib-towncrier; extra == \"docs\"",
            "towncrier; extra == \"docs\"",
            "zope-interface; extra == \"docs\"",
            "zope-interface; extra == \"tests\""
          ],
          "requires_python": ">=3.7",
          "version": "23.2.0"
        },
        {
          "artifacts": [
            {
              "algorithm": "sha256",
              "hash": "4ceb10419a9adf4460ea14cfd6bc43d08701f0835e979bf821052f1805850fe8",
              "url": "https://files.pythonhosted.org/packages/d4/38/ca8a4f639065f14ae0f1d9751e70447a261f1a30fa7547a828ae08142465/cffi-1.17.1-cp312-cp312-musllinux_1_1_x86_64.whl"
            },
            {
              "algorithm": "sha256",
              "hash": "386c8bf53c502fff58903061338ce4f4950cbdcb23e2902d86c0f722b786bbe3",
              "url": "https://files.pythonhosted.org/packages/0b/ac/2a28bcf513e93a219c8a4e8e125534f4f6db03e3179ba1c45e949b76212c/cffi-1.17.1-cp312-cp312-musllinux_1_1_aarch64.whl"
            },
            {
              "algorithm": "sha256",
              "hash": "da95af8214998d77a98cc14e3a3bd00aa191526343078b530ceb0bd710fb48a5",
              "url": "https://files.pythonhosted.org/packages/1a/df/f8d151540d8c200eb1c6fba8cd0dfd40904f1b0682ea705c36e6c2e97ab3/cffi-1.17.1-cp312-cp312-manylinux_2_17_aarch64.manylinux2014_aarch64.whl"
            },
            {
              "algorithm": "sha256",
              "hash": "d63afe322132c194cf832bfec0dc69a99fb9bb6bbd550f161a49e9e855cc78ff",
              "url": "https://files.pythonhosted.org/packages/28/c0/b31116332a547fd2677ae5b78a2ef662dfc8023d67f41b2a83f7c2aa78b1/cffi-1.17.1-cp312-cp312-manylinux_2_17_ppc64le.manylinux2014_ppc64le.whl"
            },
            {
              "algorithm": "sha256",
              "hash": "805b4371bf7197c329fcb3ead37e710d1bca9da5d583f5073b799d5c5bd1eee4",
              "url": "https://files.pythonhosted.org/packages/5a/84/e94227139ee5fb4d600a7a4927f322e1d4aea6fdc50bd3fca8493caba23f/cffi-1.17.1-cp312-cp312-macosx_10_9_x86_64.whl"
            },
            {
              "algorithm": "sha256",
              "hash": "f79fc4fc25f1c8698ff97788206bb3c2598949bfe0fef03d299eb1b5356ada99",
              "url": "https://files.pythonhosted.org/packages/91/2b/9a1ddfa5c7f13cab007a2c9cc295b70fbbda7cb10a286aa6810338e60ea1/cffi-1.17.1-cp312-cp312-manylinux_2_17_s390x.manylinux2014_s390x.whl"
            },
            {
              "algorithm": "sha256",
              "hash": "b62ce867176a75d03a665bad002af8e6d54644fad99a3c70905c543130e39d93",
              "url": "https://files.pythonhosted.org/packages/b2/d5/da47df7004cb17e4955df6a43d14b3b4ae77737dff8bf7f8f333196717bf/cffi-1.17.1-cp312-cp312-manylinux_2_17_x86_64.manylinux2014_x86_64.whl"
            },
            {
              "algorithm": "sha256",
              "hash": "1257bdabf294dceb59f5e70c64a3e2f462c30c7ad68092d01bbbfb1c16b1ba36",
              "url": "https://files.pythonhosted.org/packages/cc/b6/db007700f67d151abadf508cbfd6a1884f57eab90b1bb985c4c8c02b0f28/cffi-1.17.1-cp312-cp312-manylinux_2_12_i686.manylinux2010_i686.manylinux_2_17_i686.manylinux2014_i686.whl"
            },
            {
              "algorithm": "sha256",
              "hash": "733e99bc2df47476e3848417c5a4540522f234dfd4ef3ab7fafdf555b082ec0c",
              "url": "https://files.pythonhosted.org/packages/da/ee/fb72c2b48656111c4ef27f0f91da355e130a923473bf5ee75c5643d00cca/cffi-1.17.1-cp312-cp312-macosx_11_0_arm64.whl"
            },
            {
              "algorithm": "sha256",
              "hash": "1c39c6016c32bc48dd54561950ebd6836e1670f2ae46128f67cf49e789c52824",
              "url": "https://files.pythonhosted.org/packages/fc/97/c783634659c2920c3fc70419e3af40972dbaf758daa229a7d6ea6135c90d/cffi-1.17.1.tar.gz"
            }
          ],
          "project_name": "cffi",
          "requires_dists": [
            "pycparser"
          ],
          "requires_python": ">=3.8",
          "version": "1.17.1"
        },
        {
          "artifacts": [
            {
              "algorithm": "sha256",
              "hash": "3fa91456c00caed4905821a911e95c69d41306e463ea8da72c76c7a096abc698",
              "url": "https://files.pythonhosted.org/packages/d0/d6/6b3ac4df8d0e928521fe7d49cff8f3274b5012975ec0bdbb968ae50531aa/janus-1.2.0-py3-none-any.whl"
            },
            {
              "algorithm": "sha256",
              "hash": "c03475c3e10e042f2a08d31a7a894df2a2a95845ff794b7265e7e9c10a425e5d",
              "url": "https://files.pythonhosted.org/packages/d8/1f/5100f13bc13e24a041f60757b097b3c7c31cf8a08c1c1ef1f1caa2516f22/janus-1.2.0.tar.gz"
            }
          ],
          "project_name": "janus",
          "requires_dists": [],
          "requires_python": ">=3.9",
          "version": "1.2.0"
        },
        {
          "artifacts": [
            {
              "algorithm": "sha256",
              "hash": "e8a19cc986cc45905ac3362915f410f3af85424b4c0905e94fa5f2cb08e8f23f",
              "url": "https://files.pythonhosted.org/packages/11/85/b0394e0b6fcccd2c1eeefc230978a6f8cb0c5df1e4cd3e7625735a0d7d1e/jupyter_client-8.6.3-py3-none-any.whl"
            },
            {
              "algorithm": "sha256",
              "hash": "35b3a0947c4a6e9d589eb97d7d4cd5e90f910ee73101611f01283732bd6d9419",
              "url": "https://files.pythonhosted.org/packages/71/22/bf9f12fdaeae18019a468b68952a60fe6dbab5d67cd2a103cac7659b41ca/jupyter_client-8.6.3.tar.gz"
            }
          ],
          "project_name": "jupyter-client",
          "requires_dists": [
            "coverage; extra == \"test\"",
            "importlib-metadata>=4.8.3; python_version < \"3.10\"",
            "ipykernel; extra == \"docs\"",
            "ipykernel>=6.14; extra == \"test\"",
            "jupyter-core!=5.0.*,>=4.12",
            "mypy; extra == \"test\"",
            "myst-parser; extra == \"docs\"",
            "paramiko; sys_platform == \"win32\" and extra == \"test\"",
            "pre-commit; extra == \"test\"",
            "pydata-sphinx-theme; extra == \"docs\"",
            "pytest-cov; extra == \"test\"",
            "pytest-jupyter[client]>=0.4.1; extra == \"test\"",
            "pytest-timeout; extra == \"test\"",
            "pytest<8.2.0; extra == \"test\"",
            "python-dateutil>=2.8.2",
            "pyzmq>=23.0",
            "sphinx-autodoc-typehints; extra == \"docs\"",
            "sphinx>=4; extra == \"docs\"",
            "sphinxcontrib-github-alt; extra == \"docs\"",
            "sphinxcontrib-spelling; extra == \"docs\"",
            "tornado>=6.2",
            "traitlets>=5.3"
          ],
          "requires_python": ">=3.8",
          "version": "8.6.3"
        },
        {
          "artifacts": [
            {
              "algorithm": "sha256",
              "hash": "4f7315d2f6b4bcf2e3e7cb6e46772eba760ae459cd1f59d29eb57b0a01bd7409",
              "url": "https://files.pythonhosted.org/packages/c9/fb/108ecd1fe961941959ad0ee4e12ee7b8b1477247f30b1fdfd83ceaf017f0/jupyter_core-5.7.2-py3-none-any.whl"
            },
            {
              "algorithm": "sha256",
              "hash": "aa5f8d32bbf6b431ac830496da7392035d6f61b4f54872f15c4bd2a9c3f536d9",
              "url": "https://files.pythonhosted.org/packages/00/11/b56381fa6c3f4cc5d2cf54a7dbf98ad9aa0b339ef7a601d6053538b079a7/jupyter_core-5.7.2.tar.gz"
            }
          ],
          "project_name": "jupyter-core",
          "requires_dists": [
            "ipykernel; extra == \"test\"",
            "myst-parser; extra == \"docs\"",
            "platformdirs>=2.5",
            "pre-commit; extra == \"test\"",
            "pydata-sphinx-theme; extra == \"docs\"",
            "pytest-cov; extra == \"test\"",
            "pytest-timeout; extra == \"test\"",
            "pytest<8; extra == \"test\"",
            "pywin32>=300; sys_platform == \"win32\" and platform_python_implementation != \"PyPy\"",
            "sphinx-autodoc-typehints; extra == \"docs\"",
            "sphinxcontrib-github-alt; extra == \"docs\"",
            "sphinxcontrib-spelling; extra == \"docs\"",
            "traitlets; extra == \"docs\"",
            "traitlets>=5.3"
          ],
          "requires_python": ">=3.8",
          "version": "5.7.2"
        },
        {
          "artifacts": [
            {
              "algorithm": "sha256",
              "hash": "06f5fd2f6bb2a7914922d935d3b8bb4a7fff3a9a91cfce6d06c13bc42bec975b",
              "url": "https://files.pythonhosted.org/packages/23/f0/d4101d4da054f04274995ddc4086c2715d9b93111eb9ed49686c0f7ccc8a/msgpack-1.1.0-cp312-cp312-musllinux_1_2_x86_64.whl"
            },
            {
              "algorithm": "sha256",
              "hash": "58dfc47f8b102da61e8949708b3eafc3504509a5728f8b4ddef84bd9e16ad420",
              "url": "https://files.pythonhosted.org/packages/28/51/da7f3ae4462e8bb98af0d5bdf2707f1b8c65a0d4f496e46b6afb06cbc286/msgpack-1.1.0-cp312-cp312-macosx_11_0_arm64.whl"
            },
            {
              "algorithm": "sha256",
              "hash": "4676e5be1b472909b2ee6356ff425ebedf5142427842aa06b4dfd5117d1ca8a2",
              "url": "https://files.pythonhosted.org/packages/33/af/dc95c4b2a49cff17ce47611ca9ba218198806cad7796c0b01d1e332c86bb/msgpack-1.1.0-cp312-cp312-manylinux_2_17_aarch64.manylinux2014_aarch64.whl"
            },
            {
              "algorithm": "sha256",
              "hash": "2137773500afa5494a61b1208619e3871f75f27b03bcfca7b3a7023284140247",
              "url": "https://files.pythonhosted.org/packages/57/52/406795ba478dc1c890559dd4e89280fa86506608a28ccf3a72fbf45df9f5/msgpack-1.1.0-cp312-cp312-musllinux_1_2_aarch64.whl"
            },
            {
              "algorithm": "sha256",
              "hash": "5dbad74103df937e1325cc4bfeaf57713be0b4f15e1c2da43ccdd836393e2ea2",
              "url": "https://files.pythonhosted.org/packages/70/da/5312b067f6773429cec2f8f08b021c06af416bba340c912c2ec778539ed6/msgpack-1.1.0-cp312-cp312-macosx_10_9_x86_64.whl"
            },
            {
              "algorithm": "sha256",
              "hash": "a51abd48c6d8ac89e0cfd4fe177c61481aca2d5e7ba42044fd218cfd8ea9899f",
              "url": "https://files.pythonhosted.org/packages/97/8c/e333690777bd33919ab7024269dc3c41c76ef5137b211d776fbb404bfead/msgpack-1.1.0-cp312-cp312-manylinux_2_5_i686.manylinux1_i686.manylinux_2_17_i686.manylinux2014_i686.whl"
            },
            {
              "algorithm": "sha256",
              "hash": "dd432ccc2c72b914e4cb77afce64aab761c1137cc698be3984eee260bcb2896e",
              "url": "https://files.pythonhosted.org/packages/cb/d0/7555686ae7ff5731205df1012ede15dd9d927f6227ea151e901c7406af4f/msgpack-1.1.0.tar.gz"
            },
            {
              "algorithm": "sha256",
              "hash": "d46cf9e3705ea9485687aa4001a76e44748b609d260af21c4ceea7f2212a501d",
              "url": "https://files.pythonhosted.org/packages/e1/d6/716b7ca1dbde63290d2973d22bbef1b5032ca634c3ff4384a958ec3f093a/msgpack-1.1.0-cp312-cp312-macosx_10_9_universal2.whl"
            },
            {
              "algorithm": "sha256",
              "hash": "398b713459fea610861c8a7b62a6fec1882759f308ae0795b5413ff6a160cf3c",
              "url": "https://files.pythonhosted.org/packages/e7/69/053b6549bf90a3acadcd8232eae03e2fefc87f066a5b9fbb37e2e608859f/msgpack-1.1.0-cp312-cp312-musllinux_1_2_i686.whl"
            },
            {
              "algorithm": "sha256",
              "hash": "17fb65dd0bec285907f68b15734a993ad3fc94332b5bb21b0435846228de1f39",
              "url": "https://files.pythonhosted.org/packages/f1/54/65af8de681fa8255402c80eda2a501ba467921d5a7a028c9c22a2c2eedb5/msgpack-1.1.0-cp312-cp312-manylinux_2_17_x86_64.manylinux2014_x86_64.whl"
            }
          ],
          "project_name": "msgpack",
          "requires_dists": [],
          "requires_python": ">=3.8",
          "version": "1.1.0"
        },
        {
          "artifacts": [
            {
              "algorithm": "sha256",
              "hash": "a03875334331946f13c549dbd8f4bac7a13a50a895a0eb1e8c6a8ace80d40a94",
              "url": "https://files.pythonhosted.org/packages/6d/45/59578566b3275b8fd9157885918fcd0c4d74162928a5310926887b856a51/platformdirs-4.3.7-py3-none-any.whl"
            },
            {
              "algorithm": "sha256",
              "hash": "eb437d586b6a0986388f0d6f74aa0cde27b48d0e3d66843640bfb6bdcdb6e351",
              "url": "https://files.pythonhosted.org/packages/b6/2d/7d512a3913d60623e7eb945c6d1b4f0bddf1d0b7ada5225274c87e5b53d1/platformdirs-4.3.7.tar.gz"
            }
          ],
          "project_name": "platformdirs",
          "requires_dists": [
            "appdirs==1.4.4; extra == \"test\"",
            "covdefaults>=2.3; extra == \"test\"",
            "furo>=2024.8.6; extra == \"docs\"",
            "mypy>=1.14.1; extra == \"type\"",
            "proselint>=0.14; extra == \"docs\"",
            "pytest-cov>=6; extra == \"test\"",
            "pytest-mock>=3.14; extra == \"test\"",
            "pytest>=8.3.4; extra == \"test\"",
            "sphinx-autodoc-typehints>=3; extra == \"docs\"",
            "sphinx>=8.1.3; extra == \"docs\""
          ],
          "requires_python": ">=3.9",
          "version": "4.3.7"
        },
        {
          "artifacts": [
            {
              "algorithm": "sha256",
              "hash": "c3702b6d3dd8c7abc1afa565d7e63d53a1d0bd86cdc24edd75470f4de499cfcc",
              "url": "https://files.pythonhosted.org/packages/13/a3/a812df4e2dd5696d1f351d58b8fe16a405b234ad2886a0dab9183fb78109/pycparser-2.22-py3-none-any.whl"
            },
            {
              "algorithm": "sha256",
              "hash": "491c8be9c040f5390f5bf44a5b07752bd07f56edf992381b05c701439eec10f6",
              "url": "https://files.pythonhosted.org/packages/1d/b2/31537cf4b1ca988837256c910a668b553fceb8f069bedc4b1c826024b52c/pycparser-2.22.tar.gz"
            }
          ],
          "project_name": "pycparser",
          "requires_dists": [],
          "requires_python": ">=3.8",
          "version": "2.22"
        },
        {
          "artifacts": [
            {
              "algorithm": "sha256",
              "hash": "a8b2bc7bffae282281c8140a97d3aa9c14da0b136dfe83f850eea9a5f7470427",
              "url": "https://files.pythonhosted.org/packages/ec/57/56b9bcc3c9c6a792fcbaf139543cee77261f3651ca9da0c93f5c1221264b/python_dateutil-2.9.0.post0-py2.py3-none-any.whl"
            },
            {
              "algorithm": "sha256",
              "hash": "37dd54208da7e1cd875388217d5e00ebd4179249f90fb72437e91a35459a0ad3",
              "url": "https://files.pythonhosted.org/packages/66/c0/0c8b6ad9f17a802ee498c46e004a0eb49bc148f2fd230864601a86dcf6db/python-dateutil-2.9.0.post0.tar.gz"
            }
          ],
          "project_name": "python-dateutil",
          "requires_dists": [
            "six>=1.5"
          ],
          "requires_python": "!=3.0.*,!=3.1.*,!=3.2.*,>=2.7",
          "version": "2.9.0.post0"
        },
        {
          "artifacts": [
            {
              "algorithm": "sha256",
              "hash": "b264bf2cc96b5bc43ce0e852be995e400376bd87ceb363822e2cb1964fcdc737",
              "url": "https://files.pythonhosted.org/packages/cf/49/54d7e8bb3df82a3509325b11491d33450dc91580d4826b62fa5e554bb9cf/pyzmq-25.1.2-cp312-cp312-musllinux_1_1_x86_64.whl"
            },
            {
              "algorithm": "sha256",
              "hash": "93f1aa311e8bb912e34f004cf186407a4e90eec4f0ecc0efd26056bf7eda0226",
              "url": "https://files.pythonhosted.org/packages/3a/33/1a3683fc9a4bd64d8ccc0290da75c8f042184a1a49c146d28398414d3341/pyzmq-25.1.2.tar.gz"
            },
            {
              "algorithm": "sha256",
              "hash": "f8429b17cbb746c3e043cb986328da023657e79d5ed258b711c06a70c2ea7537",
              "url": "https://files.pythonhosted.org/packages/3a/f1/e296d5a507eac519d1fe1382851b1a4575f690bc2b2d2c8eca2ed7e4bd1f/pyzmq-25.1.2-cp312-cp312-manylinux_2_28_x86_64.whl"
            },
            {
              "algorithm": "sha256",
              "hash": "fc31baa0c32a2ca660784d5af3b9487e13b61b3032cb01a115fce6588e1bed30",
              "url": "https://files.pythonhosted.org/packages/40/aa/ae292bd85deda637230970bbc53c1dc53696a99e82fc7cd6d373ec173853/pyzmq-25.1.2-cp312-cp312-manylinux_2_17_i686.manylinux2014_i686.whl"
            },
            {
              "algorithm": "sha256",
              "hash": "5074adeacede5f810b7ef39607ee59d94e948b4fd954495bdb072f8c54558181",
              "url": "https://files.pythonhosted.org/packages/56/63/5c2abb556ab4cf013d98e01782d5bd642238a0ed9b019e965a7d7e957f56/pyzmq-25.1.2-cp312-cp312-musllinux_1_1_aarch64.whl"
            },
            {
              "algorithm": "sha256",
              "hash": "313c3794d650d1fccaaab2df942af9f2c01d6217c846177cfcbc693c7410839e",
              "url": "https://files.pythonhosted.org/packages/68/62/d365773edf56ad71993579ee574105f02f83530caf600ebf28bea15d88d0/pyzmq-25.1.2-cp312-cp312-macosx_10_9_x86_64.whl"
            },
            {
              "algorithm": "sha256",
              "hash": "11e70516688190e9c2db14fcf93c04192b02d457b582a1f6190b154691b4c93a",
              "url": "https://files.pythonhosted.org/packages/6e/f0/d71cf69dc039c9adc8b625efc3bad3684f3660a570e47f0f0c64df787b41/pyzmq-25.1.2-cp312-cp312-macosx_10_15_universal2.whl"
            },
            {
              "algorithm": "sha256",
              "hash": "1b3cbba2f47062b85fe0ef9de5b987612140a9ba3a9c6d2543c6dec9f7c2ab27",
              "url": "https://files.pythonhosted.org/packages/72/55/cc3163e20f40615a49245fa7041badec6103e8ee7e482dbb0feea00a7b84/pyzmq-25.1.2-cp312-cp312-manylinux_2_17_aarch64.manylinux2014_aarch64.whl"
            },
            {
              "algorithm": "sha256",
              "hash": "02c9087b109070c5ab0b383079fa1b5f797f8d43e9a66c07a4b8b8bdecfd88ee",
              "url": "https://files.pythonhosted.org/packages/93/b7/6e291eafbbbc66d0e87658dd21383ec2b4ab35edcfb283902c580a6db76f/pyzmq-25.1.2-cp312-cp312-manylinux_2_17_x86_64.manylinux2014_x86_64.whl"
            },
            {
              "algorithm": "sha256",
              "hash": "7ae8f354b895cbd85212da245f1a5ad8159e7840e37d78b476bb4f4c3f32a9fe",
              "url": "https://files.pythonhosted.org/packages/b1/71/5dba5f6b12ef54fb977c9b9279075e151c04fc0dd6851e9663d9e66b593f/pyzmq-25.1.2-cp312-cp312-musllinux_1_1_i686.whl"
            }
          ],
          "project_name": "pyzmq",
          "requires_dists": [
            "cffi; implementation_name == \"pypy\""
          ],
          "requires_python": ">=3.6",
          "version": "25.1.2"
        },
        {
          "artifacts": [
            {
              "algorithm": "sha256",
              "hash": "f3b5e2eacd572444770026c9dd3ddc7543ce427cdf452d40a408d1e95beefb30",
              "url": "https://files.pythonhosted.org/packages/6e/08/13b561085d2de53b9becfa5578545d99114e9ff2aa3dc151bcaadf80b17e/setproctitle-1.3.5-cp312-cp312-musllinux_1_2_x86_64.whl"
            },
            {
              "algorithm": "sha256",
              "hash": "50cfbf86b9c63a2c2903f1231f0a58edeb775e651ae1af84eec8430b0571f29b",
              "url": "https://files.pythonhosted.org/packages/13/ee/e1f27bf52d2bec7060bb6311ab0ccede8de98ed5394e3a59e7a14a453fb5/setproctitle-1.3.5-cp312-cp312-musllinux_1_2_ppc64le.whl"
            },
            {
              "algorithm": "sha256",
              "hash": "0b91e68e6685998e6353f296100ecabc313a6cb3e413d66a03d74b988b61f5ff",
              "url": "https://files.pythonhosted.org/packages/15/13/167cdd55e00a8e10b36aad79646c3bf3c23fba0c08a9b8db9b74622c1b13/setproctitle-1.3.5-cp312-cp312-manylinux_2_17_ppc64le.manylinux2014_ppc64le.whl"
            },
            {
              "algorithm": "sha256",
              "hash": "523424b9be4dea97d95b8a584b183f35c7bab2d0a3d995b01febf5b8a8de90e4",
              "url": "https://files.pythonhosted.org/packages/2b/19/04755958495de57e4891de50f03e77b3fe9ca6716a86de00faa00ad0ee5a/setproctitle-1.3.5-cp312-cp312-macosx_10_13_universal2.whl"
            },
            {
              "algorithm": "sha256",
              "hash": "ea6c505264275a43e9b2acd2acfc11ac33caf52bc3167c9fced4418a810f6b1c",
              "url": "https://files.pythonhosted.org/packages/36/d6/e90e23b4627e016a4f862d4f892be92c9765dd6bf1e27a48e52cd166d4a3/setproctitle-1.3.5-cp312-cp312-manylinux_2_17_aarch64.manylinux2014_aarch64.whl"
            },
            {
              "algorithm": "sha256",
              "hash": "828727d220e46f048b82289018300a64547b46aaed96bf8810c05fe105426b41",
              "url": "https://files.pythonhosted.org/packages/52/79/78b05c7d792c9167b917acdab1773b1ff73b016560f45d8155be2baa1a82/setproctitle-1.3.5-cp312-cp312-manylinux_2_5_x86_64.manylinux1_x86_64.manylinux_2_17_x86_64.manylinux2014_x86_64.whl"
            },
            {
              "algorithm": "sha256",
              "hash": "6d8a411e752e794d052434139ca4234ffeceeb8d8d8ddc390a9051d7942b2726",
              "url": "https://files.pythonhosted.org/packages/72/e7/b394c55934b89f00c2ef7d5e6f18cca5d8dfa26ef628700c4de0c85e3f3d/setproctitle-1.3.5-cp312-cp312-musllinux_1_2_i686.whl"
            },
            {
              "algorithm": "sha256",
              "hash": "bc1fda208ae3a2285ad27aeab44c41daf2328abe58fa3270157a739866779199",
              "url": "https://files.pythonhosted.org/packages/9b/22/574a110527df133409a75053b7d6ff740993ccf30b8713d042f26840d351/setproctitle-1.3.5-cp312-cp312-manylinux_2_5_i686.manylinux1_i686.manylinux_2_17_i686.manylinux2014_i686.whl"
            },
            {
              "algorithm": "sha256",
              "hash": "83b016221cf80028b2947be20630faa14e3e72a403e35f0ba29550b4e856767b",
              "url": "https://files.pythonhosted.org/packages/b0/62/4509735be062129694751ac55d5e1fbb6d86fa46a8689b7d5e2c23dae5b0/setproctitle-1.3.5-cp312-cp312-musllinux_1_2_aarch64.whl"
            },
            {
              "algorithm": "sha256",
              "hash": "b6ec1d86c1b4d7b5f2bdceadf213310cf24696b82480a2a702194b8a0bfbcb47",
              "url": "https://files.pythonhosted.org/packages/b9/3d/2ca9df5aa49b975296411dcbbe272cdb1c5e514c43b8be7d61751bb71a46/setproctitle-1.3.5-cp312-cp312-macosx_11_0_arm64.whl"
            },
            {
              "algorithm": "sha256",
              "hash": "1e6eaeaf8a734d428a95d8c104643b39af7d247d604f40a7bebcf3960a853c5e",
              "url": "https://files.pythonhosted.org/packages/c4/4d/6a840c8d2baa07b57329490e7094f90aac177a1d5226bc919046f1106860/setproctitle-1.3.5.tar.gz"
            }
          ],
          "project_name": "setproctitle",
          "requires_dists": [
            "pytest; extra == \"test\""
          ],
          "requires_python": ">=3.8",
          "version": "1.3.5"
        },
        {
          "artifacts": [
            {
              "algorithm": "sha256",
              "hash": "4721f391ed90541fddacab5acf947aa0d3dc7d27b2e1e8eda2be8970586c3274",
              "url": "https://files.pythonhosted.org/packages/b7/ce/149a00dd41f10bc29e5921b496af8b574d8413afcd5e30dfa0ed46c2cc5e/six-1.17.0-py2.py3-none-any.whl"
            },
            {
              "algorithm": "sha256",
              "hash": "ff70335d468e7eb6ec65b95b99d3a2836546063f63acc5171de367e834932a81",
              "url": "https://files.pythonhosted.org/packages/94/e7/b2c673351809dca68a0e064b6af791aa332cf192da575fd474ed7d6f16a2/six-1.17.0.tar.gz"
            }
          ],
          "project_name": "six",
          "requires_dists": [],
          "requires_python": "!=3.0.*,!=3.1.*,!=3.2.*,>=2.7",
          "version": "1.17.0"
        },
        {
          "artifacts": [
            {
              "algorithm": "sha256",
              "hash": "932d195ca9015956fa502c6b56af9eb06106140d844a335590c1ec7f5277d10c",
              "url": "https://files.pythonhosted.org/packages/2b/ae/c1b22d4524b0e10da2f29a176fb2890386f7bd1f63aacf186444873a88a0/tornado-6.4.2-cp38-abi3-musllinux_1_2_x86_64.whl"
            },
            {
              "algorithm": "sha256",
              "hash": "bca9eb02196e789c9cb5c3c7c0f04fb447dc2adffd95265b2c7223a8a615ccbf",
              "url": "https://files.pythonhosted.org/packages/22/55/b78a464de78051a30599ceb6983b01d8f732e6f69bf37b4ed07f642ac0fc/tornado-6.4.2-cp38-abi3-manylinux_2_5_x86_64.manylinux1_x86_64.manylinux_2_17_x86_64.manylinux2014_x86_64.whl"
            },
            {
              "algorithm": "sha256",
              "hash": "e828cce1123e9e44ae2a50a9de3055497ab1d0aeb440c5ac23064d9e44880da1",
              "url": "https://files.pythonhosted.org/packages/26/7e/71f604d8cea1b58f82ba3590290b66da1e72d840aeb37e0d5f7291bd30db/tornado-6.4.2-cp38-abi3-macosx_10_9_universal2.whl"
            },
            {
              "algorithm": "sha256",
              "hash": "c36e62ce8f63409301537222faffcef7dfc5284f27eec227389f2ad11b09d946",
              "url": "https://files.pythonhosted.org/packages/4f/3b/e31aeffffc22b475a64dbeb273026a21b5b566f74dee48742817626c47dc/tornado-6.4.2-cp38-abi3-manylinux_2_5_i686.manylinux1_i686.manylinux_2_17_i686.manylinux2014_i686.whl"
            },
            {
              "algorithm": "sha256",
              "hash": "92bad5b4746e9879fd7bf1eb21dce4e3fc5128d71601f80005afa39237ad620b",
              "url": "https://files.pythonhosted.org/packages/59/45/a0daf161f7d6f36c3ea5fc0c2de619746cc3dd4c76402e9db545bd920f63/tornado-6.4.2.tar.gz"
            },
            {
              "algorithm": "sha256",
              "hash": "304463bd0772442ff4d0f5149c6f1c2135a1fae045adf070821c6cdc76980634",
              "url": "https://files.pythonhosted.org/packages/79/5e/be4fb0d1684eb822c9a62fb18a3e44a06188f78aa466b2ad991d2ee31104/tornado-6.4.2-cp38-abi3-musllinux_1_2_aarch64.whl"
            },
            {
              "algorithm": "sha256",
              "hash": "072ce12ada169c5b00b7d92a99ba089447ccc993ea2143c9ede887e0937aa803",
              "url": "https://files.pythonhosted.org/packages/96/44/87543a3b99016d0bf54fdaab30d24bf0af2e848f1d13d34a3a5380aabe16/tornado-6.4.2-cp38-abi3-macosx_10_9_x86_64.whl"
            },
            {
              "algorithm": "sha256",
              "hash": "1a017d239bd1bb0919f72af256a970624241f070496635784d9bf0db640d3fec",
              "url": "https://files.pythonhosted.org/packages/cb/fb/fdf679b4ce51bcb7210801ef4f11fdac96e9885daa402861751353beea6e/tornado-6.4.2-cp38-abi3-manylinux_2_17_aarch64.manylinux2014_aarch64.whl"
            },
            {
              "algorithm": "sha256",
              "hash": "c82c46813ba483a385ab2a99caeaedf92585a1f90defb5693351fa7e4ea0bf73",
              "url": "https://files.pythonhosted.org/packages/f5/33/4f91fdd94ea36e1d796147003b490fe60a0215ac5737b6f9c65e160d4fe0/tornado-6.4.2-cp38-abi3-musllinux_1_2_i686.whl"
            }
          ],
          "project_name": "tornado",
          "requires_dists": [],
          "requires_python": ">=3.8",
          "version": "6.4.2"
        },
        {
          "artifacts": [
            {
              "algorithm": "sha256",
              "hash": "b74e89e397b1ed28cc831db7aea759ba6640cb3de13090ca145426688ff1ac4f",
              "url": "https://files.pythonhosted.org/packages/00/c0/8f5d070730d7836adc9c9b6408dec68c6ced86b304a9b26a14df072a6e8c/traitlets-5.14.3-py3-none-any.whl"
            },
            {
              "algorithm": "sha256",
              "hash": "9ed0579d3502c94b4b3732ac120375cda96f923114522847de4b3bb98b96b6b7",
              "url": "https://files.pythonhosted.org/packages/eb/79/72064e6a701c2183016abbbfedaba506d81e30e232a68c9f0d6f6fcd1574/traitlets-5.14.3.tar.gz"
            }
          ],
          "project_name": "traitlets",
          "requires_dists": [
            "argcomplete>=3.0.3; extra == \"test\"",
            "mypy>=1.7.0; extra == \"test\"",
            "myst-parser; extra == \"docs\"",
            "pre-commit; extra == \"test\"",
            "pydata-sphinx-theme; extra == \"docs\"",
            "pytest-mock; extra == \"test\"",
            "pytest-mypy-testing; extra == \"test\"",
            "pytest<8.2,>=7.0; extra == \"test\"",
            "sphinx; extra == \"docs\""
          ],
          "requires_python": ">=3.8",
          "version": "5.14.3"
        },
        {
          "artifacts": [
            {
              "algorithm": "sha256",
              "hash": "e248a4bc70a486d3e3ec84d0dc30eec3a5f979d6e7ee4123ae043eedbb987f53",
              "url": "https://files.pythonhosted.org/packages/0f/b3/ca41df24db5eb99b00d97f89d7674a90cb6b3134c52fb8121b6d8d30f15c/types_python_dateutil-2.9.0.20241206-py3-none-any.whl"
            },
            {
              "algorithm": "sha256",
              "hash": "18f493414c26ffba692a72369fea7a154c502646301ebfe3d56a04b3767284cb",
              "url": "https://files.pythonhosted.org/packages/a9/60/47d92293d9bc521cd2301e423a358abfac0ad409b3a1606d8fbae1321961/types_python_dateutil-2.9.0.20241206.tar.gz"
            }
          ],
          "project_name": "types-python-dateutil",
          "requires_dists": [],
          "requires_python": ">=3.8",
          "version": "2.9.0.20241206"
        },
        {
          "artifacts": [
            {
              "algorithm": "sha256",
              "hash": "183aef7c8730e54c9a3ee3227464daed66e37ba13040bb3f350bc2ddc040f22f",
              "url": "https://files.pythonhosted.org/packages/8f/eb/f7032be105877bcf924709c97b1bf3b90255b4ec251f9340cef912559f28/uvloop-0.21.0-cp312-cp312-musllinux_1_2_x86_64.whl"
            },
            {
              "algorithm": "sha256",
              "hash": "86975dca1c773a2c9864f4c52c5a55631038e387b47eaf56210f873887b6c8dc",
              "url": "https://files.pythonhosted.org/packages/06/a7/b4e6a19925c900be9f98bec0a75e6e8f79bb53bdeb891916609ab3958967/uvloop-0.21.0-cp312-cp312-manylinux_2_17_x86_64.manylinux2014_x86_64.whl"
            },
            {
              "algorithm": "sha256",
              "hash": "f7089d2dc73179ce5ac255bdf37c236a9f914b264825fdaacaded6990a7fb4c2",
              "url": "https://files.pythonhosted.org/packages/43/3e/92c03f4d05e50f09251bd8b2b2b584a2a7f8fe600008bcc4523337abe676/uvloop-0.21.0-cp312-cp312-macosx_10_13_x86_64.whl"
            },
            {
              "algorithm": "sha256",
              "hash": "359ec2c888397b9e592a889c4d72ba3d6befba8b2bb01743f72fffbde663b59c",
              "url": "https://files.pythonhosted.org/packages/8c/4c/03f93178830dc7ce8b4cdee1d36770d2f5ebb6f3d37d354e061eefc73545/uvloop-0.21.0-cp312-cp312-macosx_10_13_universal2.whl"
            },
            {
              "algorithm": "sha256",
              "hash": "baa4dcdbd9ae0a372f2167a207cd98c9f9a1ea1188a8a526431eef2f8116cc8d",
              "url": "https://files.pythonhosted.org/packages/a6/ef/a02ec5da49909dbbfb1fd205a9a1ac4e88ea92dcae885e7c961847cd51e2/uvloop-0.21.0-cp312-cp312-manylinux_2_17_aarch64.manylinux2014_aarch64.whl"
            },
            {
              "algorithm": "sha256",
              "hash": "3bf12b0fda68447806a7ad847bfa591613177275d35b6724b1ee573faa3704e3",
              "url": "https://files.pythonhosted.org/packages/af/c0/854216d09d33c543f12a44b393c402e89a920b1a0a7dc634c42de91b9cf6/uvloop-0.21.0.tar.gz"
            },
            {
              "algorithm": "sha256",
              "hash": "461d9ae6660fbbafedd07559c6a2e57cd553b34b0065b6550685f6653a98c1cb",
              "url": "https://files.pythonhosted.org/packages/ce/0c/f07435a18a4b94ce6bd0677d8319cd3de61f3a9eeb1e5f8ab4e8b5edfcb3/uvloop-0.21.0-cp312-cp312-musllinux_1_2_aarch64.whl"
            }
          ],
          "project_name": "uvloop",
          "requires_dists": [
            "Cython~=3.0; extra == \"dev\"",
            "Sphinx~=4.1.2; extra == \"docs\"",
            "aiohttp>=3.10.5; extra == \"test\"",
            "flake8~=5.0; extra == \"test\"",
            "mypy>=0.800; extra == \"test\"",
            "psutil; extra == \"test\"",
            "pyOpenSSL~=23.0.0; extra == \"test\"",
            "pycodestyle~=2.9.0; extra == \"test\"",
            "setuptools>=60; extra == \"dev\"",
            "sphinx-rtd-theme~=0.5.2; extra == \"docs\"",
            "sphinxcontrib-asyncio~=0.3.0; extra == \"docs\""
          ],
          "requires_python": ">=3.8.0",
          "version": "0.21.0"
        }
      ],
      "platform_tag": null
    }
  ],
  "only_builds": [],
  "only_wheels": [],
  "overridden": [],
  "path_mappings": {},
  "pex_version": "2.33.1",
  "pip_version": "24.1.2",
  "prefer_older_binary": false,
  "requirements": [
    "attrs~=23.2",
    "janus~=1.0",
    "jupyter-client~=8.6.1",
    "msgpack~=1.0",
    "pyzmq~=25.1",
    "setproctitle~=1.3.3",
    "types-python-dateutil",
    "uvloop~=0.19"
  ],
  "requires_python": [
    "==3.12.8"
  ],
  "resolver_version": "pip-2020-resolver",
  "style": "universal",
  "target_systems": [
    "linux",
    "mac"
  ],
  "transitive": true,
  "use_pep517": null,
  "use_system_time": false
}
