// This lockfile was autogenerated by Pants. To regenerate, run:
//
//    pants generate-lockfiles --resolve=python-kernel
//
// --- BEGIN PANTS LOCKFILE METADATA: DO NOT EDIT OR REMOVE ---
// {
//   "version": 3,
//   "valid_for_interpreter_constraints": [
//     "CPython==3.13.3"
//   ],
//   "generated_with_requirements": [
//     "attrs~=23.2",
//     "janus~=1.0",
//     "jupyter-client~=8.6.1",
//     "msgpack~=1.0",
//     "pyzmq~=25.1",
//     "setproctitle~=1.3.3",
//     "types-python-dateutil",
//     "uvloop~=0.19"
//   ],
//   "manylinux": "manylinux2014",
//   "requirement_constraints": [],
//   "only_binary": [],
//   "no_binary": []
// }
// --- END PANTS LOCKFILE METADATA ---

{
  "allow_builds": true,
  "allow_prereleases": false,
  "allow_wheels": true,
  "build_isolation": true,
  "constraints": [],
  "elide_unused_requires_dist": false,
  "excluded": [],
  "locked_resolves": [
    {
      "locked_requirements": [
        {
          "artifacts": [
            {
              "algorithm": "sha256",
              "hash": "99b87a485a5820b23b879f04c2305b44b951b502fd64be915879d77a7e8fc6f1",
              "url": "https://files.pythonhosted.org/packages/e0/44/827b2a91a5816512fcaf3cc4ebc465ccd5d598c45cefa6703fcf4a79018f/attrs-23.2.0-py3-none-any.whl"
            },
            {
              "algorithm": "sha256",
              "hash": "935dc3b529c262f6cf76e50877d35a4bd3c1de194fd41f47a2b7ae8f19971f30",
              "url": "https://files.pythonhosted.org/packages/e3/fc/f800d51204003fa8ae392c4e8278f256206e7a919b708eef054f5f4b650d/attrs-23.2.0.tar.gz"
            }
          ],
          "project_name": "attrs",
          "requires_dists": [
            "attrs[tests-mypy]; extra == \"tests-no-zope\"",
            "attrs[tests-no-zope]; extra == \"tests\"",
            "attrs[tests]; extra == \"cov\"",
            "attrs[tests]; extra == \"dev\"",
            "cloudpickle; platform_python_implementation == \"CPython\" and extra == \"tests-no-zope\"",
            "coverage[toml]>=5.3; extra == \"cov\"",
            "furo; extra == \"docs\"",
            "hypothesis; extra == \"tests-no-zope\"",
            "importlib-metadata; python_version < \"3.8\"",
            "mypy>=1.6; (platform_python_implementation == \"CPython\" and python_version >= \"3.8\") and extra == \"tests-mypy\"",
            "myst-parser; extra == \"docs\"",
            "pre-commit; extra == \"dev\"",
            "pympler; extra == \"tests-no-zope\"",
            "pytest-mypy-plugins; (platform_python_implementation == \"CPython\" and python_version >= \"3.8\") and extra == \"tests-mypy\"",
            "pytest-xdist[psutil]; extra == \"tests-no-zope\"",
            "pytest>=4.3.0; extra == \"tests-no-zope\"",
            "sphinx-notfound-page; extra == \"docs\"",
            "sphinx; extra == \"docs\"",
            "sphinxcontrib-towncrier; extra == \"docs\"",
            "towncrier; extra == \"docs\"",
            "zope-interface; extra == \"docs\"",
            "zope-interface; extra == \"tests\""
          ],
          "requires_python": ">=3.7",
          "version": "23.2.0"
        },
        {
          "artifacts": [
            {
              "algorithm": "sha256",
              "hash": "72e72408cad3d5419375fc87d289076ee319835bdfa2caad331e377589aebba9",
              "url": "https://files.pythonhosted.org/packages/f1/47/d7145bf2dc04684935d57d67dff9d6d795b2ba2796806bb109864be3a151/cffi-1.17.1-cp313-cp313-musllinux_1_1_x86_64.whl"
            },
            {
              "algorithm": "sha256",
              "hash": "d01b12eeeb4427d3110de311e1774046ad344f5b1a7403101878976ecd7a10f3",
              "url": "https://files.pythonhosted.org/packages/0e/2d/eab2e858a91fdff70533cab61dcff4a1f55ec60425832ddfdc9cd36bc8af/cffi-1.17.1-cp313-cp313-manylinux_2_12_i686.manylinux2010_i686.manylinux_2_17_i686.manylinux2014_i686.whl"
            },
            {
              "algorithm": "sha256",
              "hash": "dd398dbc6773384a17fe0d3e7eeb8d1a21c2200473ee6806bb5e6a8e62bb73dd",
              "url": "https://files.pythonhosted.org/packages/26/9f/1aab65a6c0db35f43c4d1b4f580e8df53914310afc10ae0397d29d697af4/cffi-1.17.1-cp313-cp313-manylinux_2_17_x86_64.manylinux2014_x86_64.whl"
            },
            {
              "algorithm": "sha256",
              "hash": "de55b766c7aa2e2a3092c51e0483d700341182f08e67c63630d5b6f200bb28e5",
              "url": "https://files.pythonhosted.org/packages/4f/b7/6e4a2162178bf1935c336d4da8a9352cccab4d3a5d7914065490f08c0690/cffi-1.17.1-cp313-cp313-manylinux_2_17_ppc64le.manylinux2014_ppc64le.whl"
            },
            {
              "algorithm": "sha256",
              "hash": "3edc8d958eb099c634dace3c7e16560ae474aa3803a5df240542b305d14e14ed",
              "url": "https://files.pythonhosted.org/packages/5f/e4/fb8b3dd8dc0e98edf1135ff067ae070bb32ef9d509d6cb0f538cd6f7483f/cffi-1.17.1-cp313-cp313-musllinux_1_1_aarch64.whl"
            },
            {
              "algorithm": "sha256",
              "hash": "706510fe141c86a69c8ddc029c7910003a17353970cff3b904ff0686a5927683",
              "url": "https://files.pythonhosted.org/packages/75/b2/fbaec7c4455c604e29388d55599b99ebcc250a60050610fadde58932b7ee/cffi-1.17.1-cp313-cp313-manylinux_2_17_aarch64.manylinux2014_aarch64.whl"
            },
            {
              "algorithm": "sha256",
              "hash": "0984a4925a435b1da406122d4d7968dd861c1385afe3b45ba82b750f229811e2",
              "url": "https://files.pythonhosted.org/packages/8b/f1/672d303ddf17c24fc83afd712316fda78dc6fce1cd53011b839483e1ecc8/cffi-1.17.1-cp313-cp313-macosx_11_0_arm64.whl"
            },
            {
              "algorithm": "sha256",
              "hash": "f3a2b4222ce6b60e2e8b337bb9596923045681d71e5a082783484d845390938e",
              "url": "https://files.pythonhosted.org/packages/8d/f8/dd6c246b148639254dad4d6803eb6a54e8c85c6e11ec9df2cffa87571dbe/cffi-1.17.1-cp313-cp313-macosx_10_13_x86_64.whl"
            },
            {
              "algorithm": "sha256",
              "hash": "c59d6e989d07460165cc5ad3c61f9fd8f1b4796eacbd81cee78957842b834af4",
              "url": "https://files.pythonhosted.org/packages/c7/8a/1d0e4a9c26e54746dc08c2c6c037889124d4f59dffd853a659fa545f1b40/cffi-1.17.1-cp313-cp313-manylinux_2_17_s390x.manylinux2014_s390x.whl"
            },
            {
              "algorithm": "sha256",
              "hash": "1c39c6016c32bc48dd54561950ebd6836e1670f2ae46128f67cf49e789c52824",
              "url": "https://files.pythonhosted.org/packages/fc/97/c783634659c2920c3fc70419e3af40972dbaf758daa229a7d6ea6135c90d/cffi-1.17.1.tar.gz"
            }
          ],
          "project_name": "cffi",
          "requires_dists": [
            "pycparser"
          ],
          "requires_python": ">=3.8",
          "version": "1.17.1"
        },
        {
          "artifacts": [
            {
              "algorithm": "sha256",
              "hash": "3fa91456c00caed4905821a911e95c69d41306e463ea8da72c76c7a096abc698",
              "url": "https://files.pythonhosted.org/packages/d0/d6/6b3ac4df8d0e928521fe7d49cff8f3274b5012975ec0bdbb968ae50531aa/janus-1.2.0-py3-none-any.whl"
            },
            {
              "algorithm": "sha256",
              "hash": "c03475c3e10e042f2a08d31a7a894df2a2a95845ff794b7265e7e9c10a425e5d",
              "url": "https://files.pythonhosted.org/packages/d8/1f/5100f13bc13e24a041f60757b097b3c7c31cf8a08c1c1ef1f1caa2516f22/janus-1.2.0.tar.gz"
            }
          ],
          "project_name": "janus",
          "requires_dists": [],
          "requires_python": ">=3.9",
          "version": "1.2.0"
        },
        {
          "artifacts": [
            {
              "algorithm": "sha256",
              "hash": "e8a19cc986cc45905ac3362915f410f3af85424b4c0905e94fa5f2cb08e8f23f",
              "url": "https://files.pythonhosted.org/packages/11/85/b0394e0b6fcccd2c1eeefc230978a6f8cb0c5df1e4cd3e7625735a0d7d1e/jupyter_client-8.6.3-py3-none-any.whl"
            },
            {
              "algorithm": "sha256",
              "hash": "35b3a0947c4a6e9d589eb97d7d4cd5e90f910ee73101611f01283732bd6d9419",
              "url": "https://files.pythonhosted.org/packages/71/22/bf9f12fdaeae18019a468b68952a60fe6dbab5d67cd2a103cac7659b41ca/jupyter_client-8.6.3.tar.gz"
            }
          ],
          "project_name": "jupyter-client",
          "requires_dists": [
            "coverage; extra == \"test\"",
            "importlib-metadata>=4.8.3; python_version < \"3.10\"",
            "ipykernel; extra == \"docs\"",
            "ipykernel>=6.14; extra == \"test\"",
            "jupyter-core!=5.0.*,>=4.12",
            "mypy; extra == \"test\"",
            "myst-parser; extra == \"docs\"",
            "paramiko; sys_platform == \"win32\" and extra == \"test\"",
            "pre-commit; extra == \"test\"",
            "pydata-sphinx-theme; extra == \"docs\"",
            "pytest-cov; extra == \"test\"",
            "pytest-jupyter[client]>=0.4.1; extra == \"test\"",
            "pytest-timeout; extra == \"test\"",
            "pytest<8.2.0; extra == \"test\"",
            "python-dateutil>=2.8.2",
            "pyzmq>=23.0",
            "sphinx-autodoc-typehints; extra == \"docs\"",
            "sphinx>=4; extra == \"docs\"",
            "sphinxcontrib-github-alt; extra == \"docs\"",
            "sphinxcontrib-spelling; extra == \"docs\"",
            "tornado>=6.2",
            "traitlets>=5.3"
          ],
          "requires_python": ">=3.8",
          "version": "8.6.3"
        },
        {
          "artifacts": [
            {
              "algorithm": "sha256",
              "hash": "4f7315d2f6b4bcf2e3e7cb6e46772eba760ae459cd1f59d29eb57b0a01bd7409",
              "url": "https://files.pythonhosted.org/packages/c9/fb/108ecd1fe961941959ad0ee4e12ee7b8b1477247f30b1fdfd83ceaf017f0/jupyter_core-5.7.2-py3-none-any.whl"
            },
            {
              "algorithm": "sha256",
              "hash": "aa5f8d32bbf6b431ac830496da7392035d6f61b4f54872f15c4bd2a9c3f536d9",
              "url": "https://files.pythonhosted.org/packages/00/11/b56381fa6c3f4cc5d2cf54a7dbf98ad9aa0b339ef7a601d6053538b079a7/jupyter_core-5.7.2.tar.gz"
            }
          ],
          "project_name": "jupyter-core",
          "requires_dists": [
            "ipykernel; extra == \"test\"",
            "myst-parser; extra == \"docs\"",
            "platformdirs>=2.5",
            "pre-commit; extra == \"test\"",
            "pydata-sphinx-theme; extra == \"docs\"",
            "pytest-cov; extra == \"test\"",
            "pytest-timeout; extra == \"test\"",
            "pytest<8; extra == \"test\"",
            "pywin32>=300; sys_platform == \"win32\" and platform_python_implementation != \"PyPy\"",
            "sphinx-autodoc-typehints; extra == \"docs\"",
            "sphinxcontrib-github-alt; extra == \"docs\"",
            "sphinxcontrib-spelling; extra == \"docs\"",
            "traitlets; extra == \"docs\"",
            "traitlets>=5.3"
          ],
          "requires_python": ">=3.8",
          "version": "5.7.2"
        },
        {
          "artifacts": [
            {
              "algorithm": "sha256",
              "hash": "b4c01941fd2ff87c2a934ee6055bda4ed353a7846b8d4f341c428109e9fcde8c",
              "url": "https://files.pythonhosted.org/packages/7a/40/631c238f1f338eb09f4acb0f34ab5862c4e9d7eda11c1b685471a4c5ea37/msgpack-1.1.0-cp313-cp313-musllinux_1_2_x86_64.whl"
            },
            {
              "algorithm": "sha256",
              "hash": "0907e1a7119b337971a689153665764adc34e89175f9a34793307d9def08e6ca",
              "url": "https://files.pythonhosted.org/packages/2d/7b/2c1d74ca6c94f70a1add74a8393a0138172207dc5de6fc6269483519d048/msgpack-1.1.0-cp313-cp313-manylinux_2_17_x86_64.manylinux2014_x86_64.whl"
            },
            {
              "algorithm": "sha256",
              "hash": "7a946a8992941fea80ed4beae6bff74ffd7ee129a90b4dd5cf9c476a30e9708d",
              "url": "https://files.pythonhosted.org/packages/69/86/a847ef7a0f5ef3fa94ae20f52a4cacf596a4e4a010197fbcc27744eb9a83/msgpack-1.1.0-cp313-cp313-musllinux_1_2_aarch64.whl"
            },
            {
              "algorithm": "sha256",
              "hash": "59caf6a4ed0d164055ccff8fe31eddc0ebc07cf7326a2aaa0dbf7a4001cd823e",
              "url": "https://files.pythonhosted.org/packages/7c/43/a11113d9e5c1498c145a8925768ea2d5fce7cbab15c99cda655aa09947ed/msgpack-1.1.0-cp313-cp313-manylinux_2_17_aarch64.manylinux2014_aarch64.whl"
            },
            {
              "algorithm": "sha256",
              "hash": "4a1964df7b81285d00a84da4e70cb1383f2e665e0f1f2a7027e683956d04b734",
              "url": "https://files.pythonhosted.org/packages/7e/3a/2919f63acca3c119565449681ad08a2f84b2171ddfcff1dba6959db2cceb/msgpack-1.1.0-cp313-cp313-macosx_11_0_arm64.whl"
            },
            {
              "algorithm": "sha256",
              "hash": "65553c9b6da8166e819a6aa90ad15288599b340f91d18f60b2061f402b9a4915",
              "url": "https://files.pythonhosted.org/packages/82/8c/cf64ae518c7b8efc763ca1f1348a96f0e37150061e777a8ea5430b413a74/msgpack-1.1.0-cp313-cp313-manylinux_2_5_i686.manylinux1_i686.manylinux_2_17_i686.manylinux2014_i686.whl"
            },
            {
              "algorithm": "sha256",
              "hash": "4b51405e36e075193bc051315dbf29168d6141ae2500ba8cd80a522964e31434",
              "url": "https://files.pythonhosted.org/packages/aa/90/c74cf6e1126faa93185d3b830ee97246ecc4fe12cf9d2d31318ee4246994/msgpack-1.1.0-cp313-cp313-musllinux_1_2_i686.whl"
            },
            {
              "algorithm": "sha256",
              "hash": "071603e2f0771c45ad9bc65719291c568d4edf120b44eb36324dcb02a13bfddf",
              "url": "https://files.pythonhosted.org/packages/c8/b0/380f5f639543a4ac413e969109978feb1f3c66e931068f91ab6ab0f8be00/msgpack-1.1.0-cp313-cp313-macosx_10_13_universal2.whl"
            },
            {
              "algorithm": "sha256",
              "hash": "0f92a83b84e7c0749e3f12821949d79485971f087604178026085f60ce109330",
              "url": "https://files.pythonhosted.org/packages/c8/ee/be57e9702400a6cb2606883d55b05784fada898dfc7fd12608ab1fdb054e/msgpack-1.1.0-cp313-cp313-macosx_10_13_x86_64.whl"
            },
            {
              "algorithm": "sha256",
              "hash": "dd432ccc2c72b914e4cb77afce64aab761c1137cc698be3984eee260bcb2896e",
              "url": "https://files.pythonhosted.org/packages/cb/d0/7555686ae7ff5731205df1012ede15dd9d927f6227ea151e901c7406af4f/msgpack-1.1.0.tar.gz"
            }
          ],
          "project_name": "msgpack",
          "requires_dists": [],
          "requires_python": ">=3.8",
          "version": "1.1.0"
        },
        {
          "artifacts": [
            {
              "algorithm": "sha256",
              "hash": "a03875334331946f13c549dbd8f4bac7a13a50a895a0eb1e8c6a8ace80d40a94",
              "url": "https://files.pythonhosted.org/packages/6d/45/59578566b3275b8fd9157885918fcd0c4d74162928a5310926887b856a51/platformdirs-4.3.7-py3-none-any.whl"
            },
            {
              "algorithm": "sha256",
              "hash": "eb437d586b6a0986388f0d6f74aa0cde27b48d0e3d66843640bfb6bdcdb6e351",
              "url": "https://files.pythonhosted.org/packages/b6/2d/7d512a3913d60623e7eb945c6d1b4f0bddf1d0b7ada5225274c87e5b53d1/platformdirs-4.3.7.tar.gz"
            }
          ],
          "project_name": "platformdirs",
          "requires_dists": [
            "appdirs==1.4.4; extra == \"test\"",
            "covdefaults>=2.3; extra == \"test\"",
            "furo>=2024.8.6; extra == \"docs\"",
            "mypy>=1.14.1; extra == \"type\"",
            "proselint>=0.14; extra == \"docs\"",
            "pytest-cov>=6; extra == \"test\"",
            "pytest-mock>=3.14; extra == \"test\"",
            "pytest>=8.3.4; extra == \"test\"",
            "sphinx-autodoc-typehints>=3; extra == \"docs\"",
            "sphinx>=8.1.3; extra == \"docs\""
          ],
          "requires_python": ">=3.9",
          "version": "4.3.7"
        },
        {
          "artifacts": [
            {
              "algorithm": "sha256",
              "hash": "c3702b6d3dd8c7abc1afa565d7e63d53a1d0bd86cdc24edd75470f4de499cfcc",
              "url": "https://files.pythonhosted.org/packages/13/a3/a812df4e2dd5696d1f351d58b8fe16a405b234ad2886a0dab9183fb78109/pycparser-2.22-py3-none-any.whl"
            },
            {
              "algorithm": "sha256",
              "hash": "491c8be9c040f5390f5bf44a5b07752bd07f56edf992381b05c701439eec10f6",
              "url": "https://files.pythonhosted.org/packages/1d/b2/31537cf4b1ca988837256c910a668b553fceb8f069bedc4b1c826024b52c/pycparser-2.22.tar.gz"
            }
          ],
          "project_name": "pycparser",
          "requires_dists": [],
          "requires_python": ">=3.8",
          "version": "2.22"
        },
        {
          "artifacts": [
            {
              "algorithm": "sha256",
              "hash": "a8b2bc7bffae282281c8140a97d3aa9c14da0b136dfe83f850eea9a5f7470427",
              "url": "https://files.pythonhosted.org/packages/ec/57/56b9bcc3c9c6a792fcbaf139543cee77261f3651ca9da0c93f5c1221264b/python_dateutil-2.9.0.post0-py2.py3-none-any.whl"
            },
            {
              "algorithm": "sha256",
              "hash": "37dd54208da7e1cd875388217d5e00ebd4179249f90fb72437e91a35459a0ad3",
              "url": "https://files.pythonhosted.org/packages/66/c0/0c8b6ad9f17a802ee498c46e004a0eb49bc148f2fd230864601a86dcf6db/python-dateutil-2.9.0.post0.tar.gz"
            }
          ],
          "project_name": "python-dateutil",
          "requires_dists": [
            "six>=1.5"
          ],
          "requires_python": "!=3.0.*,!=3.1.*,!=3.2.*,>=2.7",
          "version": "2.9.0.post0"
        },
        {
          "artifacts": [
            {
              "algorithm": "sha256",
              "hash": "93f1aa311e8bb912e34f004cf186407a4e90eec4f0ecc0efd26056bf7eda0226",
              "url": "https://files.pythonhosted.org/packages/3a/33/1a3683fc9a4bd64d8ccc0290da75c8f042184a1a49c146d28398414d3341/pyzmq-25.1.2.tar.gz"
            }
          ],
          "project_name": "pyzmq",
          "requires_dists": [
            "cffi; implementation_name == \"pypy\""
          ],
          "requires_python": ">=3.6",
          "version": "25.1.2"
        },
        {
          "artifacts": [
            {
              "algorithm": "sha256",
              "hash": "8a7fed67ab49f60bd51f3b4cffff3f8d754d1bb0a40e42869911301ec6519b65",
              "url": "https://files.pythonhosted.org/packages/1a/71/0c1e151ef6899260da4009e7170f56261486d3149e9bad40990b52bdd620/setproctitle-1.3.5-cp313-cp313-musllinux_1_2_x86_64.whl"
            },
            {
              "algorithm": "sha256",
              "hash": "7a887582bfdb6dcbc482db0ef9e630ad23ca95875806ef2b444bf6fbd7b7d7ca",
              "url": "https://files.pythonhosted.org/packages/01/f2/b00fe72c20897695f85932d193a5c57ecf94cbf825c0fd4082e3fa3e00bd/setproctitle-1.3.5-cp313-cp313-manylinux_2_17_ppc64le.manylinux2014_ppc64le.whl"
            },
            {
              "algorithm": "sha256",
              "hash": "755671c39a9e70834eeec6dc6b61e344399c49881d2e7ea3534a1c69669dd9cc",
              "url": "https://files.pythonhosted.org/packages/11/5b/e497bf702ea5d553a331ca879e73a18bbd8f7d66d18d275cb2324e4144c4/setproctitle-1.3.5-cp313-cp313-manylinux_2_5_i686.manylinux1_i686.manylinux_2_17_i686.manylinux2014_i686.whl"
            },
            {
              "algorithm": "sha256",
              "hash": "9ab52b4c2ce056a1b60d439991a81ca90f019488d4b4f64b2779e6badd3677e6",
              "url": "https://files.pythonhosted.org/packages/16/99/1bcb837134c71f332bfeaf923e68279566362b7d1504aa106af8046696e8/setproctitle-1.3.5-cp313-cp313-manylinux_2_5_x86_64.manylinux1_x86_64.manylinux_2_17_x86_64.manylinux2014_x86_64.whl"
            },
            {
              "algorithm": "sha256",
              "hash": "d880630fd81d1b3bde121c352ca7ea2f2ff507ef40c3c011d0928ed491f912c9",
              "url": "https://files.pythonhosted.org/packages/25/4b/83575bb403967f1069b68a8799979fe7979b5a7c17703d2984965d8f4e92/setproctitle-1.3.5-cp313-cp313-musllinux_1_2_ppc64le.whl"
            },
            {
              "algorithm": "sha256",
              "hash": "4969d996bdfbe23bbd023cd0bae6c73a27371615c4ec5296a60cecce268659ef",
              "url": "https://files.pythonhosted.org/packages/3d/00/14781f0ac28c7a37fe2ba321c276188ddd5ca73d69dab8a0f739d57b776b/setproctitle-1.3.5-cp313-cp313-macosx_11_0_arm64.whl"
            },
            {
              "algorithm": "sha256",
              "hash": "36178b944019ec7fc52bb967ffeee296a11d373734a7be276755bedb3db5c141",
              "url": "https://files.pythonhosted.org/packages/77/55/72af3dbb0b1304bad54ea3b7cf1b524a8a2868da0b4c38bc18290f0097f7/setproctitle-1.3.5-cp313-cp313-musllinux_1_2_aarch64.whl"
            },
            {
              "algorithm": "sha256",
              "hash": "162fd76781f57f42ddf27c475e5fef6a8df4fdd69b28dd554e53e2eb2bfe0f95",
              "url": "https://files.pythonhosted.org/packages/ab/78/d6b5aa3af2dd64f6c32e78fb85797b9725a3cdcbdf17dffc5838019918c3/setproctitle-1.3.5-cp313-cp313-macosx_10_13_universal2.whl"
            },
            {
              "algorithm": "sha256",
              "hash": "1e6eaeaf8a734d428a95d8c104643b39af7d247d604f40a7bebcf3960a853c5e",
              "url": "https://files.pythonhosted.org/packages/c4/4d/6a840c8d2baa07b57329490e7094f90aac177a1d5226bc919046f1106860/setproctitle-1.3.5.tar.gz"
            },
            {
              "algorithm": "sha256",
              "hash": "bd70c95a94473216e7c7a7a1f7d8ecbaca5b16d4ba93ddbfd32050fc485a8451",
              "url": "https://files.pythonhosted.org/packages/f0/22/8430c879a8e3201508924a6cf45dba92b9a7b105fac8eebd0ef62e60fba9/setproctitle-1.3.5-cp313-cp313-manylinux_2_17_aarch64.manylinux2014_aarch64.whl"
            },
            {
              "algorithm": "sha256",
              "hash": "269d41cd4f085b69821d1ee6599124f02dbbc79962b256e260b6c9021d037994",
              "url": "https://files.pythonhosted.org/packages/f3/08/fa13f2da6bd10ca756a45f8fed2888f439e9ce7d6402258e87ceef2d4c71/setproctitle-1.3.5-cp313-cp313-musllinux_1_2_i686.whl"
            }
          ],
          "project_name": "setproctitle",
          "requires_dists": [
            "pytest; extra == \"test\""
          ],
          "requires_python": ">=3.8",
          "version": "1.3.5"
        },
        {
          "artifacts": [
            {
              "algorithm": "sha256",
              "hash": "4721f391ed90541fddacab5acf947aa0d3dc7d27b2e1e8eda2be8970586c3274",
              "url": "https://files.pythonhosted.org/packages/b7/ce/149a00dd41f10bc29e5921b496af8b574d8413afcd5e30dfa0ed46c2cc5e/six-1.17.0-py2.py3-none-any.whl"
            },
            {
              "algorithm": "sha256",
              "hash": "ff70335d468e7eb6ec65b95b99d3a2836546063f63acc5171de367e834932a81",
              "url": "https://files.pythonhosted.org/packages/94/e7/b2c673351809dca68a0e064b6af791aa332cf192da575fd474ed7d6f16a2/six-1.17.0.tar.gz"
            }
          ],
          "project_name": "six",
          "requires_dists": [],
          "requires_python": "!=3.0.*,!=3.1.*,!=3.2.*,>=2.7",
          "version": "1.17.0"
        },
        {
          "artifacts": [
            {
              "algorithm": "sha256",
              "hash": "932d195ca9015956fa502c6b56af9eb06106140d844a335590c1ec7f5277d10c",
              "url": "https://files.pythonhosted.org/packages/2b/ae/c1b22d4524b0e10da2f29a176fb2890386f7bd1f63aacf186444873a88a0/tornado-6.4.2-cp38-abi3-musllinux_1_2_x86_64.whl"
            },
            {
              "algorithm": "sha256",
              "hash": "bca9eb02196e789c9cb5c3c7c0f04fb447dc2adffd95265b2c7223a8a615ccbf",
              "url": "https://files.pythonhosted.org/packages/22/55/b78a464de78051a30599ceb6983b01d8f732e6f69bf37b4ed07f642ac0fc/tornado-6.4.2-cp38-abi3-manylinux_2_5_x86_64.manylinux1_x86_64.manylinux_2_17_x86_64.manylinux2014_x86_64.whl"
            },
            {
              "algorithm": "sha256",
              "hash": "e828cce1123e9e44ae2a50a9de3055497ab1d0aeb440c5ac23064d9e44880da1",
              "url": "https://files.pythonhosted.org/packages/26/7e/71f604d8cea1b58f82ba3590290b66da1e72d840aeb37e0d5f7291bd30db/tornado-6.4.2-cp38-abi3-macosx_10_9_universal2.whl"
            },
            {
              "algorithm": "sha256",
              "hash": "c36e62ce8f63409301537222faffcef7dfc5284f27eec227389f2ad11b09d946",
              "url": "https://files.pythonhosted.org/packages/4f/3b/e31aeffffc22b475a64dbeb273026a21b5b566f74dee48742817626c47dc/tornado-6.4.2-cp38-abi3-manylinux_2_5_i686.manylinux1_i686.manylinux_2_17_i686.manylinux2014_i686.whl"
            },
            {
              "algorithm": "sha256",
              "hash": "92bad5b4746e9879fd7bf1eb21dce4e3fc5128d71601f80005afa39237ad620b",
              "url": "https://files.pythonhosted.org/packages/59/45/a0daf161f7d6f36c3ea5fc0c2de619746cc3dd4c76402e9db545bd920f63/tornado-6.4.2.tar.gz"
            },
            {
              "algorithm": "sha256",
              "hash": "304463bd0772442ff4d0f5149c6f1c2135a1fae045adf070821c6cdc76980634",
              "url": "https://files.pythonhosted.org/packages/79/5e/be4fb0d1684eb822c9a62fb18a3e44a06188f78aa466b2ad991d2ee31104/tornado-6.4.2-cp38-abi3-musllinux_1_2_aarch64.whl"
            },
            {
              "algorithm": "sha256",
              "hash": "072ce12ada169c5b00b7d92a99ba089447ccc993ea2143c9ede887e0937aa803",
              "url": "https://files.pythonhosted.org/packages/96/44/87543a3b99016d0bf54fdaab30d24bf0af2e848f1d13d34a3a5380aabe16/tornado-6.4.2-cp38-abi3-macosx_10_9_x86_64.whl"
            },
            {
              "algorithm": "sha256",
              "hash": "1a017d239bd1bb0919f72af256a970624241f070496635784d9bf0db640d3fec",
              "url": "https://files.pythonhosted.org/packages/cb/fb/fdf679b4ce51bcb7210801ef4f11fdac96e9885daa402861751353beea6e/tornado-6.4.2-cp38-abi3-manylinux_2_17_aarch64.manylinux2014_aarch64.whl"
            },
            {
              "algorithm": "sha256",
              "hash": "c82c46813ba483a385ab2a99caeaedf92585a1f90defb5693351fa7e4ea0bf73",
              "url": "https://files.pythonhosted.org/packages/f5/33/4f91fdd94ea36e1d796147003b490fe60a0215ac5737b6f9c65e160d4fe0/tornado-6.4.2-cp38-abi3-musllinux_1_2_i686.whl"
            }
          ],
          "project_name": "tornado",
          "requires_dists": [],
          "requires_python": ">=3.8",
          "version": "6.4.2"
        },
        {
          "artifacts": [
            {
              "algorithm": "sha256",
              "hash": "b74e89e397b1ed28cc831db7aea759ba6640cb3de13090ca145426688ff1ac4f",
              "url": "https://files.pythonhosted.org/packages/00/c0/8f5d070730d7836adc9c9b6408dec68c6ced86b304a9b26a14df072a6e8c/traitlets-5.14.3-py3-none-any.whl"
            },
            {
              "algorithm": "sha256",
              "hash": "9ed0579d3502c94b4b3732ac120375cda96f923114522847de4b3bb98b96b6b7",
              "url": "https://files.pythonhosted.org/packages/eb/79/72064e6a701c2183016abbbfedaba506d81e30e232a68c9f0d6f6fcd1574/traitlets-5.14.3.tar.gz"
            }
          ],
          "project_name": "traitlets",
          "requires_dists": [
            "argcomplete>=3.0.3; extra == \"test\"",
            "mypy>=1.7.0; extra == \"test\"",
            "myst-parser; extra == \"docs\"",
            "pre-commit; extra == \"test\"",
            "pydata-sphinx-theme; extra == \"docs\"",
            "pytest-mock; extra == \"test\"",
            "pytest-mypy-testing; extra == \"test\"",
            "pytest<8.2,>=7.0; extra == \"test\"",
            "sphinx; extra == \"docs\""
          ],
          "requires_python": ">=3.8",
          "version": "5.14.3"
        },
        {
          "artifacts": [
            {
              "algorithm": "sha256",
              "hash": "e248a4bc70a486d3e3ec84d0dc30eec3a5f979d6e7ee4123ae043eedbb987f53",
              "url": "https://files.pythonhosted.org/packages/0f/b3/ca41df24db5eb99b00d97f89d7674a90cb6b3134c52fb8121b6d8d30f15c/types_python_dateutil-2.9.0.20241206-py3-none-any.whl"
            },
            {
              "algorithm": "sha256",
              "hash": "18f493414c26ffba692a72369fea7a154c502646301ebfe3d56a04b3767284cb",
              "url": "https://files.pythonhosted.org/packages/a9/60/47d92293d9bc521cd2301e423a358abfac0ad409b3a1606d8fbae1321961/types_python_dateutil-2.9.0.20241206.tar.gz"
            }
          ],
          "project_name": "types-python-dateutil",
          "requires_dists": [],
          "requires_python": ">=3.8",
          "version": "2.9.0.20241206"
        },
        {
          "artifacts": [
            {
              "algorithm": "sha256",
              "hash": "a5c39f217ab3c663dc699c04cbd50c13813e31d917642d459fdcec07555cc553",
              "url": "https://files.pythonhosted.org/packages/63/9a/0962b05b308494e3202d3f794a6e85abe471fe3cafdbcf95c2e8c713aabd/uvloop-0.21.0-cp313-cp313-musllinux_1_2_x86_64.whl"
            },
            {
              "algorithm": "sha256",
              "hash": "bfd55dfcc2a512316e65f16e503e9e450cab148ef11df4e4e679b5e8253a5281",
              "url": "https://files.pythonhosted.org/packages/3f/8d/2cbef610ca21539f0f36e2b34da49302029e7c9f09acef0b1c3b5839412b/uvloop-0.21.0-cp313-cp313-macosx_10_13_universal2.whl"
            },
            {
              "algorithm": "sha256",
              "hash": "bd53ecc9a0f3d87ab847503c2e1552b690362e005ab54e8a48ba97da3924c0dc",
              "url": "https://files.pythonhosted.org/packages/47/57/66f061ee118f413cd22a656de622925097170b9380b30091b78ea0c6ea75/uvloop-0.21.0-cp313-cp313-musllinux_1_2_aarch64.whl"
            },
            {
              "algorithm": "sha256",
              "hash": "5ee4d4ef48036ff6e5cfffb09dd192c7a5027153948d85b8da7ff705065bacc6",
              "url": "https://files.pythonhosted.org/packages/50/94/0a687f39e78c4c1e02e3272c6b2ccdb4e0085fda3b8352fecd0410ccf915/uvloop-0.21.0-cp313-cp313-manylinux_2_17_aarch64.manylinux2014_aarch64.whl"
            },
            {
              "algorithm": "sha256",
              "hash": "787ae31ad8a2856fc4e7c095341cccc7209bd657d0e71ad0dc2ea83c4a6fa8af",
              "url": "https://files.pythonhosted.org/packages/93/0d/b0038d5a469f94ed8f2b2fce2434a18396d8fbfb5da85a0a9781ebbdec14/uvloop-0.21.0-cp313-cp313-macosx_10_13_x86_64.whl"
            },
            {
              "algorithm": "sha256",
              "hash": "3bf12b0fda68447806a7ad847bfa591613177275d35b6724b1ee573faa3704e3",
              "url": "https://files.pythonhosted.org/packages/af/c0/854216d09d33c543f12a44b393c402e89a920b1a0a7dc634c42de91b9cf6/uvloop-0.21.0.tar.gz"
            },
            {
              "algorithm": "sha256",
              "hash": "f3df876acd7ec037a3d005b3ab85a7e4110422e4d9c1571d4fc89b0fc41b6816",
              "url": "https://files.pythonhosted.org/packages/d2/19/f5b78616566ea68edd42aacaf645adbf71fbd83fc52281fba555dc27e3f1/uvloop-0.21.0-cp313-cp313-manylinux_2_17_x86_64.manylinux2014_x86_64.whl"
            }
          ],
          "project_name": "uvloop",
          "requires_dists": [
            "Cython~=3.0; extra == \"dev\"",
            "Sphinx~=4.1.2; extra == \"docs\"",
            "aiohttp>=3.10.5; extra == \"test\"",
            "flake8~=5.0; extra == \"test\"",
            "mypy>=0.800; extra == \"test\"",
            "psutil; extra == \"test\"",
            "pyOpenSSL~=23.0.0; extra == \"test\"",
            "pycodestyle~=2.9.0; extra == \"test\"",
            "setuptools>=60; extra == \"dev\"",
            "sphinx-rtd-theme~=0.5.2; extra == \"docs\"",
            "sphinxcontrib-asyncio~=0.3.0; extra == \"docs\""
          ],
          "requires_python": ">=3.8.0",
          "version": "0.21.0"
        }
      ],
      "platform_tag": null
    }
  ],
  "only_builds": [],
  "only_wheels": [],
  "overridden": [],
  "path_mappings": {},
  "pex_version": "2.33.1",
  "pip_version": "25.0.1",
  "prefer_older_binary": false,
  "requirements": [
    "attrs~=23.2",
    "janus~=1.0",
    "jupyter-client~=8.6.1",
    "msgpack~=1.0",
    "pyzmq~=25.1",
    "setproctitle~=1.3.3",
    "types-python-dateutil",
    "uvloop~=0.19"
  ],
  "requires_python": [
    "==3.13.3"
  ],
  "resolver_version": "pip-2020-resolver",
  "style": "universal",
  "target_systems": [
    "linux",
    "mac"
  ],
  "transitive": true,
  "use_pep517": null,
  "use_system_time": false
}
