// This lockfile was autogenerated by Pants. To regenerate, run:
//
//    pants generate-lockfiles --resolve=black
//
// --- BEGIN PANTS LOCKFILE METADATA: DO NOT EDIT OR REMOVE ---
// {
//   "version": 3,
//   "valid_for_interpreter_constraints": [
//     "CPython==3.11.6"
//   ],
//   "generated_with_requirements": [
//     "black~=23.11.0"
//   ],
//   "manylinux": "manylinux2014",
//   "requirement_constraints": [],
//   "only_binary": [],
//   "no_binary": []
// }
// --- END PANTS LOCKFILE METADATA ---

{
  "allow_builds": true,
  "allow_prereleases": false,
  "allow_wheels": true,
  "build_isolation": true,
  "constraints": [],
  "locked_resolves": [
    {
      "locked_requirements": [
        {
          "artifacts": [
            {
              "algorithm": "sha256",
              "hash": "54caaa703227c6e0c87b76326d0862184729a69b73d3b7305b6288e1d830067e",
              "url": "https://files.pythonhosted.org/packages/be/fb/8a670d2a246a351d7662e785d85a636c1c60b5800d175421cdfcb2a59b1d/black-23.11.0-py3-none-any.whl"
            },
            {
              "algorithm": "sha256",
              "hash": "cf57719e581cfd48c4efe28543fea3d139c6b6f1238b3f0102a9c73992cbb479",
              "url": "https://files.pythonhosted.org/packages/3b/d8/ea841502c79d85675e56c40d77de59aae44e311f17b463815d6a9659608c/black-23.11.0-cp311-cp311-macosx_10_9_x86_64.whl"
            },
            {
              "algorithm": "sha256",
              "hash": "760415ccc20f9e8747084169110ef75d545f3b0932ee21368f63ac0fee86b221",
              "url": "https://files.pythonhosted.org/packages/46/0a/964b242c01b8dbadec60afd2f1d3e08ad574315d34a33a692e96f121a32b/black-23.11.0-cp311-cp311-manylinux_2_17_x86_64.manylinux2014_x86_64.whl"
            },
            {
              "algorithm": "sha256",
              "hash": "698c1e0d5c43354ec5d6f4d914d0d553a9ada56c85415700b81dc90125aac244",
              "url": "https://files.pythonhosted.org/packages/4e/09/75c374a20c458230ed8288d1e68ba38ecf508e948b8bf8980e8b0fd4c3b1/black-23.11.0-cp311-cp311-macosx_11_0_arm64.whl"
            },
            {
              "algorithm": "sha256",
              "hash": "4c68855825ff432d197229846f971bc4d6666ce90492e5b02013bcaca4d9ab05",
              "url": "https://files.pythonhosted.org/packages/ef/21/c2d38c7c98a089fd0f7e1a8be16c07f141ed57339b3082737de90db0ca59/black-23.11.0.tar.gz"
            },
            {
              "algorithm": "sha256",
              "hash": "9a753da228852efbbd5eda2426fdc3ab1009efcfd8eaec125b7e5035dc61ed00",
              "url": "https://media.githubusercontent.com/media/lablup/backend.ai-oven/main/pypi/projects/black/black-23.11.0-cp311-cp311-manylinux_2_17_aarch64.manylinux2014_aarch64.whl"
            }
          ],
          "project_name": "black",
          "requires_dists": [
            "aiohttp>=3.7.4; extra == \"d\"",
            "click>=8.0.0",
            "colorama>=0.4.3; extra == \"colorama\"",
            "ipython>=7.8.0; extra == \"jupyter\"",
            "mypy-extensions>=0.4.3",
            "packaging>=22.0",
            "pathspec>=0.9.0",
            "platformdirs>=2",
            "tokenize-rt>=3.2.0; extra == \"jupyter\"",
            "tomli>=1.1.0; python_version < \"3.11\"",
            "typing-extensions>=4.0.1; python_version < \"3.11\"",
            "uvloop>=0.15.2; extra == \"uvloop\""
          ],
          "requires_python": ">=3.8",
          "version": "23.11.0"
        },
        {
          "artifacts": [
            {
              "algorithm": "sha256",
              "hash": "ae74fb96c20a0277a1d615f1e4d73c8414f5a98db8b799a7931d1582f3390c28",
              "url": "https://files.pythonhosted.org/packages/00/2e/d53fa4befbf2cfa713304affc7ca780ce4fc1fd8710527771b58311a3229/click-8.1.7-py3-none-any.whl"
            },
            {
              "algorithm": "sha256",
              "hash": "ca9853ad459e787e2192211578cc907e7594e294c7ccc834310722b41b9ca6de",
              "url": "https://files.pythonhosted.org/packages/96/d3/f04c7bfcf5c1862a2a5b845c6b2b360488cf47af55dfa79c98f6a6bf98b5/click-8.1.7.tar.gz"
            }
          ],
          "project_name": "click",
          "requires_dists": [
            "colorama; platform_system == \"Windows\"",
            "importlib-metadata; python_version < \"3.8\""
          ],
          "requires_python": ">=3.7",
          "version": "8.1.7"
        },
        {
          "artifacts": [
            {
              "algorithm": "sha256",
              "hash": "4392f6c0eb8a5668a69e23d168ffa70f0be9ccfd32b5cc2d26a34ae5b844552d",
              "url": "https://files.pythonhosted.org/packages/2a/e2/5d3f6ada4297caebe1a2add3b126fe800c96f56dbe5d1988a2cbe0b267aa/mypy_extensions-1.0.0-py3-none-any.whl"
            },
            {
              "algorithm": "sha256",
              "hash": "75dbf8955dc00442a438fc4d0666508a9a97b6bd41aa2f0ffe9d2f2725af0782",
              "url": "https://files.pythonhosted.org/packages/98/a4/1ab47638b92648243faf97a5aeb6ea83059cc3624972ab6b8d2316078d3f/mypy_extensions-1.0.0.tar.gz"
            }
          ],
          "project_name": "mypy-extensions",
          "requires_dists": [],
          "requires_python": ">=3.5",
          "version": "1.0.0"
        },
        {
          "artifacts": [
            {
              "algorithm": "sha256",
              "hash": "8c491190033a9af7e1d931d0b5dacc2ef47509b34dd0de67ed209b5203fc88c7",
              "url": "https://files.pythonhosted.org/packages/ec/1a/610693ac4ee14fcdf2d9bf3c493370e4f2ef7ae2e19217d7a237ff42367d/packaging-23.2-py3-none-any.whl"
            },
            {
              "algorithm": "sha256",
              "hash": "048fb0e9405036518eaaf48a55953c750c11e1a1b68e0dd1a9d62ed0c092cfc5",
              "url": "https://files.pythonhosted.org/packages/fb/2b/9b9c33ffed44ee921d0967086d653047286054117d584f1b1a7c22ceaf7b/packaging-23.2.tar.gz"
            }
          ],
          "project_name": "packaging",
          "requires_dists": [],
          "requires_python": ">=3.7",
          "version": "23.2"
        },
        {
          "artifacts": [
            {
              "algorithm": "sha256",
              "hash": "1d6ed233af05e679efb96b1851550ea95bbb64b7c490b0f5aa52996c11e92a20",
              "url": "https://files.pythonhosted.org/packages/b4/2a/9b1be29146139ef459188f5e420a66e835dda921208db600b7037093891f/pathspec-0.11.2-py3-none-any.whl"
            },
            {
              "algorithm": "sha256",
              "hash": "e0d8d0ac2f12da61956eb2306b69f9469b42f4deb0f3cb6ed47b9cce9996ced3",
              "url": "https://files.pythonhosted.org/packages/a0/2a/bd167cdf116d4f3539caaa4c332752aac0b3a0cc0174cdb302ee68933e81/pathspec-0.11.2.tar.gz"
            }
          ],
          "project_name": "pathspec",
          "requires_dists": [],
          "requires_python": ">=3.7",
          "version": "0.11.2"
        },
        {
          "artifacts": [
            {
              "algorithm": "sha256",
              "hash": "11c8f37bcca40db96d8144522d925583bdb7a31f7b0e37e3ed4318400a8e2380",
              "url": "https://files.pythonhosted.org/packages/be/53/42fe5eab4a09d251a76d0043e018172db324a23fcdac70f77a551c11f618/platformdirs-4.1.0-py3-none-any.whl"
            },
            {
              "algorithm": "sha256",
              "hash": "906d548203468492d432bcb294d4bc2fff751bf84971fbb2c10918cc206ee420",
              "url": "https://files.pythonhosted.org/packages/62/d1/7feaaacb1a3faeba96c06e6c5091f90695cc0f94b7e8e1a3a3fe2b33ff9a/platformdirs-4.1.0.tar.gz"
            }
          ],
          "project_name": "platformdirs",
          "requires_dists": [
            "appdirs==1.4.4; extra == \"test\"",
            "covdefaults>=2.3; extra == \"test\"",
            "furo>=2023.7.26; extra == \"docs\"",
            "proselint>=0.13; extra == \"docs\"",
            "pytest-cov>=4.1; extra == \"test\"",
            "pytest-mock>=3.11.1; extra == \"test\"",
            "pytest>=7.4; extra == \"test\"",
            "sphinx-autodoc-typehints>=1.24; extra == \"docs\"",
            "sphinx>=7.1.1; extra == \"docs\""
          ],
          "requires_python": ">=3.8",
          "version": "4.1.0"
        }
      ],
      "platform_tag": null
    }
  ],
  "path_mappings": {},
  "pex_version": "2.1.148",
  "pip_version": "23.1.2",
  "prefer_older_binary": false,
  "requirements": [
    "black~=23.11.0"
  ],
  "requires_python": [
    "==3.11.6"
  ],
  "resolver_version": "pip-2020-resolver",
  "style": "universal",
  "target_systems": [
    "linux",
    "mac"
  ],
  "transitive": true,
  "use_pep517": null
}
