// This lockfile was autogenerated by Pants. To regenerate, run:
//
//    ./pants generate-lockfiles --resolve=black
//
// --- BEGIN PANTS LOCKFILE METADATA: DO NOT EDIT OR REMOVE ---
// {
//   "version": 3,
//   "valid_for_interpreter_constraints": [
//     "CPython<4,>=3.10"
//   ],
//   "generated_with_requirements": [
//     "black~=22.6",
//     "typing-extensions>=3.10.0.0; python_version < \"3.10\""
//   ],
//   "manylinux": "manylinux2014",
//   "requirement_constraints": [],
//   "only_binary": [],
//   "no_binary": []
// }
// --- END PANTS LOCKFILE METADATA ---

{
  "allow_builds": true,
  "allow_prereleases": false,
  "allow_wheels": true,
  "build_isolation": true,
  "constraints": [],
  "locked_resolves": [
    {
      "locked_requirements": [
        {
          "artifacts": [
            {
              "algorithm": "sha256",
              "hash": "436cc9167dd28040ad90d3b404aec22cedf24a6e4d7de221bec2730ec0c97bcf",
              "url": "https://files.pythonhosted.org/packages/0c/51/1f7f93c0555eaf4cbb628e26ba026e3256174a45bd9397ff1ea7cf96bad5/black-22.12.0-py3-none-any.whl"
            },
            {
              "algorithm": "sha256",
              "hash": "9eedd20838bd5d75b80c9f5487dbcb06836a43833a37846cf1d8c1cc01cef59d",
              "url": "https://files.pythonhosted.org/packages/79/d9/60852a6fc2f85374db20a9767dacfe50c2172eb8388f46018c8daf836995/black-22.12.0-cp310-cp310-manylinux_2_17_x86_64.manylinux2014_x86_64.whl"
            },
            {
              "algorithm": "sha256",
              "hash": "229351e5a18ca30f447bf724d007f890f97e13af070bb6ad4c0a441cd7596a2f",
              "url": "https://files.pythonhosted.org/packages/a6/59/e873cc6807fb62c11131e5258ca15577a3b7452abad08dc49286cf8245e8/black-22.12.0.tar.gz"
            },
            {
              "algorithm": "sha256",
              "hash": "d30b212bffeb1e252b31dd269dfae69dd17e06d92b87ad26e23890f3efea366f",
              "url": "https://files.pythonhosted.org/packages/e9/e0/6aa02d14785c4039b38bfed6f9ee28a952b2d101c64fc97b15811fa8bd04/black-22.12.0-cp311-cp311-manylinux_2_17_x86_64.manylinux2014_x86_64.whl"
            }
          ],
          "project_name": "black",
          "requires_dists": [
            "aiohttp>=3.7.4; extra == \"d\"",
            "click>=8.0.0",
            "colorama>=0.4.3; extra == \"colorama\"",
            "ipython>=7.8.0; extra == \"jupyter\"",
            "mypy-extensions>=0.4.3",
            "pathspec>=0.9.0",
            "platformdirs>=2",
            "tokenize-rt>=3.2.0; extra == \"jupyter\"",
            "tomli>=1.1.0; python_full_version < \"3.11.0a7\"",
            "typed-ast>=1.4.2; python_version < \"3.8\" and implementation_name == \"cpython\"",
            "typing-extensions>=3.10.0.0; python_version < \"3.10\"",
            "uvloop>=0.15.2; extra == \"uvloop\""
          ],
          "requires_python": ">=3.7",
          "version": "22.12"
        },
        {
          "artifacts": [
            {
              "algorithm": "sha256",
              "hash": "bb4d8133cb15a609f44e8213d9b391b0809795062913b383c62be0ee95b1db48",
              "url": "https://files.pythonhosted.org/packages/c2/f1/df59e28c642d583f7dacffb1e0965d0e00b218e0186d7858ac5233dce840/click-8.1.3-py3-none-any.whl"
            },
            {
              "algorithm": "sha256",
              "hash": "7682dc8afb30297001674575ea00d1814d808d6a36af415a82bd481d37ba7b8e",
              "url": "https://files.pythonhosted.org/packages/59/87/84326af34517fca8c58418d148f2403df25303e02736832403587318e9e8/click-8.1.3.tar.gz"
            }
          ],
          "project_name": "click",
          "requires_dists": [
            "colorama; platform_system == \"Windows\"",
            "importlib-metadata; python_version < \"3.8\""
          ],
          "requires_python": ">=3.7",
          "version": "8.1.3"
        },
        {
          "artifacts": [
            {
              "algorithm": "sha256",
              "hash": "090fedd75945a69ae91ce1303b5824f428daf5a028d2f6ab8a299250a846f15d",
              "url": "https://files.pythonhosted.org/packages/5c/eb/975c7c080f3223a5cdaff09612f3a5221e4ba534f7039db34c35d95fa6a5/mypy_extensions-0.4.3-py2.py3-none-any.whl"
            },
            {
              "algorithm": "sha256",
              "hash": "2d82818f5bb3e369420cb3c4060a7970edba416647068eb4c5343488a6c604a8",
              "url": "https://files.pythonhosted.org/packages/63/60/0582ce2eaced55f65a4406fc97beba256de4b7a95a0034c6576458c6519f/mypy_extensions-0.4.3.tar.gz"
            }
          ],
          "project_name": "mypy-extensions",
          "requires_dists": [
            "typing>=3.5.3; python_version < \"3.5\""
          ],
          "requires_python": null,
          "version": "0.4.3"
        },
        {
          "artifacts": [
            {
              "algorithm": "sha256",
              "hash": "3a66eb970cbac598f9e5ccb5b2cf58930cd8e3ed86d393d541eaf2d8b1705229",
              "url": "https://files.pythonhosted.org/packages/e6/be/1a973593d7ce7ac9d1a793b81eb265c152a62f34825169fbd7c4e4548e34/pathspec-0.11.0-py3-none-any.whl"
            },
            {
              "algorithm": "sha256",
              "hash": "64d338d4e0914e91c1792321e6907b5a593f1ab1851de7fc269557a21b30ebbc",
              "url": "https://files.pythonhosted.org/packages/f4/8e/f91cffb32740b251cff04cad1e7cdd2c710582c735a01f56307316c148f2/pathspec-0.11.0.tar.gz"
            }
          ],
          "project_name": "pathspec",
          "requires_dists": [],
          "requires_python": ">=3.7",
          "version": "0.11"
        },
        {
          "artifacts": [
            {
              "algorithm": "sha256",
              "hash": "83c8f6d04389165de7c9b6f0c682439697887bca0aa2f1c87ef1826be3584490",
              "url": "https://files.pythonhosted.org/packages/c1/c7/9be9d651b93efce682b45142a6267034fc4215972780748618c02e236361/platformdirs-2.6.2-py3-none-any.whl"
            },
            {
              "algorithm": "sha256",
              "hash": "e1fea1fe471b9ff8332e229df3cb7de4f53eeea4998d3b6bfff542115e998bd2",
              "url": "https://files.pythonhosted.org/packages/cf/4d/198b7e6c6c2b152f4f9f4cdf975d3590e33e63f1920f2d89af7f0390e6db/platformdirs-2.6.2.tar.gz"
            }
          ],
          "project_name": "platformdirs",
          "requires_dists": [
            "appdirs==1.4.4; extra == \"test\"",
            "covdefaults>=2.2.2; extra == \"test\"",
            "furo>=2022.12.7; extra == \"docs\"",
            "proselint>=0.13; extra == \"docs\"",
            "pytest-cov>=4; extra == \"test\"",
            "pytest-mock>=3.10; extra == \"test\"",
            "pytest>=7.2; extra == \"test\"",
            "sphinx-autodoc-typehints>=1.19.5; extra == \"docs\"",
            "sphinx>=5.3; extra == \"docs\"",
            "typing-extensions>=4.4; python_version < \"3.8\""
          ],
          "requires_python": ">=3.7",
          "version": "2.6.2"
        },
        {
          "artifacts": [
            {
              "algorithm": "sha256",
              "hash": "939de3e7a6161af0c887ef91b7d41a53e7c5a1ca976325f429cb46ea9bc30ecc",
              "url": "https://files.pythonhosted.org/packages/97/75/10a9ebee3fd790d20926a90a2547f0bf78f371b2f13aa822c759680ca7b9/tomli-2.0.1-py3-none-any.whl"
            },
            {
              "algorithm": "sha256",
              "hash": "de526c12914f0c550d15924c62d72abc48d6fe7364aa87328337a31007fe8a4f",
              "url": "https://files.pythonhosted.org/packages/c0/3f/d7af728f075fb08564c5949a9c95e44352e23dee646869fa104a3b2060a3/tomli-2.0.1.tar.gz"
            }
          ],
          "project_name": "tomli",
          "requires_dists": [],
          "requires_python": ">=3.7",
          "version": "2.0.1"
        }
      ],
      "platform_tag": null
    }
  ],
  "path_mappings": {},
  "pex_version": "2.1.108",
  "pip_version": "20.3.4-patched",
  "prefer_older_binary": false,
  "requirements": [
    "black~=22.6",
    "typing-extensions>=3.10.0.0; python_version < \"3.10\""
  ],
  "requires_python": [
    "<4,>=3.10"
  ],
  "resolver_version": "pip-2020-resolver",
  "style": "universal",
  "target_systems": [
    "linux",
    "mac"
  ],
  "transitive": true,
  "use_pep517": null
}
