// This lockfile was autogenerated by Pants. To regenerate, run:
//
//    ./pants generate-lockfiles --resolve=coverage-py
//
// --- BEGIN PANTS LOCKFILE METADATA: DO NOT EDIT OR REMOVE ---
// {
//   "version": 2,
//   "valid_for_interpreter_constraints": [
//     "CPython<4,>=3.7"
//   ],
//   "generated_with_requirements": [
//     "coverage[toml]<7.0,>=6.4"
//   ]
// }
// --- END PANTS LOCKFILE METADATA ---

{
  "allow_builds": true,
  "allow_prereleases": false,
  "allow_wheels": true,
  "build_isolation": true,
  "constraints": [],
  "locked_resolves": [
    {
      "locked_requirements": [
        {
          "artifacts": [
            {
              "algorithm": "sha256",
              "hash": "f67cf9f406cf0d2f08a3515ce2db5b82625a7257f88aad87904674def6ddaec1",
              "url": "https://files.pythonhosted.org/packages/5b/97/c129634655c5b099092debd466ca50e97c189f0e5639490e9d8b141942f6/coverage-6.4.4-pp36.pp37.pp38-none-any.whl"
            },
            {
              "algorithm": "sha256",
              "hash": "9c7b9b498eb0c0d48b4c2abc0e10c2d78912203f972e0e63e3c9dc21f15abdaa",
              "url": "https://files.pythonhosted.org/packages/03/21/c55f5529e9bbcf3c029790ca3cea3b18bae3dd897f7461b5f2165053ee35/coverage-6.4.4-cp311-cp311-musllinux_1_1_aarch64.whl"
            },
            {
              "algorithm": "sha256",
              "hash": "15e38d853ee224e92ccc9a851457fb1e1f12d7a5df5ae44544ce7863691c7a0d",
              "url": "https://files.pythonhosted.org/packages/08/e4/9a7556b46a646520bda96f53c3fe691c9c5f7ebd0b64fc6aea8e829b75e7/coverage-6.4.4-cp39-cp39-musllinux_1_1_i686.whl"
            },
            {
              "algorithm": "sha256",
              "hash": "cf2afe83a53f77aec067033199797832617890e15bed42f4a1a93ea24794ae3e",
              "url": "https://files.pythonhosted.org/packages/11/b1/447eb7dd351e4e2d83d8122500d3c082cd3173071ccddd34a22b5be9e19f/coverage-6.4.4-cp38-cp38-musllinux_1_1_aarch64.whl"
            },
            {
              "algorithm": "sha256",
              "hash": "fcbe3d9a53e013f8ab88734d7e517eb2cd06b7e689bedf22c0eb68db5e4a0a19",
              "url": "https://files.pythonhosted.org/packages/16/99/e69b196431c25d7fa845bdd8265a0f111d3e036c4b1cac7a98cb4e5a07b9/coverage-6.4.4-cp39-cp39-musllinux_1_1_aarch64.whl"
            },
            {
              "algorithm": "sha256",
              "hash": "dfa0b97eb904255e2ab24166071b27408f1f69c8fbda58e9c0972804851e0558",
              "url": "https://files.pythonhosted.org/packages/1c/59/1d3dae9d3821b81dc17b06438c6918060388457272af20856d42a8bb30b7/coverage-6.4.4-cp39-cp39-manylinux_2_5_x86_64.manylinux1_x86_64.manylinux_2_17_x86_64.manylinux2014_x86_64.whl"
            },
            {
              "algorithm": "sha256",
              "hash": "7a98d6bf6d4ca5c07a600c7b4e0c5350cd483c85c736c522b786be90ea5bac4f",
              "url": "https://files.pythonhosted.org/packages/26/e7/dbbfe7288d846b372229794d7c5f48d55e519d30e1419febea7b1e71478c/coverage-6.4.4-cp39-cp39-manylinux_2_17_aarch64.manylinux2014_aarch64.whl"
            },
            {
              "algorithm": "sha256",
              "hash": "5f444627b3664b80d078c05fe6a850dd711beeb90d26731f11d492dcbadb6973",
              "url": "https://files.pythonhosted.org/packages/2a/20/0adc2c879dcd66b7ab7200525f5e777f17f4dc5b62fa2c37cfb00edfe906/coverage-6.4.4-cp310-cp310-musllinux_1_1_x86_64.whl"
            },
            {
              "algorithm": "sha256",
              "hash": "01778769097dbd705a24e221f42be885c544bb91251747a8a3efdec6eb4788f2",
              "url": "https://files.pythonhosted.org/packages/35/3d/d79b2b927e7cb8dded2a003d22348b918509fe1238ff796a0b2fde9b3718/coverage-6.4.4-cp39-cp39-manylinux_2_5_i686.manylinux1_i686.manylinux_2_17_i686.manylinux2014_i686.whl"
            },
            {
              "algorithm": "sha256",
              "hash": "ff934ced84054b9018665ca3967fc48e1ac99e811f6cc99ea65978e1d384454b",
              "url": "https://files.pythonhosted.org/packages/3a/a5/d43da8a0c3f2c70c2fe897722c5df1f5c7a2c879a0cc92c008fedc7d4026/coverage-6.4.4-cp38-cp38-musllinux_1_1_x86_64.whl"
            },
            {
              "algorithm": "sha256",
              "hash": "14a32ec68d721c3d714d9b105c7acf8e0f8a4f4734c811eda75ff3718570b5e3",
              "url": "https://files.pythonhosted.org/packages/47/5b/55a40be355a47dcccbe584f3dd0ab876638b9f0dafdf489f931ccfc0aef5/coverage-6.4.4-cp37-cp37m-manylinux_2_5_x86_64.manylinux1_x86_64.manylinux_2_17_x86_64.manylinux2014_x86_64.whl"
            },
            {
              "algorithm": "sha256",
              "hash": "8d032bfc562a52318ae05047a6eb801ff31ccee172dc0d2504614e911d8fa83e",
              "url": "https://files.pythonhosted.org/packages/52/68/713c7c49d87327814576c5a70a5a1860f663a848bcff87131606756206f6/coverage-6.4.4-cp38-cp38-manylinux_2_5_i686.manylinux1_i686.manylinux_2_17_i686.manylinux2014_i686.whl"
            },
            {
              "algorithm": "sha256",
              "hash": "fde17bc42e0716c94bf19d92e4c9f5a00c5feb401f5bc01101fdf2a8b7cacf60",
              "url": "https://files.pythonhosted.org/packages/53/0e/6b61f34b20175a9f7556bf573d8fff27bcb835eb83d28f9742ae8dd2c339/coverage-6.4.4-cp310-cp310-macosx_11_0_arm64.whl"
            },
            {
              "algorithm": "sha256",
              "hash": "67f9346aeebea54e845d29b487eb38ec95f2ecf3558a3cffb26ee3f0dcc3e760",
              "url": "https://files.pythonhosted.org/packages/66/0d/8f215abaf11f9a9aa8de5bba713f5c6c225cdd9b8bebe5f0174ff69e7b73/coverage-6.4.4-cp310-cp310-manylinux_2_5_i686.manylinux1_i686.manylinux_2_17_i686.manylinux2014_i686.whl"
            },
            {
              "algorithm": "sha256",
              "hash": "cbbb0e4cd8ddcd5ef47641cfac97d8473ab6b132dd9a46bacb18872828031685",
              "url": "https://files.pythonhosted.org/packages/68/79/96941412db7e0b08e4223a5ffc1b8ce730f4b618d1e1b8f0f336d9054562/coverage-6.4.4-cp38-cp38-macosx_11_0_arm64.whl"
            },
            {
              "algorithm": "sha256",
              "hash": "9cc4f107009bca5a81caef2fca843dbec4215c05e917a59dec0c8db5cff1d2aa",
              "url": "https://files.pythonhosted.org/packages/6a/9a/013fbcffcb0d41d37a3d11e7117c07ea641a36808781e2886fc47a63f166/coverage-6.4.4-cp310-cp310-musllinux_1_1_i686.whl"
            },
            {
              "algorithm": "sha256",
              "hash": "4b7101938584d67e6f45f0015b60e24a95bf8dea19836b1709a80342e01b472f",
              "url": "https://files.pythonhosted.org/packages/6d/de/8cac8a7a0b267ca624e26a42f76b91e64a6e552d8a385650f507e2bb735a/coverage-6.4.4-cp37-cp37m-manylinux_2_5_i686.manylinux1_i686.manylinux_2_17_i686.manylinux2014_i686.whl"
            },
            {
              "algorithm": "sha256",
              "hash": "564cd0f5b5470094df06fab676c6d77547abfdcb09b6c29c8a97c41ad03b103c",
              "url": "https://files.pythonhosted.org/packages/6d/fd/5714bf6cc7023ad0e8cd0b157e9f7a44582911e67f6972df4c97d94dea32/coverage-6.4.4-cp38-cp38-macosx_10_9_x86_64.whl"
            },
            {
              "algorithm": "sha256",
              "hash": "e7b4da9bafad21ea45a714d3ea6f3e1679099e420c8741c74905b92ee9bfa7cc",
              "url": "https://files.pythonhosted.org/packages/6e/d3/0619002f2f597165ecf3fd897edd0b0ebfff70d174e1ca3751444228c63c/coverage-6.4.4-cp310-cp310-macosx_10_9_x86_64.whl"
            },
            {
              "algorithm": "sha256",
              "hash": "e16c45b726acb780e1e6f88b286d3c10b3914ab03438f32117c4aa52d7f30d58",
              "url": "https://files.pythonhosted.org/packages/79/f3/8c1af7233f874b5df281397e2b96bedf58dc440bd8c6fdbf93a4436c517a/coverage-6.4.4.tar.gz"
            },
            {
              "algorithm": "sha256",
              "hash": "783bc7c4ee524039ca13b6d9b4186a67f8e63d91342c713e88c1865a38d0892a",
              "url": "https://files.pythonhosted.org/packages/80/53/e523456026517a2c6dfe19e84526097bacc09de7a179cb676274e84f5bce/coverage-6.4.4-cp38-cp38-musllinux_1_1_i686.whl"
            },
            {
              "algorithm": "sha256",
              "hash": "a3b2752de32c455f2521a51bd3ffb53c5b3ae92736afde67ce83477f5c1dd928",
              "url": "https://files.pythonhosted.org/packages/80/ec/7c93af6468c697cb118a3113a72e0a30143227c1a2cf5111ca958dd429db/coverage-6.4.4-cp37-cp37m-musllinux_1_1_x86_64.whl"
            },
            {
              "algorithm": "sha256",
              "hash": "c35cca192ba700979d20ac43024a82b9b32a60da2f983bec6c0f5b84aead635c",
              "url": "https://files.pythonhosted.org/packages/90/70/c3c2f1398334786028a25215eaf3311149bd0763d3e742809a43410153f4/coverage-6.4.4-cp310-cp310-musllinux_1_1_aarch64.whl"
            },
            {
              "algorithm": "sha256",
              "hash": "cdbb0d89923c80dbd435b9cf8bba0ff55585a3cdb28cbec65f376c041472c60d",
              "url": "https://files.pythonhosted.org/packages/9a/ef/e122a8292d1f1c74fc544a8c577287bbc4601fb933748751994e347eb51c/coverage-6.4.4-cp310-cp310-manylinux_2_17_aarch64.manylinux2014_aarch64.whl"
            },
            {
              "algorithm": "sha256",
              "hash": "7026f5afe0d1a933685d8f2169d7c2d2e624f6255fb584ca99ccca8c0e966fd7",
              "url": "https://files.pythonhosted.org/packages/a4/c4/1984348570df42a746d94b7378952d025ded04d63cc9d81433538f5c1670/coverage-6.4.4-cp311-cp311-manylinux_2_5_x86_64.manylinux1_x86_64.manylinux_2_17_x86_64.manylinux2014_x86_64.whl"
            },
            {
              "algorithm": "sha256",
              "hash": "a095aa0a996ea08b10580908e88fbaf81ecf798e923bbe64fb98d1807db3d68a",
              "url": "https://files.pythonhosted.org/packages/ab/dd/81d47bfc7d8ac747530fec9f8e6d905722c22d446164dc7b82dc84a6dd60/coverage-6.4.4-cp37-cp37m-macosx_10_9_x86_64.whl"
            },
            {
              "algorithm": "sha256",
              "hash": "ef6f44409ab02e202b31a05dd6666797f9de2aa2b4b3534e9d450e42dea5e817",
              "url": "https://files.pythonhosted.org/packages/ab/f7/677f4b843767eda94c5f6e91b5a65a81117e1c234845db2ff080eed1eb63/coverage-6.4.4-cp37-cp37m-manylinux_2_17_aarch64.manylinux2014_aarch64.whl"
            },
            {
              "algorithm": "sha256",
              "hash": "c1328d0c2f194ffda30a45f11058c02410e679456276bfa0bbe0b0ee87225fac",
              "url": "https://files.pythonhosted.org/packages/b6/d1/f795dd86aec5c7d2d50df62e5878df0a4339d28ff2db59c6bf5915124d7a/coverage-6.4.4-cp311-cp311-macosx_10_9_x86_64.whl"
            },
            {
              "algorithm": "sha256",
              "hash": "6113e4df2fa73b80f77663445be6d567913fb3b82a86ceb64e44ae0e4b695de1",
              "url": "https://files.pythonhosted.org/packages/bc/21/f15a517f7b4df38bf9379c3e010d7c4b1473b07564f5ca3012266da20930/coverage-6.4.4-cp38-cp38-manylinux_2_17_aarch64.manylinux2014_aarch64.whl"
            },
            {
              "algorithm": "sha256",
              "hash": "fc600f6ec19b273da1d85817eda339fb46ce9eef3e89f220055d8696e0a06908",
              "url": "https://files.pythonhosted.org/packages/ca/0e/e60fbc65bc054d904984ccd2a52c122fd291c682b5713b37dbb978f853bb/coverage-6.4.4-cp39-cp39-macosx_11_0_arm64.whl"
            },
            {
              "algorithm": "sha256",
              "hash": "6a864733b22d3081749450466ac80698fe39c91cb6849b2ef8752fd7482011f3",
              "url": "https://files.pythonhosted.org/packages/db/d3/78e1c001e260223ea18a013d33aaa62262b3de3b673045dea2711bcb91ee/coverage-6.4.4-cp37-cp37m-musllinux_1_1_aarch64.whl"
            },
            {
              "algorithm": "sha256",
              "hash": "08002f9251f51afdcc5e3adf5d5d66bb490ae893d9e21359b085f0e03390a820",
              "url": "https://files.pythonhosted.org/packages/e2/e8/c803da1ca88ca49ebdb926b0e07c4b4c413e670320e8656acfa99df4a78b/coverage-6.4.4-cp37-cp37m-musllinux_1_1_i686.whl"
            },
            {
              "algorithm": "sha256",
              "hash": "42c499c14efd858b98c4e03595bf914089b98400d30789511577aa44607a1b74",
              "url": "https://files.pythonhosted.org/packages/e9/01/2633d1b187b316796bc115301a4d164eada99a23a6060b36b95549db283b/coverage-6.4.4-cp310-cp310-manylinux_2_5_x86_64.manylinux1_x86_64.manylinux_2_17_x86_64.manylinux2014_x86_64.whl"
            },
            {
              "algorithm": "sha256",
              "hash": "ab066f5ab67059d1f1000b5e1aa8bbd75b6ed1fc0014559aea41a9eb66fc2ce0",
              "url": "https://files.pythonhosted.org/packages/ec/71/7d6d62e7fe7f41300693cf170980f4ba044dadf2448c6e42ad4493785df9/coverage-6.4.4-cp311-cp311-musllinux_1_1_x86_64.whl"
            },
            {
              "algorithm": "sha256",
              "hash": "ee2b2fb6eb4ace35805f434e0f6409444e1466a47f620d1d5763a22600f0f892",
              "url": "https://files.pythonhosted.org/packages/f8/b7/d047c9817aa3ac7244fa12d47e4ab19521976fc3ee7e62be63c87f3a0eb2/coverage-6.4.4-cp311-cp311-musllinux_1_1_i686.whl"
            },
            {
              "algorithm": "sha256",
              "hash": "6913dddee2deff8ab2512639c5168c3e80b3ebb0f818fed22048ee46f735351a",
              "url": "https://files.pythonhosted.org/packages/f9/f5/d3bea1146b7ee22323b667abc029e3be962a162e036e9d30459e6d554a8a/coverage-6.4.4-cp39-cp39-musllinux_1_1_x86_64.whl"
            },
            {
              "algorithm": "sha256",
              "hash": "61b993f3998ee384935ee423c3d40894e93277f12482f6e777642a0141f55782",
              "url": "https://files.pythonhosted.org/packages/fc/13/a14a2d54bff51896f0ce15341e17afea444616d6dc785bb3f8cc4725ca78/coverage-6.4.4-cp311-cp311-manylinux_2_17_aarch64.manylinux2014_aarch64.whl"
            },
            {
              "algorithm": "sha256",
              "hash": "98c0b9e9b572893cdb0a00e66cf961a238f8d870d4e1dc8e679eb8bdc2eb1b86",
              "url": "https://files.pythonhosted.org/packages/fd/1a/8b2f6aabf828e9795855001848ce72370819fffca883714eb25aa6d00b38/coverage-6.4.4-cp39-cp39-macosx_10_9_x86_64.whl"
            },
            {
              "algorithm": "sha256",
              "hash": "d5dd4b8e9cd0deb60e6fcc7b0647cbc1da6c33b9e786f9c79721fd303994832f",
              "url": "https://files.pythonhosted.org/packages/ff/3b/b3f7aabd4045d9f8bda678fdc7d9b41055ac134756aa2c02b1e8f417ca30/coverage-6.4.4-cp311-cp311-manylinux_2_5_i686.manylinux1_i686.manylinux_2_17_i686.manylinux2014_i686.whl"
            },
            {
              "algorithm": "sha256",
              "hash": "e431e305a1f3126477abe9a184624a85308da8edf8486a863601d58419d26ffa",
              "url": "https://files.pythonhosted.org/packages/ff/ea/6c2a493978acccf81e15cc33089156dbfa89db9c68a4b36e018a4a7fbfe7/coverage-6.4.4-cp38-cp38-manylinux_2_5_x86_64.manylinux1_x86_64.manylinux_2_17_x86_64.manylinux2014_x86_64.whl"
            }
          ],
          "project_name": "coverage",
          "requires_dists": [
            "tomli; python_full_version <= \"3.11.0a6\" and extra == \"toml\""
          ],
          "requires_python": ">=3.7",
          "version": "6.4.4"
        },
        {
          "artifacts": [
            {
              "algorithm": "sha256",
              "hash": "939de3e7a6161af0c887ef91b7d41a53e7c5a1ca976325f429cb46ea9bc30ecc",
              "url": "https://files.pythonhosted.org/packages/97/75/10a9ebee3fd790d20926a90a2547f0bf78f371b2f13aa822c759680ca7b9/tomli-2.0.1-py3-none-any.whl"
            },
            {
              "algorithm": "sha256",
              "hash": "de526c12914f0c550d15924c62d72abc48d6fe7364aa87328337a31007fe8a4f",
              "url": "https://files.pythonhosted.org/packages/c0/3f/d7af728f075fb08564c5949a9c95e44352e23dee646869fa104a3b2060a3/tomli-2.0.1.tar.gz"
            }
          ],
          "project_name": "tomli",
          "requires_dists": [],
          "requires_python": ">=3.7",
          "version": "2.0.1"
        }
      ],
      "platform_tag": null
    }
  ],
  "path_mappings": {},
  "pex_version": "2.1.99",
  "prefer_older_binary": false,
  "requirements": [
    "coverage[toml]<7.0,>=6.4"
  ],
  "requires_python": [
    "<4,>=3.7"
  ],
  "resolver_version": "pip-2020-resolver",
  "style": "universal",
  "target_systems": [
    "linux",
    "mac"
  ],
  "transitive": true,
  "use_pep517": null
}
