// This lockfile was autogenerated by Pants. To regenerate, run:
//
//    ./pants generate-lockfiles --resolve=mypy-extra-type-stubs
//
// --- BEGIN PANTS LOCKFILE METADATA: DO NOT EDIT OR REMOVE ---
// {
//   "version": 3,
//   "valid_for_interpreter_constraints": [
//     "CPython==3.11.2",
//     "CPython==3.9.*"
//   ],
//   "generated_with_requirements": [
//     "types-Jinja2",
//     "types-PyYAML",
//     "types-aiofiles",
//     "types-cachetools",
//     "types-click",
//     "types-pkg_resources",
//     "types-python-dateutil",
//     "types-redis",
//     "types-setuptools",
//     "types-six",
//     "types-tabulate"
//   ],
//   "manylinux": "manylinux2014",
//   "requirement_constraints": [],
//   "only_binary": [],
//   "no_binary": []
// }
// --- END PANTS LOCKFILE METADATA ---

{
  "allow_builds": true,
  "allow_prereleases": false,
  "allow_wheels": true,
  "build_isolation": true,
  "constraints": [],
  "locked_resolves": [
    {
      "locked_requirements": [
        {
          "artifacts": [
            {
              "algorithm": "sha256",
              "hash": "98d85c6a2bef81588d9227dde12db8a7f47f639f4a17c9ae08e773aa9c697bf3",
              "url": "https://files.pythonhosted.org/packages/da/ff/ab939e2c7b3f40d851c0f7192c876f1910f3442080c9c846532993ec3cef/cffi-1.15.1-cp39-cp39-musllinux_1_1_x86_64.whl"
            },
            {
              "algorithm": "sha256",
              "hash": "a591fe9e525846e4d154205572a029f653ada1a78b93697f3b5a8f1f2bc055b9",
              "url": "https://files.pythonhosted.org/packages/10/72/617ee266192223a38b67149c830bd9376b69cf3551e1477abc72ff23ef8e/cffi-1.15.1-cp311-cp311-manylinux_2_12_i686.manylinux2010_i686.manylinux_2_17_i686.manylinux2014_i686.whl"
            },
            {
              "algorithm": "sha256",
              "hash": "54a2db7b78338edd780e7ef7f9f6c442500fb0d41a5a4ea24fff1c929d5af585",
              "url": "https://files.pythonhosted.org/packages/18/8f/5ff70c7458d61fa8a9752e5ee9c9984c601b0060aae0c619316a1e1f1ee5/cffi-1.15.1-cp39-cp39-macosx_10_9_x86_64.whl"
            },
            {
              "algorithm": "sha256",
              "hash": "3d08afd128ddaa624a48cf2b859afef385b720bb4b43df214f85616922e6a5ac",
              "url": "https://files.pythonhosted.org/packages/23/8b/2e8c2469eaf89f7273ac685164949a7e644cdfe5daf1c036564208c3d26b/cffi-1.15.1-cp311-cp311-macosx_10_9_x86_64.whl"
            },
            {
              "algorithm": "sha256",
              "hash": "d400bfb9a37b1351253cb402671cea7e89bdecc294e8016a707f6d1d8ac934f9",
              "url": "https://files.pythonhosted.org/packages/2b/a8/050ab4f0c3d4c1b8aaa805f70e26e84d0e27004907c5b8ecc1d31815f92a/cffi-1.15.1.tar.gz"
            },
            {
              "algorithm": "sha256",
              "hash": "5d598b938678ebf3c67377cdd45e09d431369c3b1a5b331058c338e201f12b27",
              "url": "https://files.pythonhosted.org/packages/2d/86/3ca57cddfa0419f6a95d1c8478f8f622ba597e3581fd501bbb915b20eb75/cffi-1.15.1-cp39-cp39-manylinux_2_17_x86_64.manylinux2014_x86_64.whl"
            },
            {
              "algorithm": "sha256",
              "hash": "94411f22c3985acaec6f83c6df553f2dbe17b698cc7f8ae751ff2237d96b9e3c",
              "url": "https://files.pythonhosted.org/packages/37/5a/c37631a86be838bdd84cc0259130942bf7e6e32f70f4cab95f479847fb91/cffi-1.15.1-cp311-cp311-manylinux_2_17_x86_64.manylinux2014_x86_64.whl"
            },
            {
              "algorithm": "sha256",
              "hash": "fcd131dd944808b5bdb38e6f5b53013c5aa4f334c5cad0c72742f6eba4b73db0",
              "url": "https://files.pythonhosted.org/packages/3a/75/a162315adeaf47e94a3b7f886a8e31d77b9e525a387eef2d6f0efc96a7c8/cffi-1.15.1-cp39-cp39-macosx_11_0_arm64.whl"
            },
            {
              "algorithm": "sha256",
              "hash": "91fc98adde3d7881af9b59ed0294046f3806221863722ba7d8d120c575314325",
              "url": "https://files.pythonhosted.org/packages/5d/4e/4e0bb5579b01fdbfd4388bd1eb9394a989e1336203a4b7f700d887b233c1/cffi-1.15.1-cp311-cp311-manylinux_2_17_ppc64le.manylinux2014_ppc64le.whl"
            },
            {
              "algorithm": "sha256",
              "hash": "03425bdae262c76aad70202debd780501fabeaca237cdfddc008987c0e0f59ef",
              "url": "https://files.pythonhosted.org/packages/71/d7/0fe0d91b0bbf610fb7254bb164fa8931596e660d62e90fb6289b7ee27b09/cffi-1.15.1-cp311-cp311-musllinux_1_1_i686.whl"
            },
            {
              "algorithm": "sha256",
              "hash": "6c9a799e985904922a4d207a94eae35c78ebae90e128f0c4e521ce339396be9d",
              "url": "https://files.pythonhosted.org/packages/77/b7/d3618d612be01e184033eab90006f8ca5b5edafd17bf247439ea4e167d8a/cffi-1.15.1-cp39-cp39-manylinux_2_17_aarch64.manylinux2014_aarch64.whl"
            },
            {
              "algorithm": "sha256",
              "hash": "7473e861101c9e72452f9bf8acb984947aa1661a7704553a9f6e4baa5ba64415",
              "url": "https://files.pythonhosted.org/packages/85/1f/a3c533f8d377da5ca7edb4f580cc3edc1edbebc45fac8bb3ae60f1176629/cffi-1.15.1-cp39-cp39-manylinux_2_12_i686.manylinux2010_i686.manylinux_2_17_i686.manylinux2014_i686.whl"
            },
            {
              "algorithm": "sha256",
              "hash": "3548db281cd7d2561c9ad9984681c95f7b0e38881201e157833a2342c30d5e8c",
              "url": "https://files.pythonhosted.org/packages/91/bc/b7723c2fe7a22eee71d7edf2102cd43423d5f95ff3932ebaa2f82c7ec8d0/cffi-1.15.1-cp311-cp311-manylinux_2_17_aarch64.manylinux2014_aarch64.whl"
            },
            {
              "algorithm": "sha256",
              "hash": "3bcde07039e586f91b45c88f8583ea7cf7a0770df3a1649627bf598332cb6984",
              "url": "https://files.pythonhosted.org/packages/a9/ba/e082df21ebaa9cb29f2c4e1d7e49a29b90fcd667d43632c6674a16d65382/cffi-1.15.1-cp39-cp39-manylinux_2_17_ppc64le.manylinux2014_ppc64le.whl"
            },
            {
              "algorithm": "sha256",
              "hash": "db0fbb9c62743ce59a9ff687eb5f4afbe77e5e8403d6697f7446e5f609976f76",
              "url": "https://files.pythonhosted.org/packages/ad/26/7b3a73ab7d82a64664c7c4ea470e4ec4a3c73bb4f02575c543a41e272de5/cffi-1.15.1-cp39-cp39-musllinux_1_1_i686.whl"
            },
            {
              "algorithm": "sha256",
              "hash": "33ab79603146aace82c2427da5ca6e58f2b3f2fb5da893ceac0c42218a40be35",
              "url": "https://files.pythonhosted.org/packages/af/cb/53b7bba75a18372d57113ba934b27d0734206c283c1dfcc172347fbd9f76/cffi-1.15.1-cp39-cp39-manylinux_2_17_s390x.manylinux2014_s390x.whl"
            },
            {
              "algorithm": "sha256",
              "hash": "cc4d65aeeaa04136a12677d3dd0b1c0c94dc43abac5860ab33cceb42b801c1e8",
              "url": "https://files.pythonhosted.org/packages/d3/56/3e94aa719ae96eeda8b68b3ec6e347e0a23168c6841dc276ccdcdadc9f32/cffi-1.15.1-cp311-cp311-musllinux_1_1_x86_64.whl"
            },
            {
              "algorithm": "sha256",
              "hash": "3799aecf2e17cf585d977b780ce79ff0dc9b78d799fc694221ce814c2c19db83",
              "url": "https://files.pythonhosted.org/packages/f9/96/fc9e118c47b7adc45a0676f413b4a47554e5f3b6c99b8607ec9726466ef1/cffi-1.15.1-cp311-cp311-macosx_11_0_arm64.whl"
            }
          ],
          "project_name": "cffi",
          "requires_dists": [
            "pycparser"
          ],
          "requires_python": null,
          "version": "1.15.1"
        },
        {
          "artifacts": [
            {
              "algorithm": "sha256",
              "hash": "aec5a6c9864be7df2240c382740fcf3b96928c46604eaa7f3091f58b878c0bb6",
              "url": "https://files.pythonhosted.org/packages/0d/16/5020ab7f5b45bdf269473d08a0a1aac68ee0100e3b7d9dbd9806a156be9c/cryptography-39.0.1-pp39-pypy39_pp73-manylinux_2_28_x86_64.whl"
            },
            {
              "algorithm": "sha256",
              "hash": "e422abdec8b5fa8462aa016786680720d78bdce7a30c652b7fadf83a4ba35336",
              "url": "https://files.pythonhosted.org/packages/0d/6c/782116f2554b6de1304fac48f9e9c933881ed6cebfd30f01b78f0f68aadf/cryptography-39.0.1-pp39-pypy39_pp73-macosx_10_12_x86_64.whl"
            },
            {
              "algorithm": "sha256",
              "hash": "35f7c7d015d474f4011e859e93e789c87d21f6f4880ebdc29896a60403328f1f",
              "url": "https://files.pythonhosted.org/packages/14/61/c64c064ffaf1a52c7ee4a29caf3ed88755b016cb0523d841e63eb33a4976/cryptography-39.0.1-cp36-abi3-manylinux_2_28_aarch64.whl"
            },
            {
              "algorithm": "sha256",
              "hash": "f24077a3b5298a5a06a8e0536e3ea9ec60e4c7ac486755e5fb6e6ea9b3500106",
              "url": "https://files.pythonhosted.org/packages/1b/90/3c06f3f7a74dad0955536088c3b743a74e8c57c265f2c7a4b61cebb369c1/cryptography-39.0.1-cp36-abi3-manylinux_2_28_x86_64.whl"
            },
            {
              "algorithm": "sha256",
              "hash": "5aa67414fcdfa22cf052e640cb5ddc461924a045cacf325cd164e65312d99502",
              "url": "https://files.pythonhosted.org/packages/2f/c7/06087b04cd870f5acfdc10f8ba252f7985b32c82d4ff96cba05e5f034bf3/cryptography-39.0.1-cp36-abi3-manylinux_2_24_x86_64.whl"
            },
            {
              "algorithm": "sha256",
              "hash": "b0afd054cd42f3d213bf82c629efb1ee5f22eba35bf0eec88ea9ea7304f511a2",
              "url": "https://files.pythonhosted.org/packages/38/b3/d65aec10017f0829c5eb66cdff367904f9c6e3303065167c64b899f7de38/cryptography-39.0.1-pp39-pypy39_pp73-manylinux_2_17_aarch64.manylinux2014_aarch64.manylinux_2_24_aarch64.whl"
            },
            {
              "algorithm": "sha256",
              "hash": "83e17b26de248c33f3acffb922748151d71827d6021d98c70e6c1a25ddd78505",
              "url": "https://files.pythonhosted.org/packages/3f/e9/78f7ca03dff233ca976ed3d40d0376a57f37033be2a90f18dfe090943c97/cryptography-39.0.1-cp36-abi3-manylinux_2_17_aarch64.manylinux2014_aarch64.whl"
            },
            {
              "algorithm": "sha256",
              "hash": "6f8ba7f0328b79f08bdacc3e4e66fb4d7aab0c3584e0bd41328dce5262e26b2e",
              "url": "https://files.pythonhosted.org/packages/57/90/b7b306ebe813526e5ecd284686abbf84a0b22fd2518e3189d6a8fb54a14d/cryptography-39.0.1-pp39-pypy39_pp73-manylinux_2_24_x86_64.whl"
            },
            {
              "algorithm": "sha256",
              "hash": "ef8b72fa70b348724ff1218267e7f7375b8de4e8194d1636ee60510aae104cd0",
              "url": "https://files.pythonhosted.org/packages/67/07/bda0ebf53c15b37bc7a074d114a16629f640255cf3cc890695371b86b2b7/cryptography-39.0.1-pp39-pypy39_pp73-manylinux_2_28_aarch64.whl"
            },
            {
              "algorithm": "sha256",
              "hash": "f0c64d1bd842ca2633e74a1a28033d139368ad959872533b1bab8c80e8240a0c",
              "url": "https://files.pythonhosted.org/packages/67/db/8bf23a46eb3d428514ce83a8047bab4304338548bbd891fded615551b032/cryptography-39.0.1-cp36-abi3-musllinux_1_1_aarch64.whl"
            },
            {
              "algorithm": "sha256",
              "hash": "d1f6198ee6d9148405e49887803907fe8962a23e6c6f83ea7d98f1c0de375695",
              "url": "https://files.pythonhosted.org/packages/6a/f5/a729774d087e50fffd1438b3877a91e9281294f985bda0fd15bf99016c78/cryptography-39.0.1.tar.gz"
            },
            {
              "algorithm": "sha256",
              "hash": "5d2d8b87a490bfcd407ed9d49093793d0f75198a35e6eb1a923ce1ee86c62b41",
              "url": "https://files.pythonhosted.org/packages/98/51/1c0cedac9ac405adc5da60f5c9884c0ff6af8ccb8caa8173b807baa5bd4a/cryptography-39.0.1-cp36-abi3-manylinux_2_17_aarch64.manylinux2014_aarch64.manylinux_2_24_aarch64.whl"
            },
            {
              "algorithm": "sha256",
              "hash": "e124352fd3db36a9d4a21c1aa27fd5d051e621845cb87fb851c08f4f75ce8be6",
              "url": "https://files.pythonhosted.org/packages/bb/03/20b85e10571c919fd4862465c53ae40b6494fa7f82fd74131f401ce504f6/cryptography-39.0.1-cp36-abi3-manylinux_2_17_x86_64.manylinux2014_x86_64.whl"
            },
            {
              "algorithm": "sha256",
              "hash": "706843b48f9a3f9b9911979761c91541e3d90db1ca905fd63fee540a217698bc",
              "url": "https://files.pythonhosted.org/packages/cd/e0/f531855bda1e5c4d782518ab9b03b2e26370a5996d5b81aea2130a6582f7/cryptography-39.0.1-cp36-abi3-macosx_10_12_x86_64.whl"
            },
            {
              "algorithm": "sha256",
              "hash": "0f8da300b5c8af9f98111ffd512910bc792b4c77392a9523624680f7956a99d4",
              "url": "https://files.pythonhosted.org/packages/ce/cf/678181421aa1506c7669c1ccbe8737203fb628406b2cd7e24b6eb0e12429/cryptography-39.0.1-cp36-abi3-musllinux_1_1_x86_64.whl"
            },
            {
              "algorithm": "sha256",
              "hash": "6687ef6d0a6497e2b58e7c5b852b53f62142cfa7cd1555795758934da363a965",
              "url": "https://files.pythonhosted.org/packages/d6/af/14bcaf14195de7855612dd79d5e04a6d0b88bebc2cb3a6544110065ea8d4/cryptography-39.0.1-cp36-abi3-macosx_10_12_universal2.whl"
            }
          ],
          "project_name": "cryptography",
          "requires_dists": [
            "bcrypt>=3.1.5; extra == \"ssh\"",
            "black; extra == \"pep8test\"",
            "cffi>=1.12",
            "check-manifest; extra == \"pep8test\"",
            "hypothesis!=3.79.2,>=1.11.4; extra == \"test\"",
            "iso8601; extra == \"test\"",
            "mypy; extra == \"pep8test\"",
            "pretend; extra == \"test\"",
            "pyenchant>=1.6.11; extra == \"docstest\"",
            "pytest-benchmark; extra == \"test\"",
            "pytest-cov; extra == \"test\"",
            "pytest-randomly; extra == \"test-randomorder\"",
            "pytest-shard>=0.1.2; extra == \"test\"",
            "pytest-subtests; extra == \"test\"",
            "pytest-xdist; extra == \"test\"",
            "pytest>=6.2.0; extra == \"test\"",
            "pytz; extra == \"test\"",
            "ruff; extra == \"pep8test\"",
            "setuptools-rust>=0.11.4; extra == \"sdist\"",
            "sphinx-rtd-theme>=1.1.1; extra == \"docs\"",
            "sphinx>=5.3.0; extra == \"docs\"",
            "sphinxcontrib-spelling>=4.0.1; extra == \"docstest\"",
            "tox; extra == \"tox\"",
            "twine>=1.12.0; extra == \"docstest\"",
            "types-pytz; extra == \"pep8test\"",
            "types-requests; extra == \"pep8test\""
          ],
          "requires_python": ">=3.6",
          "version": "39.0.1"
        },
        {
          "artifacts": [
            {
              "algorithm": "sha256",
              "hash": "8ee45429555515e1f6b185e78100aea234072576aa43ab53aefcae078162fca9",
              "url": "https://files.pythonhosted.org/packages/62/d5/5f610ebe421e85889f2e55e33b7f9a6795bd982198517d912eb1c76e1a53/pycparser-2.21-py2.py3-none-any.whl"
            },
            {
              "algorithm": "sha256",
              "hash": "e644fdec12f7872f86c58ff790da456218b10f863970249516d60a5eaca77206",
              "url": "https://files.pythonhosted.org/packages/5e/0b/95d387f5f4433cb0f53ff7ad859bd2c6051051cebbb564f139a999ab46de/pycparser-2.21.tar.gz"
            }
          ],
          "project_name": "pycparser",
          "requires_dists": [],
          "requires_python": "!=3.0.*,!=3.1.*,!=3.2.*,!=3.3.*,>=2.7",
          "version": "2.21"
        },
        {
          "artifacts": [
            {
              "algorithm": "sha256",
              "hash": "d0bdc4d978528c6df37816879b7ff9dc0096dd70483d885e9c8624a560f31cc5",
              "url": "https://files.pythonhosted.org/packages/8f/71/65305884d5fd4d66008aaa4c9355f67db46b94631626db9560b1b321454c/types_aiofiles-22.1.0.9-py3-none-any.whl"
            },
            {
              "algorithm": "sha256",
              "hash": "d46712556746cb4c9b63f86217c8cc0e9c54b5cf228ed9d8c1c21e38c2d9de99",
              "url": "https://files.pythonhosted.org/packages/e7/9b/902015fc53fb64d0404b8e3f7e83bc3c05ec42d6a3dcfade0af16a7dc221/types-aiofiles-22.1.0.9.tar.gz"
            }
          ],
          "project_name": "types-aiofiles",
          "requires_dists": [],
          "requires_python": null,
          "version": "22.1.0.9"
        },
        {
          "artifacts": [
            {
              "algorithm": "sha256",
              "hash": "13bc10afc3d8038b0eeb7c684239ca5ec15329dc6a8571fce13448200049fbb7",
              "url": "https://files.pythonhosted.org/packages/ff/c7/89ddf9d6c25a8ca3633eca467fb6f7d9a78a6075be143483a71b81930716/types_cachetools-5.3.0.3-py3-none-any.whl"
            },
            {
              "algorithm": "sha256",
              "hash": "f8077c7de6810bb347e243a2d4fa08ef301dba9ce5f697892db58ecb5c304d10",
              "url": "https://files.pythonhosted.org/packages/a4/f6/a3a34afaba99ba1770c2499fda6a081d8ea87607170e3ba335f088cc1d41/types-cachetools-5.3.0.3.tar.gz"
            }
          ],
          "project_name": "types-cachetools",
          "requires_dists": [],
          "requires_python": null,
          "version": "5.3.0.3"
        },
        {
          "artifacts": [
            {
              "algorithm": "sha256",
              "hash": "8cb030a669e2e927461be9827375f83c16b8178c365852c060a34e24871e7e81",
              "url": "https://files.pythonhosted.org/packages/ee/ad/607454a5f991c5b3e14693a7113926758f889138371058a5f72f567fa131/types_click-7.1.8-py3-none-any.whl"
            },
            {
              "algorithm": "sha256",
              "hash": "b6604968be6401dc516311ca50708a0a28baa7a0cb840efd7412f0dbbff4e092",
              "url": "https://files.pythonhosted.org/packages/00/ff/0e6a56108d45c80c61cdd4743312d0304d8192482aea4cce96c554aaa90d/types-click-7.1.8.tar.gz"
            }
          ],
          "project_name": "types-click",
          "requires_dists": [],
          "requires_python": null,
          "version": "7.1.8"
        },
        {
          "artifacts": [
            {
              "algorithm": "sha256",
              "hash": "b7e182f371cbe20828a8750ffb150219968452445946f66f33778b08e81c7d89",
              "url": "https://files.pythonhosted.org/packages/5f/29/6202635f76fc30ccae4363ea18ae0fb91e2f2dbf1226794e4977734282f9/types_docutils-0.19.1.6-py3-none-any.whl"
            },
            {
              "algorithm": "sha256",
              "hash": "a334a703a8688910d0869464f1f6f8bd330d75843bdab4f893547bfb29417a01",
              "url": "https://files.pythonhosted.org/packages/6b/8a/46c0b39106daaba6c8be75131d8d4f13e71768852fd7756d80bc5ff53ed8/types-docutils-0.19.1.6.tar.gz"
            }
          ],
          "project_name": "types-docutils",
          "requires_dists": [],
          "requires_python": null,
          "version": "0.19.1.6"
        },
        {
          "artifacts": [
            {
              "algorithm": "sha256",
              "hash": "60a1e21e8296979db32f9374d8a239af4cb541ff66447bb915d8ad398f9c63b2",
              "url": "https://files.pythonhosted.org/packages/b7/b0/e79d84748f1d34304f13191424348a719c3febaa3493835370fe9528e1e6/types_Jinja2-2.11.9-py3-none-any.whl"
            },
            {
              "algorithm": "sha256",
              "hash": "dbdc74a40aba7aed520b7e4d89e8f0fe4286518494208b35123bcf084d4b8c81",
              "url": "https://files.pythonhosted.org/packages/46/c4/b82309bfed8195de7997672deac301bd6f5bd5cbb6a3e392b7fe780d7852/types-Jinja2-2.11.9.tar.gz"
            }
          ],
          "project_name": "types-jinja2",
          "requires_dists": [
            "types-MarkupSafe"
          ],
          "requires_python": null,
          "version": "2.11.9"
        },
        {
          "artifacts": [
            {
              "algorithm": "sha256",
              "hash": "ca2bee0f4faafc45250602567ef38d533e877d2ddca13003b319c551ff5b3cc5",
              "url": "https://files.pythonhosted.org/packages/bc/d6/b8effb1c48539260a5eb4196afc55efac4ea1684a4991977555eb266b2ef/types_MarkupSafe-1.1.10-py3-none-any.whl"
            },
            {
              "algorithm": "sha256",
              "hash": "85b3a872683d02aea3a5ac2a8ef590193c344092032f58457287fbf8e06711b1",
              "url": "https://files.pythonhosted.org/packages/39/31/b5f059142d058aec41e913d8e0eff0a967e7bc46f9a2ba2f31bc11cff059/types-MarkupSafe-1.1.10.tar.gz"
            }
          ],
          "project_name": "types-markupsafe",
          "requires_dists": [],
          "requires_python": null,
          "version": "1.1.10"
        },
        {
          "artifacts": [
            {
              "algorithm": "sha256",
              "hash": "0cb9972cee992249f93fff1a491bf2dc3ce674e5a1926e27d4f0866f7d9b6d9c",
              "url": "https://files.pythonhosted.org/packages/e9/97/a24ffd614ac2962dabbd599afbed00adf6464604a53b96b5f48301518a5f/types_pkg_resources-0.1.3-py2.py3-none-any.whl"
            },
            {
              "algorithm": "sha256",
              "hash": "834a9b8d3dbea343562fd99d5d3359a726f6bf9d3733bccd2b4f3096fbab9dae",
              "url": "https://files.pythonhosted.org/packages/a4/5c/5e04590a4b9749a33a6b8b93784270a65f8ebdec55a0b7742bb30e2075bb/types-pkg_resources-0.1.3.tar.gz"
            }
          ],
          "project_name": "types-pkg-resources",
          "requires_dists": [],
          "requires_python": null,
          "version": "0.1.3"
        },
        {
          "artifacts": [
            {
              "algorithm": "sha256",
              "hash": "ad49e15bb8bb2f251b8fc24776f414d877629e44b1b049240063ab013b5a6a7d",
              "url": "https://files.pythonhosted.org/packages/c5/e8/436ae1f13c5416118209395b772aee6449aca5aa5f23c67ce9fa0e5bb1b1/types_pyOpenSSL-23.0.0.4-py3-none-any.whl"
            },
            {
              "algorithm": "sha256",
              "hash": "8b3550b6e19d51ce78aabd724b0d8ebd962081a5fce95e7f85a592dfcdbc16bf",
              "url": "https://files.pythonhosted.org/packages/e8/8b/4ddeebfdc5f900a94924061c4f3144aa6079d70378425978bf746febff68/types-pyOpenSSL-23.0.0.4.tar.gz"
            }
          ],
          "project_name": "types-pyopenssl",
          "requires_dists": [
            "cryptography>=35.0.0"
          ],
          "requires_python": null,
          "version": "23.0.0.4"
        },
        {
          "artifacts": [
            {
              "algorithm": "sha256",
              "hash": "6b44741d3e79b2f2ba595f6bfa96f1a5091a00703848547efb3bc5b71df3cf9d",
              "url": "https://files.pythonhosted.org/packages/91/3e/d4df14a5750d565faae8809a955c12eb442aee6adb27f7d60d5d45d33de6/types_python_dateutil-2.8.19.8-py3-none-any.whl"
            },
            {
              "algorithm": "sha256",
              "hash": "316c6b107d055bbd06324b71362e6104102220e6988aa4a388550aa3a8ad5d06",
              "url": "https://files.pythonhosted.org/packages/a5/d2/769e7f9a53faa861040757593180c0f254953de60e018897c39093f0651b/types-python-dateutil-2.8.19.8.tar.gz"
            }
          ],
          "project_name": "types-python-dateutil",
          "requires_dists": [],
          "requires_python": null,
          "version": "2.8.19.8"
        },
        {
          "artifacts": [
            {
              "algorithm": "sha256",
              "hash": "5314a4b2580999b2ea06b2e5f9a7763d860d6e09cdf21c0e9561daa9cbd60178",
              "url": "https://files.pythonhosted.org/packages/f5/a2/3ba05e1ad55e83fb32cc745dc5056347c6c76bf030f3b1ab43e07cd013be/types_PyYAML-6.0.12.8-py3-none-any.whl"
            },
            {
              "algorithm": "sha256",
              "hash": "19304869a89d49af00be681e7b267414df213f4eb89634c4495fa62e8f942b9f",
              "url": "https://files.pythonhosted.org/packages/6e/8f/50d9f23d47e14ede98321802e211456b93ef90b100c39908b7362aa758ff/types-PyYAML-6.0.12.8.tar.gz"
            }
          ],
          "project_name": "types-pyyaml",
          "requires_dists": [],
          "requires_python": null,
          "version": "6.0.12.8"
        },
        {
          "artifacts": [
            {
              "algorithm": "sha256",
              "hash": "68a061e213dedd6bc09433b8fb927f1dd4a5ada017a1f9017453be1a09a9eb5a",
              "url": "https://files.pythonhosted.org/packages/fd/ab/11f067415286bd3d710a809191dafd95f42b77357d833dae680706ba5621/types_redis-4.5.1.3-py3-none-any.whl"
            },
            {
              "algorithm": "sha256",
              "hash": "805160ea01ba5860a7dcd84e36661bca4eca657048f36c4c65116009cfb1ab38",
              "url": "https://files.pythonhosted.org/packages/d3/53/a20444f665dfc12e35b16e002cc09017620ef4e7d269877e7dfd85b58e30/types-redis-4.5.1.3.tar.gz"
            }
          ],
          "project_name": "types-redis",
          "requires_dists": [
            "cryptography>=35.0.0",
            "types-pyOpenSSL"
          ],
          "requires_python": null,
          "version": "4.5.1.3"
        },
        {
          "artifacts": [
            {
              "algorithm": "sha256",
              "hash": "d5da93fba1f91c039cc896e529c605b63c310086fe3311b74875af8c84935f8f",
              "url": "https://files.pythonhosted.org/packages/0a/f2/8011c3380a6f8a631895eab1a04a049aab86f05d56f270fd02b001c61975/types_setuptools-67.4.0.1-py3-none-any.whl"
            },
            {
              "algorithm": "sha256",
              "hash": "c3ad0d029f7cf66a568b100dc89c0202637839a4ed08a08cb56559f5a43ce2d9",
              "url": "https://files.pythonhosted.org/packages/e0/95/70ac094c8c694c328e83e72d26b6c8fa0f882f1cecaae55fbf4441c342e6/types-setuptools-67.4.0.1.tar.gz"
            }
          ],
          "project_name": "types-setuptools",
          "requires_dists": [
            "types-docutils"
          ],
          "requires_python": null,
          "version": "67.4.0.1"
        },
        {
          "artifacts": [
            {
              "algorithm": "sha256",
              "hash": "15b24f0ca13b7c2ec6448ec4d96e8691899525989e53802e99bc5b4c2574382f",
              "url": "https://files.pythonhosted.org/packages/4c/b9/c7e1d460149a571a0cbc8c3847c65545953083a1595a1968239c198949a0/types_six-1.16.21.6-py3-none-any.whl"
            },
            {
              "algorithm": "sha256",
              "hash": "7b6a60ef6b46bc954903fc588161c09183b7a33ee5ebfba556174fa649f4c1e0",
              "url": "https://files.pythonhosted.org/packages/9a/2c/dc04c3e25dec8b9af10052b6d71199a4d5f86e3ad0445bbaf9a51d873eb2/types-six-1.16.21.6.tar.gz"
            }
          ],
          "project_name": "types-six",
          "requires_dists": [],
          "requires_python": null,
          "version": "1.16.21.6"
        },
        {
          "artifacts": [
            {
              "algorithm": "sha256",
              "hash": "be2ea0de05f615ccfcbadf6206aa720e265955eb1de23e343aec9d8bf3fa9aaa",
              "url": "https://files.pythonhosted.org/packages/e1/13/c84c5b0dc85347fb653e091311c8870f47f3173711b45d617801e9ba2de5/types_tabulate-0.9.0.1-py3-none-any.whl"
            },
            {
              "algorithm": "sha256",
              "hash": "e486292c279f19247865bdabe802419740a0e74b53444e7f7a8009e08129da5d",
              "url": "https://files.pythonhosted.org/packages/ac/32/3778b4c2648435e94dee12d5db223e5d515681ca905b36afac4ef76a1327/types-tabulate-0.9.0.1.tar.gz"
            }
          ],
          "project_name": "types-tabulate",
          "requires_dists": [],
          "requires_python": null,
          "version": "0.9.0.1"
        }
      ],
      "platform_tag": null
    }
  ],
  "path_mappings": {},
  "pex_version": "2.1.122",
  "pip_version": "20.3.4-patched",
  "prefer_older_binary": false,
  "requirements": [
    "types-Jinja2",
    "types-PyYAML",
    "types-aiofiles",
    "types-cachetools",
    "types-click",
    "types-pkg_resources",
    "types-python-dateutil",
    "types-redis",
    "types-setuptools",
    "types-six",
    "types-tabulate"
  ],
  "requires_python": [
    "==3.11.2",
    "==3.9.*"
  ],
  "resolver_version": "pip-2020-resolver",
  "style": "universal",
  "target_systems": [
    "linux",
    "mac"
  ],
  "transitive": true,
  "use_pep517": null
}
