// This lockfile was autogenerated by Pants. To regenerate, run:
//
//    pants generate-lockfiles --resolve=mypy
//
// --- BEGIN PANTS LOCKFILE METADATA: DO NOT EDIT OR REMOVE ---
// {
//   "version": 3,
//   "valid_for_interpreter_constraints": [
//     "CPython==3.11.6"
//   ],
//   "generated_with_requirements": [
//     "mypy==1.7.1"
//   ],
//   "manylinux": "manylinux2014",
//   "requirement_constraints": [],
//   "only_binary": [],
//   "no_binary": []
// }
// --- END PANTS LOCKFILE METADATA ---

{
  "allow_builds": true,
  "allow_prereleases": false,
  "allow_wheels": true,
  "build_isolation": true,
  "constraints": [],
  "locked_resolves": [
    {
      "locked_requirements": [
        {
          "artifacts": [
            {
              "algorithm": "sha256",
              "hash": "f7c5d642db47376a0cc130f0de6d055056e010debdaf0707cd2b0fc7e7ef30ea",
              "url": "https://files.pythonhosted.org/packages/10/df/92bb67911c6c1d3faa46e4c9a5d0a93dd343dcf56022d1fb97a0c0ee65eb/mypy-1.7.1-py3-none-any.whl"
            },
            {
              "algorithm": "sha256",
              "hash": "2f7f6985d05a4e3ce8255396df363046c28bea790e40617654e91ed580ca7c51",
              "url": "https://files.pythonhosted.org/packages/10/ee/8d3add501af4905f986fc54b761b227d245b853c254e24fedda26c9152c9/mypy-1.7.1-cp311-cp311-macosx_11_0_arm64.whl"
            },
            {
              "algorithm": "sha256",
              "hash": "9c7ac372232c928fff0645d85f273a726970c014749b924ce5710d7d89763a28",
              "url": "https://files.pythonhosted.org/packages/67/47/5bee43b465abd613cd21fd5220a6a35547a42ce0d312c7a5e887bb11e9c2/mypy-1.7.1-cp311-cp311-musllinux_1_1_x86_64.whl"
            },
            {
              "algorithm": "sha256",
              "hash": "fcb6d9afb1b6208b4c712af0dafdc650f518836065df0d4fb1d800f5d6773db2",
              "url": "https://files.pythonhosted.org/packages/ae/30/05a7c016431b3fdbaf0bcf663aee7c5e4b3d2293cd4e0568140cecae4967/mypy-1.7.1.tar.gz"
            },
            {
              "algorithm": "sha256",
              "hash": "944bdc21ebd620eafefc090cdf83158393ec2b1391578359776c00de00e8907a",
              "url": "https://files.pythonhosted.org/packages/af/9a/ad4b219cf27496653c2312407d6a47593f25f5b53e2d163ade5961cac78c/mypy-1.7.1-cp311-cp311-manylinux_2_17_x86_64.manylinux2014_x86_64.whl"
            },
            {
              "algorithm": "sha256",
              "hash": "4b901927f16224d0d143b925ce9a4e6b3a758010673eeded9b748f250cf4e8f7",
              "url": "https://files.pythonhosted.org/packages/e1/c6/99b845e9eaf7290ff6bdab40e3bbbb5134bebfa56ca622003c24596325c7/mypy-1.7.1-cp311-cp311-macosx_10_9_x86_64.whl"
            },
            {
              "algorithm": "sha256",
              "hash": "d2fcc396b7386cfe50dd13ffe97dd1f30467f4d6d8bea977b19ec84d93b43d5c",
              "url": "https://media.githubusercontent.com/media/lablup/backend.ai-oven/main/pypi/projects/mypy/mypy-1.7.1-cp311-cp311-manylinux_2_17_aarch64.manylinux2014_aarch64.whl"
            },
            {
              "algorithm": "sha256",
              "hash": "d741d733f5d8b8e1c92dcac30359cc6c86916e87fb541a269e60a67bc30d6187",
              "url": "https://media.githubusercontent.com/media/lablup/backend.ai-oven/main/pypi/projects/mypy/mypy-1.7.1-cp311-cp311-musllinux_1_1_aarch64.whl"
            }
          ],
          "project_name": "mypy",
          "requires_dists": [
            "lxml; extra == \"reports\"",
            "mypy-extensions>=1.0.0",
            "pip; extra == \"install-types\"",
            "psutil>=4.0; extra == \"dmypy\"",
            "setuptools>=50; extra == \"mypyc\"",
            "tomli>=1.1.0; python_version < \"3.11\"",
            "typing-extensions>=4.1.0"
          ],
          "requires_python": ">=3.8",
          "version": "1.7.1"
        },
        {
          "artifacts": [
            {
              "algorithm": "sha256",
              "hash": "4392f6c0eb8a5668a69e23d168ffa70f0be9ccfd32b5cc2d26a34ae5b844552d",
              "url": "https://files.pythonhosted.org/packages/2a/e2/5d3f6ada4297caebe1a2add3b126fe800c96f56dbe5d1988a2cbe0b267aa/mypy_extensions-1.0.0-py3-none-any.whl"
            },
            {
              "algorithm": "sha256",
              "hash": "75dbf8955dc00442a438fc4d0666508a9a97b6bd41aa2f0ffe9d2f2725af0782",
              "url": "https://files.pythonhosted.org/packages/98/a4/1ab47638b92648243faf97a5aeb6ea83059cc3624972ab6b8d2316078d3f/mypy_extensions-1.0.0.tar.gz"
            }
          ],
          "project_name": "mypy-extensions",
          "requires_dists": [],
          "requires_python": ">=3.5",
          "version": "1.0.0"
        },
        {
          "artifacts": [
            {
              "algorithm": "sha256",
              "hash": "8f92fc8806f9a6b641eaa5318da32b44d401efaac0f6678c9bc448ba3605faa0",
              "url": "https://files.pythonhosted.org/packages/24/21/7d397a4b7934ff4028987914ac1044d3b7d52712f30e2ac7a2ae5bc86dd0/typing_extensions-4.8.0-py3-none-any.whl"
            },
            {
              "algorithm": "sha256",
              "hash": "df8e4339e9cb77357558cbdbceca33c303714cf861d1eef15e1070055ae8b7ef",
              "url": "https://files.pythonhosted.org/packages/1f/7a/8b94bb016069caa12fc9f587b28080ac33b4fbb8ca369b98bc0a4828543e/typing_extensions-4.8.0.tar.gz"
            }
          ],
          "project_name": "typing-extensions",
          "requires_dists": [],
          "requires_python": ">=3.8",
          "version": "4.8.0"
        }
      ],
      "platform_tag": null
    }
  ],
  "path_mappings": {},
  "pex_version": "2.1.148",
  "pip_version": "23.1.2",
  "prefer_older_binary": false,
  "requirements": [
    "mypy==1.7.1"
  ],
  "requires_python": [
    "==3.11.6"
  ],
  "resolver_version": "pip-2020-resolver",
  "style": "universal",
  "target_systems": [
    "linux",
    "mac"
  ],
  "transitive": true,
  "use_pep517": null
}
