// This lockfile was autogenerated by Pants. To regenerate, run:
//
//    ./pants generate-lockfiles --resolve=mypy-extra-type-stubs
//
// --- BEGIN PANTS LOCKFILE METADATA: DO NOT EDIT OR REMOVE ---
// {
//   "version": 3,
//   "valid_for_interpreter_constraints": [
//     "CPython==3.11.2",
//     "CPython==3.9.*"
//   ],
//   "generated_with_requirements": [
//     "types-pkg_resources",
//     "types-python-dateutil",
//     "types-setuptools",
//     "types-six"
//   ],
//   "manylinux": "manylinux2014",
//   "requirement_constraints": [],
//   "only_binary": [],
//   "no_binary": []
// }
// --- END PANTS LOCKFILE METADATA ---

{
  "allow_builds": true,
  "allow_prereleases": false,
  "allow_wheels": true,
  "build_isolation": true,
  "constraints": [],
  "locked_resolves": [
    {
      "locked_requirements": [
        {
          "artifacts": [
            {
              "algorithm": "sha256",
              "hash": "b7e182f371cbe20828a8750ffb150219968452445946f66f33778b08e81c7d89",
              "url": "https://files.pythonhosted.org/packages/5f/29/6202635f76fc30ccae4363ea18ae0fb91e2f2dbf1226794e4977734282f9/types_docutils-0.19.1.6-py3-none-any.whl"
            },
            {
              "algorithm": "sha256",
              "hash": "a334a703a8688910d0869464f1f6f8bd330d75843bdab4f893547bfb29417a01",
              "url": "https://files.pythonhosted.org/packages/6b/8a/46c0b39106daaba6c8be75131d8d4f13e71768852fd7756d80bc5ff53ed8/types-docutils-0.19.1.6.tar.gz"
            }
          ],
          "project_name": "types-docutils",
          "requires_dists": [],
          "requires_python": null,
          "version": "0.19.1.6"
        },
        {
          "artifacts": [
            {
              "algorithm": "sha256",
              "hash": "0cb9972cee992249f93fff1a491bf2dc3ce674e5a1926e27d4f0866f7d9b6d9c",
              "url": "https://files.pythonhosted.org/packages/e9/97/a24ffd614ac2962dabbd599afbed00adf6464604a53b96b5f48301518a5f/types_pkg_resources-0.1.3-py2.py3-none-any.whl"
            },
            {
              "algorithm": "sha256",
              "hash": "834a9b8d3dbea343562fd99d5d3359a726f6bf9d3733bccd2b4f3096fbab9dae",
              "url": "https://files.pythonhosted.org/packages/a4/5c/5e04590a4b9749a33a6b8b93784270a65f8ebdec55a0b7742bb30e2075bb/types-pkg_resources-0.1.3.tar.gz"
            }
          ],
          "project_name": "types-pkg-resources",
          "requires_dists": [],
          "requires_python": null,
          "version": "0.1.3"
        },
        {
          "artifacts": [
            {
              "algorithm": "sha256",
              "hash": "6b44741d3e79b2f2ba595f6bfa96f1a5091a00703848547efb3bc5b71df3cf9d",
              "url": "https://files.pythonhosted.org/packages/91/3e/d4df14a5750d565faae8809a955c12eb442aee6adb27f7d60d5d45d33de6/types_python_dateutil-2.8.19.8-py3-none-any.whl"
            },
            {
              "algorithm": "sha256",
              "hash": "316c6b107d055bbd06324b71362e6104102220e6988aa4a388550aa3a8ad5d06",
              "url": "https://files.pythonhosted.org/packages/a5/d2/769e7f9a53faa861040757593180c0f254953de60e018897c39093f0651b/types-python-dateutil-2.8.19.8.tar.gz"
            }
          ],
          "project_name": "types-python-dateutil",
          "requires_dists": [],
          "requires_python": null,
          "version": "2.8.19.8"
        },
        {
          "artifacts": [
            {
              "algorithm": "sha256",
              "hash": "d5da93fba1f91c039cc896e529c605b63c310086fe3311b74875af8c84935f8f",
              "url": "https://files.pythonhosted.org/packages/0a/f2/8011c3380a6f8a631895eab1a04a049aab86f05d56f270fd02b001c61975/types_setuptools-67.4.0.1-py3-none-any.whl"
            },
            {
              "algorithm": "sha256",
              "hash": "c3ad0d029f7cf66a568b100dc89c0202637839a4ed08a08cb56559f5a43ce2d9",
              "url": "https://files.pythonhosted.org/packages/e0/95/70ac094c8c694c328e83e72d26b6c8fa0f882f1cecaae55fbf4441c342e6/types-setuptools-67.4.0.1.tar.gz"
            }
          ],
          "project_name": "types-setuptools",
          "requires_dists": [
            "types-docutils"
          ],
          "requires_python": null,
          "version": "67.4.0.1"
        },
        {
          "artifacts": [
            {
              "algorithm": "sha256",
              "hash": "15b24f0ca13b7c2ec6448ec4d96e8691899525989e53802e99bc5b4c2574382f",
              "url": "https://files.pythonhosted.org/packages/4c/b9/c7e1d460149a571a0cbc8c3847c65545953083a1595a1968239c198949a0/types_six-1.16.21.6-py3-none-any.whl"
            },
            {
              "algorithm": "sha256",
              "hash": "7b6a60ef6b46bc954903fc588161c09183b7a33ee5ebfba556174fa649f4c1e0",
              "url": "https://files.pythonhosted.org/packages/9a/2c/dc04c3e25dec8b9af10052b6d71199a4d5f86e3ad0445bbaf9a51d873eb2/types-six-1.16.21.6.tar.gz"
            }
          ],
          "project_name": "types-six",
          "requires_dists": [],
          "requires_python": null,
          "version": "1.16.21.6"
        }
      ],
      "platform_tag": null
    }
  ],
  "path_mappings": {},
  "pex_version": "2.1.122",
  "pip_version": "20.3.4-patched",
  "prefer_older_binary": false,
  "requirements": [
    "types-pkg_resources",
    "types-python-dateutil",
    "types-setuptools",
    "types-six"
  ],
  "requires_python": [
    "==3.11.2",
    "==3.9.*"
  ],
  "resolver_version": "pip-2020-resolver",
  "style": "universal",
  "target_systems": [
    "linux",
    "mac"
  ],
  "transitive": true,
  "use_pep517": null
}
