// This lockfile was autogenerated by Pants. To regenerate, run:
//
//    pants generate-lockfiles --resolve=ruff
//
// --- BEGIN PANTS LOCKFILE METADATA: DO NOT EDIT OR REMOVE ---
// {
//   "version": 3,
//   "valid_for_interpreter_constraints": [
//     "CPython==3.12.6"
//   ],
//   "generated_with_requirements": [
//     "ruff-lsp~=0.0.56",
//     "ruff~=0.6.4"
//   ],
//   "manylinux": "manylinux2014",
//   "requirement_constraints": [],
//   "only_binary": [],
//   "no_binary": []
// }
// --- END PANTS LOCKFILE METADATA ---

{
  "allow_builds": true,
  "allow_prereleases": false,
  "allow_wheels": true,
  "build_isolation": true,
  "constraints": [],
  "excluded": [],
  "locked_resolves": [
    {
      "locked_requirements": [
        {
          "artifacts": [
            {
              "algorithm": "sha256",
              "hash": "81921eb96de3191c8258c199618104dd27ac608d9366f5e35d011eae1867ede2",
              "url": "https://files.pythonhosted.org/packages/6a/21/5b6702a7f963e95456c0de2d495f67bf5fd62840ac655dc451586d23d39a/attrs-24.2.0-py3-none-any.whl"
            },
            {
              "algorithm": "sha256",
              "hash": "5cfb1b9148b5b086569baec03f20d7b6bf3bcacc9a42bebf87ffaaca362f6346",
              "url": "https://files.pythonhosted.org/packages/fc/0f/aafca9af9315aee06a89ffde799a10a582fe8de76c563ee80bbcdc08b3fb/attrs-24.2.0.tar.gz"
            }
          ],
          "project_name": "attrs",
          "requires_dists": [
            "cloudpickle; platform_python_implementation == \"CPython\" and extra == \"benchmark\"",
            "cloudpickle; platform_python_implementation == \"CPython\" and extra == \"cov\"",
            "cloudpickle; platform_python_implementation == \"CPython\" and extra == \"dev\"",
            "cloudpickle; platform_python_implementation == \"CPython\" and extra == \"tests\"",
            "cogapp; extra == \"docs\"",
            "coverage[toml]>=5.3; extra == \"cov\"",
            "furo; extra == \"docs\"",
            "hypothesis; extra == \"benchmark\"",
            "hypothesis; extra == \"cov\"",
            "hypothesis; extra == \"dev\"",
            "hypothesis; extra == \"tests\"",
            "importlib-metadata; python_version < \"3.8\"",
            "mypy>=1.11.1; (platform_python_implementation == \"CPython\" and python_version >= \"3.9\") and extra == \"benchmark\"",
            "mypy>=1.11.1; (platform_python_implementation == \"CPython\" and python_version >= \"3.9\") and extra == \"cov\"",
            "mypy>=1.11.1; (platform_python_implementation == \"CPython\" and python_version >= \"3.9\") and extra == \"dev\"",
            "mypy>=1.11.1; (platform_python_implementation == \"CPython\" and python_version >= \"3.9\") and extra == \"tests\"",
            "mypy>=1.11.1; (platform_python_implementation == \"CPython\" and python_version >= \"3.9\") and extra == \"tests-mypy\"",
            "myst-parser; extra == \"docs\"",
            "pre-commit; extra == \"dev\"",
            "pympler; extra == \"benchmark\"",
            "pympler; extra == \"cov\"",
            "pympler; extra == \"dev\"",
            "pympler; extra == \"tests\"",
            "pytest-codspeed; extra == \"benchmark\"",
            "pytest-mypy-plugins; (platform_python_implementation == \"CPython\" and python_version >= \"3.9\" and python_version < \"3.13\") and extra == \"benchmark\"",
            "pytest-mypy-plugins; (platform_python_implementation == \"CPython\" and python_version >= \"3.9\" and python_version < \"3.13\") and extra == \"cov\"",
            "pytest-mypy-plugins; (platform_python_implementation == \"CPython\" and python_version >= \"3.9\" and python_version < \"3.13\") and extra == \"dev\"",
            "pytest-mypy-plugins; (platform_python_implementation == \"CPython\" and python_version >= \"3.9\" and python_version < \"3.13\") and extra == \"tests\"",
            "pytest-mypy-plugins; (platform_python_implementation == \"CPython\" and python_version >= \"3.9\" and python_version < \"3.13\") and extra == \"tests-mypy\"",
            "pytest-xdist[psutil]; extra == \"benchmark\"",
            "pytest-xdist[psutil]; extra == \"cov\"",
            "pytest-xdist[psutil]; extra == \"dev\"",
            "pytest-xdist[psutil]; extra == \"tests\"",
            "pytest>=4.3.0; extra == \"benchmark\"",
            "pytest>=4.3.0; extra == \"cov\"",
            "pytest>=4.3.0; extra == \"dev\"",
            "pytest>=4.3.0; extra == \"tests\"",
            "sphinx-notfound-page; extra == \"docs\"",
            "sphinx; extra == \"docs\"",
            "sphinxcontrib-towncrier; extra == \"docs\"",
            "towncrier<24.7; extra == \"docs\""
          ],
          "requires_python": ">=3.7",
          "version": "24.2.0"
        },
        {
          "artifacts": [
            {
              "algorithm": "sha256",
              "hash": "67c7495b760168d931a10233f979b28dc04daf853b30752246f4f8471c6d68d0",
              "url": "https://files.pythonhosted.org/packages/c8/d5/867e75361fc45f6de75fe277dd085627a9db5ebb511a87f27dc1396b5351/cattrs-24.1.2-py3-none-any.whl"
            },
            {
              "algorithm": "sha256",
              "hash": "8028cfe1ff5382df59dd36474a86e02d817b06eaf8af84555441bac915d2ef85",
              "url": "https://files.pythonhosted.org/packages/64/65/af6d57da2cb32c076319b7489ae0958f746949d407109e3ccf4d115f147c/cattrs-24.1.2.tar.gz"
            }
          ],
          "project_name": "cattrs",
          "requires_dists": [
            "attrs>=23.1.0",
            "cbor2>=5.4.6; extra == \"cbor2\"",
            "exceptiongroup>=1.1.1; python_version < \"3.11\"",
            "msgpack>=1.0.5; extra == \"msgpack\"",
            "msgspec>=0.18.5; implementation_name == \"cpython\" and extra == \"msgspec\"",
            "orjson>=3.9.2; implementation_name == \"cpython\" and extra == \"orjson\"",
            "pymongo>=4.4.0; extra == \"bson\"",
            "pyyaml>=6.0; extra == \"pyyaml\"",
            "tomlkit>=0.11.8; extra == \"tomlkit\"",
            "typing-extensions!=4.6.3,>=4.1.0; python_version < \"3.11\"",
            "ujson>=5.7.0; extra == \"ujson\""
          ],
          "requires_python": ">=3.8",
          "version": "24.1.2"
        },
        {
          "artifacts": [
            {
              "algorithm": "sha256",
              "hash": "c75223c9e4af2f24272b14c6375787438279369236cd568f596d4951052a60f2",
              "url": "https://files.pythonhosted.org/packages/8d/37/2351e48cb3309673492d3a8c59d407b75fb6630e560eb27ecd4da03adc9a/lsprotocol-2023.0.1-py3-none-any.whl"
            },
            {
              "algorithm": "sha256",
              "hash": "cc5c15130d2403c18b734304339e51242d3018a05c4f7d0f198ad6e0cd21861d",
              "url": "https://files.pythonhosted.org/packages/9d/f6/6e80484ec078d0b50699ceb1833597b792a6c695f90c645fbaf54b947e6f/lsprotocol-2023.0.1.tar.gz"
            }
          ],
          "project_name": "lsprotocol",
          "requires_dists": [
            "attrs>=21.3.0",
            "cattrs!=23.2.1"
          ],
          "requires_python": ">=3.7",
          "version": "2023.0.1"
        },
        {
          "artifacts": [
            {
              "algorithm": "sha256",
              "hash": "5b8f2217dbdbd2f7f384c41c628544e6d52f2d0f53c6d0c3ea61aa5d1d7ff124",
              "url": "https://files.pythonhosted.org/packages/08/aa/cc0199a5f0ad350994d660967a8efb233fe0416e4639146c089643407ce6/packaging-24.1-py3-none-any.whl"
            },
            {
              "algorithm": "sha256",
              "hash": "026ed72c8ed3fcce5bf8950572258698927fd1dbda10a5e981cdf0ac37f4f002",
              "url": "https://files.pythonhosted.org/packages/51/65/50db4dda066951078f0a96cf12f4b9ada6e4b811516bf0262c0f4f7064d4/packaging-24.1.tar.gz"
            }
          ],
          "project_name": "packaging",
          "requires_dists": [],
          "requires_python": ">=3.8",
          "version": "24.1"
        },
        {
          "artifacts": [
            {
              "algorithm": "sha256",
              "hash": "6e00f11efc56321bdeb6eac04f6d86131f654c7d49124344a9ebb968da3dd91e",
              "url": "https://files.pythonhosted.org/packages/11/19/b74a10dd24548e96e8c80226cbacb28b021bc3a168a7d2709fb0d0185348/pygls-1.3.1-py3-none-any.whl"
            },
            {
              "algorithm": "sha256",
              "hash": "140edceefa0da0e9b3c533547c892a42a7d2fd9217ae848c330c53d266a55018",
              "url": "https://files.pythonhosted.org/packages/86/b9/41d173dad9eaa9db9c785a85671fc3d68961f08d67706dc2e79011e10b5c/pygls-1.3.1.tar.gz"
            }
          ],
          "project_name": "pygls",
          "requires_dists": [
            "cattrs>=23.1.2",
            "lsprotocol==2023.0.1",
            "websockets>=11.0.3; extra == \"ws\""
          ],
          "requires_python": ">=3.8",
          "version": "1.3.1"
        },
        {
          "artifacts": [
            {
              "algorithm": "sha256",
              "hash": "a0e1655868164e114ba43a908fd2d64a271a23660195017c17691fb6355d59bb",
              "url": "https://files.pythonhosted.org/packages/0b/25/df6f2575bc9fe43a6dedfd8dee12896f09a94303e2c828d5f85856bb69a0/ruff-0.6.7-py3-none-musllinux_1_2_x86_64.whl"
            },
            {
              "algorithm": "sha256",
              "hash": "17a86aac6f915932d259f7bec79173e356165518859f94649d8c50b81ff087e9",
              "url": "https://files.pythonhosted.org/packages/0e/3e/01b25484f3cb08fe6fddedf1f55f3f3c0af861a5b5f5082fbe60ab4b2596/ruff-0.6.7-py3-none-manylinux_2_17_aarch64.manylinux2014_aarch64.whl"
            },
            {
              "algorithm": "sha256",
              "hash": "08277b217534bfdcc2e1377f7f933e1c7957453e8a79764d004e44c40db923f2",
              "url": "https://files.pythonhosted.org/packages/22/c4/1c5c636f83f905c537785016e9cdd7a36df53c025a2d07940580ecb37bcf/ruff-0.6.7-py3-none-linux_armv6l.whl"
            },
            {
              "algorithm": "sha256",
              "hash": "533d66b7774ef224e7cf91506a7dafcc9e8ec7c059263ec46629e54e7b1f90ab",
              "url": "https://files.pythonhosted.org/packages/27/25/5dd1c32bfc3ad3136c8ebe84312d1bdd2e6c908ac7f60692ec009b7050a8/ruff-0.6.7-py3-none-macosx_11_0_arm64.whl"
            },
            {
              "algorithm": "sha256",
              "hash": "9ba4efe5c6dbbb58be58dd83feedb83b5e95c00091bf09987b4baf510fee5c99",
              "url": "https://files.pythonhosted.org/packages/52/cf/e08f1c290c7d848ddfb2ae811f24f445c18e1d3e50e01c38ffa7f5a50494/ruff-0.6.7-py3-none-manylinux_2_17_i686.manylinux2014_i686.whl"
            },
            {
              "algorithm": "sha256",
              "hash": "02b083770e4cdb1495ed313f5694c62808e71764ec6ee5db84eedd82fd32d8f5",
              "url": "https://files.pythonhosted.org/packages/84/72/fb335c2b25432c63d15383ecbd7bfc1915e68cdf8d086a08042052144255/ruff-0.6.7-py3-none-musllinux_1_2_aarch64.whl"
            },
            {
              "algorithm": "sha256",
              "hash": "c6707a32e03b791f4448dc0dce24b636cbcdee4dd5607adc24e5ee73fd86c00a",
              "url": "https://files.pythonhosted.org/packages/84/d9/aa15a56be7ad796f4d7625362aff588f9fc013bbb7323a63571628a2cf2d/ruff-0.6.7-py3-none-macosx_10_12_x86_64.whl"
            },
            {
              "algorithm": "sha256",
              "hash": "8854450839f339e1049fdbe15d875384242b8e85d5c6947bb2faad33c651020b",
              "url": "https://files.pythonhosted.org/packages/89/fc/9a83c57baee977c82392e19a328b52cebdaf61601af3d99498e278ef5104/ruff-0.6.7-py3-none-manylinux_2_17_ppc64le.manylinux2014_ppc64le.whl"
            },
            {
              "algorithm": "sha256",
              "hash": "b3f8822defd260ae2460ea3832b24d37d203c3577f48b055590a426a722d50ef",
              "url": "https://files.pythonhosted.org/packages/8a/c9/5bb9b849e4777e0f961de43edf95d2af0ab34999a5feee957be096887876/ruff-0.6.7-py3-none-manylinux_2_17_armv7l.manylinux2014_armv7l.whl"
            },
            {
              "algorithm": "sha256",
              "hash": "44e52129d82266fa59b587e2cd74def5637b730a69c4542525dfdecfaae38bd5",
              "url": "https://files.pythonhosted.org/packages/8d/7c/3045a526c57cef4b5ec4d5d154692e31429749a49810a53e785de334c4f6/ruff-0.6.7.tar.gz"
            },
            {
              "algorithm": "sha256",
              "hash": "0c05fd37013de36dfa883a3854fae57b3113aaa8abf5dea79202675991d48624",
              "url": "https://files.pythonhosted.org/packages/92/a8/d57e135a8ad99b6a0c6e2a5c590bcacdd57f44340174f4409c3893368610/ruff-0.6.7-py3-none-musllinux_1_2_armv7l.whl"
            },
            {
              "algorithm": "sha256",
              "hash": "6b1462fa56c832dc0cea5b4041cfc9c97813505d11cce74ebc6d1aae068de36b",
              "url": "https://files.pythonhosted.org/packages/9f/55/53f10c1bd8c3b2ae79aed18e62b22c6346f9296aa0ec80489b8442bd06a9/ruff-0.6.7-py3-none-manylinux_2_17_x86_64.manylinux2014_x86_64.whl"
            },
            {
              "algorithm": "sha256",
              "hash": "525201b77f94d2b54868f0cbe5edc018e64c22563da6c5c2e5c107a4e85c1c0d",
              "url": "https://files.pythonhosted.org/packages/a2/2d/ca8aa0da5841913c302d8034c6de0ce56c401c685184d8dd23cfdd0003f9/ruff-0.6.7-py3-none-manylinux_2_17_ppc64.manylinux2014_ppc64.whl"
            },
            {
              "algorithm": "sha256",
              "hash": "f49c9caa28d9bbfac4a637ae10327b3db00f47d038f3fbb2195c4d682e925b14",
              "url": "https://files.pythonhosted.org/packages/a7/6f/1a30a6e81dcf2fa9ff3f7011eb87fe76c12a3c6bba74db6a1977d763de1f/ruff-0.6.7-py3-none-musllinux_1_2_i686.whl"
            },
            {
              "algorithm": "sha256",
              "hash": "2f0b62056246234d59cbf2ea66e84812dc9ec4540518e37553513392c171cb18",
              "url": "https://files.pythonhosted.org/packages/d3/a3/254cc7afef702c68ae9079290c2a1477ae0e81478589baf745026d8a4eb5/ruff-0.6.7-py3-none-manylinux_2_17_s390x.manylinux2014_s390x.whl"
            }
          ],
          "project_name": "ruff",
          "requires_dists": [],
          "requires_python": ">=3.7",
          "version": "0.6.7"
        },
        {
          "artifacts": [
            {
              "algorithm": "sha256",
              "hash": "0b63007c415a85200a18815a1367f207ceba51a20653b2a7bc63fe6cb4925cb5",
              "url": "https://files.pythonhosted.org/packages/61/9a/51ad21f7335dc56d26bdd89d9c4f1a556a875ba0d2bbaa5870a7dc6cc2db/ruff_lsp-0.0.57-py3-none-any.whl"
            },
            {
              "algorithm": "sha256",
              "hash": "559b72ba460d0b90aab66ca11785b90ad8c6931509eb56db7dea2a8922bf41a8",
              "url": "https://files.pythonhosted.org/packages/96/b0/ddbd3ead49d20741462874032c5238ee99be755bf9838c9f96470ddfbaa8/ruff_lsp-0.0.57.tar.gz"
            }
          ],
          "project_name": "ruff-lsp",
          "requires_dists": [
            "lsprotocol>=2023.0.0",
            "mypy==1.4.1; extra == \"dev\"",
            "packaging>=23.1",
            "pip-tools<7.0.0,>=6.13.0; extra == \"dev\"",
            "pygls>=1.1.0",
            "pytest-asyncio==0.21.2; extra == \"dev\"",
            "pytest<8.0.0,>=7.3.1; extra == \"dev\"",
            "python-lsp-jsonrpc==1.0.0; extra == \"dev\"",
            "ruff>=0.0.274",
            "typing-extensions"
          ],
          "requires_python": ">=3.7",
          "version": "0.0.57"
        },
        {
          "artifacts": [
            {
              "algorithm": "sha256",
              "hash": "04e5ca0351e0f3f85c6853954072df659d0d13fac324d0072316b67d7794700d",
              "url": "https://files.pythonhosted.org/packages/26/9f/ad63fc0248c5379346306f8668cda6e2e2e9c95e01216d2b8ffd9ff037d0/typing_extensions-4.12.2-py3-none-any.whl"
            },
            {
              "algorithm": "sha256",
              "hash": "1a7ead55c7e559dd4dee8856e3a88b41225abfe1ce8df57b7c13915fe121ffb8",
              "url": "https://files.pythonhosted.org/packages/df/db/f35a00659bc03fec321ba8bce9420de607a1d37f8342eee1863174c69557/typing_extensions-4.12.2.tar.gz"
            }
          ],
          "project_name": "typing-extensions",
          "requires_dists": [],
          "requires_python": ">=3.8",
          "version": "4.12.2"
        }
      ],
      "platform_tag": null
    }
  ],
  "only_builds": [],
  "only_wheels": [],
  "overridden": [],
  "path_mappings": {},
  "pex_version": "2.10.0",
  "pip_version": "24.1.2",
  "prefer_older_binary": false,
  "requirements": [
    "ruff-lsp~=0.0.56",
    "ruff~=0.6.4"
  ],
  "requires_python": [
    "==3.12.6"
  ],
  "resolver_version": "pip-2020-resolver",
  "style": "universal",
  "target_systems": [
    "linux",
    "mac"
  ],
  "transitive": true,
  "use_pep517": null
}
