// This lockfile was autogenerated by Pants. To regenerate, run:
//
//    pants generate-lockfiles --resolve=ruff
//
// --- BEGIN PANTS LOCKFILE METADATA: DO NOT EDIT OR REMOVE ---
// {
//   "version": 3,
//   "valid_for_interpreter_constraints": [
//     "CPython==3.12.4"
//   ],
//   "generated_with_requirements": [
//     "ruff-lsp~=0.0.49",
//     "ruff~=0.1.11"
//   ],
//   "manylinux": "manylinux2014",
//   "requirement_constraints": [],
//   "only_binary": [],
//   "no_binary": []
// }
// --- END PANTS LOCKFILE METADATA ---

{
  "allow_builds": true,
  "allow_prereleases": false,
  "allow_wheels": true,
  "build_isolation": true,
  "constraints": [],
  "locked_resolves": [
    {
      "locked_requirements": [
        {
          "artifacts": [
            {
              "algorithm": "sha256",
              "hash": "99b87a485a5820b23b879f04c2305b44b951b502fd64be915879d77a7e8fc6f1",
              "url": "https://files.pythonhosted.org/packages/e0/44/827b2a91a5816512fcaf3cc4ebc465ccd5d598c45cefa6703fcf4a79018f/attrs-23.2.0-py3-none-any.whl"
            },
            {
              "algorithm": "sha256",
              "hash": "935dc3b529c262f6cf76e50877d35a4bd3c1de194fd41f47a2b7ae8f19971f30",
              "url": "https://files.pythonhosted.org/packages/e3/fc/f800d51204003fa8ae392c4e8278f256206e7a919b708eef054f5f4b650d/attrs-23.2.0.tar.gz"
            }
          ],
          "project_name": "attrs",
          "requires_dists": [
            "attrs[tests-mypy]; extra == \"tests-no-zope\"",
            "attrs[tests-no-zope]; extra == \"tests\"",
            "attrs[tests]; extra == \"cov\"",
            "attrs[tests]; extra == \"dev\"",
            "cloudpickle; platform_python_implementation == \"CPython\" and extra == \"tests-no-zope\"",
            "coverage[toml]>=5.3; extra == \"cov\"",
            "furo; extra == \"docs\"",
            "hypothesis; extra == \"tests-no-zope\"",
            "importlib-metadata; python_version < \"3.8\"",
            "mypy>=1.6; (platform_python_implementation == \"CPython\" and python_version >= \"3.8\") and extra == \"tests-mypy\"",
            "myst-parser; extra == \"docs\"",
            "pre-commit; extra == \"dev\"",
            "pympler; extra == \"tests-no-zope\"",
            "pytest-mypy-plugins; (platform_python_implementation == \"CPython\" and python_version >= \"3.8\") and extra == \"tests-mypy\"",
            "pytest-xdist[psutil]; extra == \"tests-no-zope\"",
            "pytest>=4.3.0; extra == \"tests-no-zope\"",
            "sphinx-notfound-page; extra == \"docs\"",
            "sphinx; extra == \"docs\"",
            "sphinxcontrib-towncrier; extra == \"docs\"",
            "towncrier; extra == \"docs\"",
            "zope-interface; extra == \"docs\"",
            "zope-interface; extra == \"tests\""
          ],
          "requires_python": ">=3.7",
          "version": "23.2.0"
        },
        {
          "artifacts": [
            {
              "algorithm": "sha256",
              "hash": "0341994d94971052e9ee70662542699a3162ea1e0c62f7ce1b4a57f563685108",
              "url": "https://files.pythonhosted.org/packages/b3/0d/cd4a4071c7f38385dc5ba91286723b4d1090b87815db48216212c6c6c30e/cattrs-23.2.3-py3-none-any.whl"
            },
            {
              "algorithm": "sha256",
              "hash": "a934090d95abaa9e911dac357e3a8699e0b4b14f8529bcc7d2b1ad9d51672b9f",
              "url": "https://files.pythonhosted.org/packages/1e/57/c6ccd22658c4bcb3beb3f1c262e1f170cf136e913b122763d0ddd328d284/cattrs-23.2.3.tar.gz"
            }
          ],
          "project_name": "cattrs",
          "requires_dists": [
            "attrs>=23.1.0",
            "cbor2>=5.4.6; extra == \"cbor2\"",
            "exceptiongroup>=1.1.1; python_version < \"3.11\"",
            "msgpack>=1.0.5; extra == \"msgpack\"",
            "orjson>=3.9.2; implementation_name == \"cpython\" and extra == \"orjson\"",
            "pymongo>=4.4.0; extra == \"bson\"",
            "pyyaml>=6.0; extra == \"pyyaml\"",
            "tomlkit>=0.11.8; extra == \"tomlkit\"",
            "typing-extensions!=4.6.3,>=4.1.0; python_version < \"3.11\"",
            "ujson>=5.7.0; extra == \"ujson\""
          ],
          "requires_python": ">=3.8",
          "version": "23.2.3"
        },
        {
          "artifacts": [
            {
              "algorithm": "sha256",
              "hash": "c75223c9e4af2f24272b14c6375787438279369236cd568f596d4951052a60f2",
              "url": "https://files.pythonhosted.org/packages/8d/37/2351e48cb3309673492d3a8c59d407b75fb6630e560eb27ecd4da03adc9a/lsprotocol-2023.0.1-py3-none-any.whl"
            },
            {
              "algorithm": "sha256",
              "hash": "cc5c15130d2403c18b734304339e51242d3018a05c4f7d0f198ad6e0cd21861d",
              "url": "https://files.pythonhosted.org/packages/9d/f6/6e80484ec078d0b50699ceb1833597b792a6c695f90c645fbaf54b947e6f/lsprotocol-2023.0.1.tar.gz"
            }
          ],
          "project_name": "lsprotocol",
          "requires_dists": [
            "attrs>=21.3.0",
            "cattrs!=23.2.1"
          ],
          "requires_python": ">=3.7",
          "version": "2023.0.1"
        },
        {
          "artifacts": [
            {
              "algorithm": "sha256",
              "hash": "5b8f2217dbdbd2f7f384c41c628544e6d52f2d0f53c6d0c3ea61aa5d1d7ff124",
              "url": "https://files.pythonhosted.org/packages/08/aa/cc0199a5f0ad350994d660967a8efb233fe0416e4639146c089643407ce6/packaging-24.1-py3-none-any.whl"
            },
            {
              "algorithm": "sha256",
              "hash": "026ed72c8ed3fcce5bf8950572258698927fd1dbda10a5e981cdf0ac37f4f002",
              "url": "https://files.pythonhosted.org/packages/51/65/50db4dda066951078f0a96cf12f4b9ada6e4b811516bf0262c0f4f7064d4/packaging-24.1.tar.gz"
            }
          ],
          "project_name": "packaging",
          "requires_dists": [],
          "requires_python": ">=3.8",
          "version": "24.1"
        },
        {
          "artifacts": [
            {
              "algorithm": "sha256",
              "hash": "6e00f11efc56321bdeb6eac04f6d86131f654c7d49124344a9ebb968da3dd91e",
              "url": "https://files.pythonhosted.org/packages/11/19/b74a10dd24548e96e8c80226cbacb28b021bc3a168a7d2709fb0d0185348/pygls-1.3.1-py3-none-any.whl"
            },
            {
              "algorithm": "sha256",
              "hash": "140edceefa0da0e9b3c533547c892a42a7d2fd9217ae848c330c53d266a55018",
              "url": "https://files.pythonhosted.org/packages/86/b9/41d173dad9eaa9db9c785a85671fc3d68961f08d67706dc2e79011e10b5c/pygls-1.3.1.tar.gz"
            }
          ],
          "project_name": "pygls",
          "requires_dists": [
            "cattrs>=23.1.2",
            "lsprotocol==2023.0.1",
            "websockets>=11.0.3; extra == \"ws\""
          ],
          "requires_python": ">=3.8",
          "version": "1.3.1"
        },
        {
          "artifacts": [
            {
              "algorithm": "sha256",
              "hash": "1bab866aafb53da39c2cadfb8e1c4550ac5340bb40300083eb8967ba25481447",
              "url": "https://files.pythonhosted.org/packages/e5/bf/de34ad339e0d1f6faa858cbcf793f3abc168b7aa516dd9227d843b992be8/ruff-0.1.15-py3-none-musllinux_1_2_x86_64.whl"
            },
            {
              "algorithm": "sha256",
              "hash": "fd4025ac5e87d9b80e1f300207eb2fd099ff8200fa2320d7dc066a3f4622dc6b",
              "url": "https://files.pythonhosted.org/packages/0c/57/dbc885f94450335fcff82301c4b25cf614894e79d9afbd249714e709ab42/ruff-0.1.15-py3-none-manylinux_2_17_s390x.manylinux2014_s390x.whl"
            },
            {
              "algorithm": "sha256",
              "hash": "5fe8d54df166ecc24106db7dd6a68d44852d14eb0729ea4672bb4d96c320b7df",
              "url": "https://files.pythonhosted.org/packages/11/2c/fac0658910ea3ea87a23583e58277533154261b73f9460388eb2e6e02e8f/ruff-0.1.15-py3-none-macosx_10_12_x86_64.macosx_11_0_arm64.macosx_10_12_universal2.whl"
            },
            {
              "algorithm": "sha256",
              "hash": "e0d432aec35bfc0d800d4f70eba26e23a352386be3a6cf157083d18f6f5881c8",
              "url": "https://files.pythonhosted.org/packages/18/d7/2199ecb42cef4d70de0e72ce4ca8878d060e25fe4434cb66f51e26158a2a/ruff-0.1.15-py3-none-manylinux_2_17_aarch64.manylinux2014_aarch64.whl"
            },
            {
              "algorithm": "sha256",
              "hash": "b17b93c02cdb6aeb696effecea1095ac93f3884a49a554a9afa76bb125c114c1",
              "url": "https://files.pythonhosted.org/packages/39/75/8dea2fc156ae525971fdada8723f78e605dcf89428f5686728438b12f9ef/ruff-0.1.15-py3-none-manylinux_2_17_x86_64.manylinux2014_x86_64.whl"
            },
            {
              "algorithm": "sha256",
              "hash": "f6dfa8c1b21c913c326919056c390966648b680966febcb796cc9d1aaab8564e",
              "url": "https://files.pythonhosted.org/packages/42/33/7165f88a156be1c2fd13a18b3af6e75bbf82da5b6978cd2128d666accc18/ruff-0.1.15.tar.gz"
            },
            {
              "algorithm": "sha256",
              "hash": "ddb87643be40f034e97e97f5bc2ef7ce39de20e34608f3f829db727a93fb82c5",
              "url": "https://files.pythonhosted.org/packages/47/41/96b770475c46590bfd051ca0c5f797b2d45f2638c45f3a9daf1ae55b96d6/ruff-0.1.15-py3-none-musllinux_1_2_aarch64.whl"
            },
            {
              "algorithm": "sha256",
              "hash": "6f8ad828f01e8dd32cc58bc28375150171d198491fc901f6f98d2a39ba8e3ff5",
              "url": "https://files.pythonhosted.org/packages/55/09/c09d0f9b41d1f5e3de117579f2fcdb7063fd76cd92d6614eae1b77ccbccb/ruff-0.1.15-py3-none-manylinux_2_17_ppc64.manylinux2014_ppc64.whl"
            },
            {
              "algorithm": "sha256",
              "hash": "6f0bfbb53c4b4de117ac4d6ddfd33aa5fc31beeaa21d23c45c6dd249faf9126f",
              "url": "https://files.pythonhosted.org/packages/5b/c1/2116927385c761ffb786dfb77654a634ecd7803dee4de3b47b59536374f1/ruff-0.1.15-py3-none-macosx_10_12_x86_64.whl"
            },
            {
              "algorithm": "sha256",
              "hash": "86811954eec63e9ea162af0ffa9f8d09088bab51b7438e8b6488b9401863c25e",
              "url": "https://files.pythonhosted.org/packages/72/48/c9dfc2c87dc6b92446d8092c2be25b42ca4fb201cecb2499996ccf483c34/ruff-0.1.15-py3-none-manylinux_2_17_ppc64le.manylinux2014_ppc64le.whl"
            },
            {
              "algorithm": "sha256",
              "hash": "c66ec24fe36841636e814b8f90f572a8c0cb0e54d8b5c2d0e300d28a0d7bffec",
              "url": "https://files.pythonhosted.org/packages/98/fa/2a627747a5a5f7e1d3447704f795fd35d486460838485762cd569ef8eb0e/ruff-0.1.15-py3-none-manylinux_2_17_i686.manylinux2014_i686.whl"
            },
            {
              "algorithm": "sha256",
              "hash": "6c629cf64bacfd136c07c78ac10a54578ec9d1bd2a9d395efbee0935868bf852",
              "url": "https://files.pythonhosted.org/packages/b8/85/da93f0fc8f2424cf776fcce6daef9291162345179d16faf1401ff2890068/ruff-0.1.15-py3-none-musllinux_1_2_i686.whl"
            },
            {
              "algorithm": "sha256",
              "hash": "9405fa9ac0e97f35aaddf185a1be194a589424b8713e3b97b762336ec79ff807",
              "url": "https://files.pythonhosted.org/packages/bb/e0/8a6f9db2c5b8c7108c7e7347cd6beca805d1b2ae618569c72f2515d11e52/ruff-0.1.15-py3-none-manylinux_2_17_armv7l.manylinux2014_armv7l.whl"
            },
            {
              "algorithm": "sha256",
              "hash": "abf4822129ed3a5ce54383d5f0e964e7fef74a41e48eb1dfad404151efc130a2",
              "url": "https://files.pythonhosted.org/packages/e8/ca/4066dbcc3631a4efe1fe695f42f20aca50474d760b3bd8e57d7565d75aa5/ruff-0.1.15-py3-none-musllinux_1_2_armv7l.whl"
            }
          ],
          "project_name": "ruff",
          "requires_dists": [],
          "requires_python": ">=3.7",
          "version": "0.1.15"
        },
        {
          "artifacts": [
            {
              "algorithm": "sha256",
              "hash": "1cc7d2f1cb69cbea1dfeba0f2d7dd5832bc68b0b052c7166530bcce63aa75f57",
              "url": "https://files.pythonhosted.org/packages/b0/84/fdf5ea32fb3bedb784f5c45d1888c905a71031b65b016a33c828bfc6a131/ruff_lsp-0.0.54-py3-none-any.whl"
            },
            {
              "algorithm": "sha256",
              "hash": "33e1d4dd20ca481fc6a811afcfdd451798c22fc39f2104df23c2855e322a0582",
              "url": "https://files.pythonhosted.org/packages/aa/ff/68b1dd0bf5bce5d4bfbad6fcfddc7fc46ea070e0d191aa9a2972acb51f8a/ruff_lsp-0.0.54.tar.gz"
            }
          ],
          "project_name": "ruff-lsp",
          "requires_dists": [
            "lsprotocol>=2023.0.0",
            "mypy==1.4.1; extra == \"dev\"",
            "packaging>=23.1",
            "pip-tools<7.0.0,>=6.13.0; extra == \"dev\"",
            "pygls>=1.1.0",
            "pytest-asyncio==0.21.2; extra == \"dev\"",
            "pytest<8.0.0,>=7.3.1; extra == \"dev\"",
            "python-lsp-jsonrpc==1.0.0; extra == \"dev\"",
            "ruff>=0.0.274",
            "typing-extensions"
          ],
          "requires_python": ">=3.7",
          "version": "0.0.54"
        },
        {
          "artifacts": [
            {
              "algorithm": "sha256",
              "hash": "04e5ca0351e0f3f85c6853954072df659d0d13fac324d0072316b67d7794700d",
              "url": "https://files.pythonhosted.org/packages/26/9f/ad63fc0248c5379346306f8668cda6e2e2e9c95e01216d2b8ffd9ff037d0/typing_extensions-4.12.2-py3-none-any.whl"
            },
            {
              "algorithm": "sha256",
              "hash": "1a7ead55c7e559dd4dee8856e3a88b41225abfe1ce8df57b7c13915fe121ffb8",
              "url": "https://files.pythonhosted.org/packages/df/db/f35a00659bc03fec321ba8bce9420de607a1d37f8342eee1863174c69557/typing_extensions-4.12.2.tar.gz"
            }
          ],
          "project_name": "typing-extensions",
          "requires_dists": [],
          "requires_python": ">=3.8",
          "version": "4.12.2"
        }
      ],
      "platform_tag": null
    }
  ],
  "only_builds": [],
  "only_wheels": [],
  "path_mappings": {},
  "pex_version": "2.3.1",
  "pip_version": "24.0",
  "prefer_older_binary": false,
  "requirements": [
    "ruff-lsp~=0.0.49",
    "ruff~=0.1.11"
  ],
  "requires_python": [
    "==3.12.4"
  ],
  "resolver_version": "pip-2020-resolver",
  "style": "universal",
  "target_systems": [
    "linux",
    "mac"
  ],
  "transitive": true,
  "use_pep517": null
}
