// This lockfile was autogenerated by Pants. To regenerate, run:
//
//    pants generate-lockfiles --resolve=ruff
//
// --- BEGIN PANTS LOCKFILE METADATA: DO NOT EDIT OR REMOVE ---
// {
//   "version": 3,
//   "valid_for_interpreter_constraints": [
//     "CPython==3.11.6"
//   ],
//   "generated_with_requirements": [
//     "ruff-lsp~=0.0.41",
//     "ruff~=0.1.1"
//   ],
//   "manylinux": "manylinux2014",
//   "requirement_constraints": [],
//   "only_binary": [],
//   "no_binary": []
// }
// --- END PANTS LOCKFILE METADATA ---

{
  "allow_builds": true,
  "allow_prereleases": false,
  "allow_wheels": true,
  "build_isolation": true,
  "constraints": [],
  "locked_resolves": [
    {
      "locked_requirements": [
        {
          "artifacts": [
            {
              "algorithm": "sha256",
              "hash": "1f28b4522cdc2fb4256ac1a020c78acf9cba2c6b461ccd2c126f3aa8e8335d04",
              "url": "https://files.pythonhosted.org/packages/f0/eb/fcb708c7bf5056045e9e98f62b93bd7467eb718b0202e7698eb11d66416c/attrs-23.1.0-py3-none-any.whl"
            },
            {
              "algorithm": "sha256",
              "hash": "6279836d581513a26f1bf235f9acd333bc9115683f14f7e8fae46c98fc50e015",
              "url": "https://files.pythonhosted.org/packages/97/90/81f95d5f705be17872843536b1868f351805acf6971251ff07c1b8334dbb/attrs-23.1.0.tar.gz"
            }
          ],
          "project_name": "attrs",
          "requires_dists": [
            "attrs[docs,tests]; extra == \"dev\"",
            "attrs[tests-no-zope]; extra == \"tests\"",
            "attrs[tests]; extra == \"cov\"",
            "cloudpickle; platform_python_implementation == \"CPython\" and extra == \"tests-no-zope\"",
            "coverage[toml]>=5.3; extra == \"cov\"",
            "furo; extra == \"docs\"",
            "hypothesis; extra == \"tests-no-zope\"",
            "importlib-metadata; python_version < \"3.8\"",
            "mypy>=1.1.1; platform_python_implementation == \"CPython\" and extra == \"tests-no-zope\"",
            "myst-parser; extra == \"docs\"",
            "pre-commit; extra == \"dev\"",
            "pympler; extra == \"tests-no-zope\"",
            "pytest-mypy-plugins; platform_python_implementation == \"CPython\" and python_version < \"3.11\" and extra == \"tests-no-zope\"",
            "pytest-xdist[psutil]; extra == \"tests-no-zope\"",
            "pytest>=4.3.0; extra == \"tests-no-zope\"",
            "sphinx-notfound-page; extra == \"docs\"",
            "sphinx; extra == \"docs\"",
            "sphinxcontrib-towncrier; extra == \"docs\"",
            "towncrier; extra == \"docs\"",
            "zope-interface; extra == \"docs\"",
            "zope-interface; extra == \"tests\""
          ],
          "requires_python": ">=3.7",
          "version": "23.1.0"
        },
        {
          "artifacts": [
            {
              "algorithm": "sha256",
              "hash": "b2bb14311ac17bed0d58785e5a60f022e5431aca3932e3fc5cc8ed8639de50a4",
              "url": "https://files.pythonhosted.org/packages/3a/ba/05df14efaa0624fac6b1510e87f5ce446208d2f6ce50270a89b6268aebfe/cattrs-23.1.2-py3-none-any.whl"
            },
            {
              "algorithm": "sha256",
              "hash": "db1c821b8c537382b2c7c66678c3790091ca0275ac486c76f3c8f3920e83c657",
              "url": "https://files.pythonhosted.org/packages/68/d4/27f9fd840e74d51b6d6a024d39ff495b56ffde71d28eb82758b7b85d0617/cattrs-23.1.2.tar.gz"
            }
          ],
          "project_name": "cattrs",
          "requires_dists": [
            "PyYAML<7.0,>=6.0; extra == \"pyyaml\"",
            "attrs>=20",
            "cbor2<6.0.0,>=5.4.6; extra == \"cbor2\"",
            "exceptiongroup; python_version < \"3.11\"",
            "msgpack<2.0.0,>=1.0.2; extra == \"msgpack\"",
            "orjson<4.0.0,>=3.5.2; implementation_name == \"cpython\" and extra == \"orjson\"",
            "pymongo<5.0.0,>=4.2.0; extra == \"bson\"",
            "tomlkit<0.12.0,>=0.11.4; python_version < \"4\" and extra == \"tomlkit\"",
            "typing_extensions>=4.1.0; python_version < \"3.11\"",
            "ujson<6.0.0,>=5.4.0; extra == \"ujson\""
          ],
          "requires_python": ">=3.7",
          "version": "23.1.2"
        },
        {
          "artifacts": [
            {
              "algorithm": "sha256",
              "hash": "ade2cd0fa0ede7965698cb59cd05d3adbd19178fd73e83f72ef57a032fbb9d62",
              "url": "https://files.pythonhosted.org/packages/8c/20/689ffb1a95b7909e8b34227fd931ea27987fc7e80d6be49b7ad1bc1e8e5e/lsprotocol-2023.0.0b1-py3-none-any.whl"
            },
            {
              "algorithm": "sha256",
              "hash": "f7a2d4655cbd5639f373ddd1789807450c543341fa0a32b064ad30dbb9f510d4",
              "url": "https://files.pythonhosted.org/packages/22/a1/4df53bbe3663de65ad90c6bbc2e6e8779b61fba1e13ee9a21a0f2f7db8f9/lsprotocol-2023.0.0b1.tar.gz"
            }
          ],
          "project_name": "lsprotocol",
          "requires_dists": [
            "attrs>=21.3.0",
            "cattrs"
          ],
          "requires_python": ">=3.7",
          "version": "2023.0.0b1"
        },
        {
          "artifacts": [
            {
              "algorithm": "sha256",
              "hash": "8c491190033a9af7e1d931d0b5dacc2ef47509b34dd0de67ed209b5203fc88c7",
              "url": "https://files.pythonhosted.org/packages/ec/1a/610693ac4ee14fcdf2d9bf3c493370e4f2ef7ae2e19217d7a237ff42367d/packaging-23.2-py3-none-any.whl"
            },
            {
              "algorithm": "sha256",
              "hash": "048fb0e9405036518eaaf48a55953c750c11e1a1b68e0dd1a9d62ed0c092cfc5",
              "url": "https://files.pythonhosted.org/packages/fb/2b/9b9c33ffed44ee921d0967086d653047286054117d584f1b1a7c22ceaf7b/packaging-23.2.tar.gz"
            }
          ],
          "project_name": "packaging",
          "requires_dists": [],
          "requires_python": ">=3.7",
          "version": "23.2"
        },
        {
          "artifacts": [
            {
              "algorithm": "sha256",
              "hash": "330704551a335b443bf1cdfb0507f121608591095898d451f0007eeb1510067c",
              "url": "https://files.pythonhosted.org/packages/41/60/d53486230087ef4d585a6f7d0998db28ac054aae58b65eacca261d6f65fa/pygls-1.1.1-py3-none-any.whl"
            },
            {
              "algorithm": "sha256",
              "hash": "b1b4ddd6f800a5573f61f0ec2cd3bc7a859d171f48142b46e1de35a1357c00fe",
              "url": "https://files.pythonhosted.org/packages/b2/02/cedb2febde8ff53ec21d299159027dc8a9423118f2d3ab7151441a79e972/pygls-1.1.1.tar.gz"
            }
          ],
          "project_name": "pygls",
          "requires_dists": [
            "lsprotocol==2023.0.0b1",
            "typeguard<4.0.0,>=3.0.0",
            "websockets<12.0.0,>=11.0.3; extra == \"ws\""
          ],
          "requires_python": "<4,>=3.7.9",
          "version": "1.1.1"
        },
        {
          "artifacts": [
            {
              "algorithm": "sha256",
              "hash": "3521bf910104bf781e6753282282acc145cbe3eff79a1ce6b920404cd756075a",
              "url": "https://files.pythonhosted.org/packages/3b/55/30b7c9574a9a297c3552ed9589dc4f25b33fd611186ee46289209a6ba258/ruff-0.1.1-py3-none-musllinux_1_2_x86_64.whl"
            },
            {
              "algorithm": "sha256",
              "hash": "c34ae501d0ec71acf19ee5d4d889e379863dcc4b796bf8ce2934a9357dc31db7",
              "url": "https://files.pythonhosted.org/packages/1a/70/82d7ce4b51c869d35cba803f42e13faad464de5b55cdf39bc3d847ccf3d5/ruff-0.1.1-py3-none-manylinux_2_17_i686.manylinux2014_i686.whl"
            },
            {
              "algorithm": "sha256",
              "hash": "3305d1cb4eb8ff6d3e63a48d1659d20aab43b49fe987b3ca4900528342367145",
              "url": "https://files.pythonhosted.org/packages/46/38/7e19b77ddb4d86fa2f9235c249ab1654caa0f02c9235cff9d88c0dcfe44d/ruff-0.1.1-py3-none-manylinux_2_17_armv7l.manylinux2014_armv7l.whl"
            },
            {
              "algorithm": "sha256",
              "hash": "d3f9ac658ba29e07b95c80fa742b059a55aefffa8b1e078bc3c08768bdd4b11a",
              "url": "https://files.pythonhosted.org/packages/51/58/072ecb4007db28207e0851ba2cf369c3594ea34c9e36c0972fb3c729330c/ruff-0.1.1-py3-none-musllinux_1_2_i686.whl"
            },
            {
              "algorithm": "sha256",
              "hash": "6aa7e63c3852cf8fe62698aef31e563e97143a4b801b57f920012d0e07049a8d",
              "url": "https://files.pythonhosted.org/packages/58/7a/e0adc4c6025a0b8946f3d740cd64efb68e3a2cabc096c399f297d4a6112a/ruff-0.1.1-py3-none-manylinux_2_17_ppc64.manylinux2014_ppc64.whl"
            },
            {
              "algorithm": "sha256",
              "hash": "c90461ae4abec261609e5ea436de4a4b5f2822921cf04c16d2cc9327182dbbcc",
              "url": "https://files.pythonhosted.org/packages/73/4b/cf99e57ea6c43a58b0d61ea890e48a685d11141a5066328a097c57c4ce29/ruff-0.1.1.tar.gz"
            },
            {
              "algorithm": "sha256",
              "hash": "2a909d3930afdbc2e9fd893b0034479e90e7981791879aab50ce3d9f55205bd6",
              "url": "https://files.pythonhosted.org/packages/b2/0b/f9895d1d66fd51016e4afba1f8a8e9cc29369a3458fd424c84f2dca6c97f/ruff-0.1.1-py3-none-manylinux_2_17_aarch64.manylinux2014_aarch64.whl"
            },
            {
              "algorithm": "sha256",
              "hash": "f4780e2bb52f3863a565ec3f699319d3493b83ff95ebbb4993e59c62aaf6e75e",
              "url": "https://files.pythonhosted.org/packages/b7/52/88ee6aa24ab165d2e2223f889f6deaf5da130f72b802d5ca2700d2dd9301/ruff-0.1.1-py3-none-musllinux_1_2_aarch64.whl"
            },
            {
              "algorithm": "sha256",
              "hash": "b7cdc893aef23ccc14c54bd79a8109a82a2c527e11d030b62201d86f6c2b81c5",
              "url": "https://files.pythonhosted.org/packages/b8/59/6cba8b54c761949a2087a45b6321962680d8520574a6561230e8b00886aa/ruff-0.1.1-py3-none-macosx_10_7_x86_64.whl"
            },
            {
              "algorithm": "sha256",
              "hash": "bc11955f6ce3398d2afe81ad7e49d0ebf0a581d8bcb27b8c300281737735e3a3",
              "url": "https://files.pythonhosted.org/packages/c4/99/e3a8095addade38a4e7e4cb6996589a3719ce441ab8fad5989b732738a6f/ruff-0.1.1-py3-none-manylinux_2_17_s390x.manylinux2014_s390x.whl"
            },
            {
              "algorithm": "sha256",
              "hash": "cbbd8eead88ea83a250499074e2a8e9d80975f0b324b1e2e679e4594da318c25",
              "url": "https://files.pythonhosted.org/packages/ce/66/40fca1c9fc95b4bbb5c144fba10791f88dfe266bb49972d4c077238a589d/ruff-0.1.1-py3-none-manylinux_2_17_x86_64.manylinux2014_x86_64.whl"
            },
            {
              "algorithm": "sha256",
              "hash": "2d68367d1379a6b47e61bc9de144a47bcdb1aad7903bbf256e4c3d31f11a87ae",
              "url": "https://files.pythonhosted.org/packages/d5/18/e194039641d966a8e12726fc6d69cce945ffd3dabe9330ccb66f59e1e93a/ruff-0.1.1-py3-none-manylinux_2_17_ppc64le.manylinux2014_ppc64le.whl"
            },
            {
              "algorithm": "sha256",
              "hash": "8f5b24daddf35b6c207619301170cae5d2699955829cda77b6ce1e5fc69340df",
              "url": "https://files.pythonhosted.org/packages/e1/9f/5683d370050cf8711b55cbb641ce6faa01ac974f15a779035b9848b4e57e/ruff-0.1.1-py3-none-musllinux_1_2_armv7l.whl"
            },
            {
              "algorithm": "sha256",
              "hash": "620d4b34302538dbd8bbbe8fdb8e8f98d72d29bd47e972e2b59ce6c1e8862257",
              "url": "https://files.pythonhosted.org/packages/e9/d9/3455496a84145334703cf2665c9823c0f55065e9dd126ba012660ad8e9b9/ruff-0.1.1-py3-none-macosx_10_9_x86_64.macosx_11_0_arm64.macosx_10_9_universal2.whl"
            }
          ],
          "project_name": "ruff",
          "requires_dists": [],
          "requires_python": ">=3.7",
          "version": "0.1.1"
        },
        {
          "artifacts": [
            {
              "algorithm": "sha256",
              "hash": "62dc0ea43a26d5c518174ed01f1128499f9a45804343b160951c78dac5cfb5a6",
              "url": "https://files.pythonhosted.org/packages/02/28/7595fb0dcda5a5a8e2fd896044fd090fe259eb705e883ec7b9ce697cf558/ruff_lsp-0.0.41-py3-none-any.whl"
            },
            {
              "algorithm": "sha256",
              "hash": "76d235279e067995971ddfc840fa4950d479adb793cb511fc5a75c362beec0d6",
              "url": "https://files.pythonhosted.org/packages/0a/f5/ece4de09458e38d81e124936fecd74ca8b97f6ef02eaccac4fa39e56df86/ruff_lsp-0.0.41.tar.gz"
            }
          ],
          "project_name": "ruff-lsp",
          "requires_dists": [
            "lsprotocol>=2023.0.0a1",
            "mypy==1.4.1; extra == \"dev\"",
            "packaging>=23.1",
            "pip-tools<7.0.0,>=6.13.0; extra == \"dev\"",
            "pygls>=1.1.0",
            "pytest-asyncio==0.21.1; extra == \"dev\"",
            "pytest<8.0.0,>=7.3.1; extra == \"dev\"",
            "python-lsp-jsonrpc==1.0.0; extra == \"dev\"",
            "ruff>=0.0.274",
            "typing-extensions"
          ],
          "requires_python": ">=3.7",
          "version": "0.0.41"
        },
        {
          "artifacts": [
            {
              "algorithm": "sha256",
              "hash": "bbe993854385284ab42fd5bd3bee6f6556577ce8b50696d6cb956d704f286c8e",
              "url": "https://files.pythonhosted.org/packages/e2/62/7d206b0ac6fcbb163215ecc622a54eb747f85ad86d14bc513a834442d0f6/typeguard-3.0.2-py3-none-any.whl"
            },
            {
              "algorithm": "sha256",
              "hash": "fee5297fdb28f8e9efcb8142b5ee219e02375509cd77ea9d270b5af826358d5a",
              "url": "https://files.pythonhosted.org/packages/af/40/3398497c6e6951c92abaf933492d6633e7ac4df0bfc9d81f304b3f977f15/typeguard-3.0.2.tar.gz"
            }
          ],
          "project_name": "typeguard",
          "requires_dists": [
            "importlib-metadata>=3.6; python_version < \"3.10\"",
            "mypy>=0.991; platform_python_implementation != \"PyPy\" and extra == \"test\"",
            "packaging; extra == \"doc\"",
            "pytest>=7; extra == \"test\"",
            "sphinx-autodoc-typehints>=1.2.0; extra == \"doc\"",
            "sphinx-rtd-theme; extra == \"doc\"",
            "typing-extensions>=4.4.0; python_version < \"3.11\""
          ],
          "requires_python": ">=3.7.4",
          "version": "3.0.2"
        },
        {
          "artifacts": [
            {
              "algorithm": "sha256",
              "hash": "8f92fc8806f9a6b641eaa5318da32b44d401efaac0f6678c9bc448ba3605faa0",
              "url": "https://files.pythonhosted.org/packages/24/21/7d397a4b7934ff4028987914ac1044d3b7d52712f30e2ac7a2ae5bc86dd0/typing_extensions-4.8.0-py3-none-any.whl"
            },
            {
              "algorithm": "sha256",
              "hash": "df8e4339e9cb77357558cbdbceca33c303714cf861d1eef15e1070055ae8b7ef",
              "url": "https://files.pythonhosted.org/packages/1f/7a/8b94bb016069caa12fc9f587b28080ac33b4fbb8ca369b98bc0a4828543e/typing_extensions-4.8.0.tar.gz"
            }
          ],
          "project_name": "typing-extensions",
          "requires_dists": [],
          "requires_python": ">=3.8",
          "version": "4.8.0"
        }
      ],
      "platform_tag": null
    }
  ],
  "path_mappings": {},
  "pex_version": "2.1.148",
  "pip_version": "23.1.2",
  "prefer_older_binary": false,
  "requirements": [
    "ruff-lsp~=0.0.41",
    "ruff~=0.1.1"
  ],
  "requires_python": [
    "==3.11.6"
  ],
  "resolver_version": "pip-2020-resolver",
  "style": "universal",
  "target_systems": [
    "linux",
    "mac"
  ],
  "transitive": true,
  "use_pep517": null
}
